github.com/aws/aws-sdk-go-v2 v1.35.0 h1:jTPxEJyzjSuuz0wB+302hr8Eu9KUI+Zv8zlujMGJpVI=
github.com/aws/aws-sdk-go-v2 v1.35.0/go.mod h1:JgstGg0JjWU1KpVJjD5H0y0yyAIpSdKEq556EI6yOOM=
github.com/aws/aws-sdk-go-v2/config v1.29.3 h1:a5Ucjxe6iV+LHEBmYA9w40rT5aGxWybx/4l/O/fvJlE=
github.com/aws/aws-sdk-go-v2/config v1.29.3/go.mod h1:pt9z1x12zDiDb4iFLrxoeAKLVCU/Gp9DL/5BnwlY77o=
github.com/aws/aws-sdk-go-v2/credentials v1.17.56 h1:JKMBreKudV+ozx6rZJLvEtiexv48aEdhdC7mXUw9MLs=
github.com/aws/aws-sdk-go-v2/credentials v1.17.56/go.mod h1:S3xRjIHD8HHFgMTz4L56q/7IldfNtGL9JjH/vP3U6DA=
github.com/aws/aws-sdk-go-v2/feature/dynamodb/attributevalue v1.17.0 h1:OljitD0YIY2qkKpHChC+CMjKywEsqDLhUlHOI2AseXQ=
github.com/aws/aws-sdk-go-v2/feature/dynamodb/attributevalue v1.17.0/go.mod h1:bcffXfieyW3VfH02hxx6MBuCU9UOBRguc4iS7mV7V9E=
github.com/aws/aws-sdk-go-v2/feature/ec2/imds v1.16.26 h1:XMBqBEuZLf8yxtH+mU/uUDyQbN4iD/xv9h6he2+lzhw=
github.com/aws/aws-sdk-go-v2/feature/ec2/imds v1.16.26/go.mod h1:d0+wQ/3CYGPuHEfBTPpQdfUX7gjk0/Lxs5Q6KzdEGY8=
github.com/aws/aws-sdk-go-v2/internal/configsources v1.3.30 h1:+7AzSGNhHoY53di13lvztf9Dyd/9ofzoYGBllkWp3a0=
github.com/aws/aws-sdk-go-v2/internal/configsources v1.3.30/go.mod h1:Jxd/FrCny99yURiQiMywgXvBhd7tmgdv6KdlUTNzMSo=
github.com/aws/aws-sdk-go-v2/internal/endpoints/v2 v2.6.30 h1:Ex06eY6I5rO7IX0HalGfa5nGjpBoOsS1Qm3xfjkuszs=
github.com/aws/aws-sdk-go-v2/internal/endpoints/v2 v2.6.30/go.mod h1:AvyEMA9QcX59kFhVizBpIBpEMThUTXssuJe+emBdcGM=
github.com/aws/aws-sdk-go-v2/internal/ini v1.8.2 h1:Pg9URiobXy85kgFev3og2CuOZ8JZUBENF+dcgWBaYNk=
github.com/aws/aws-sdk-go-v2/internal/ini v1.8.2/go.mod h1:FbtygfRFze9usAadmnGJNc8KsP346kEe+y2/oyhGAGc=
github.com/aws/aws-sdk-go-v2/service/dynamodb v1.39.7 h1:JFLdDS6ZGKoZii7O+9IBsuvCnvW2vSbseNBji8OKEo8=
github.com/aws/aws-sdk-go-v2/service/dynamodb v1.39.7/go.mod h1:8blEsG2cwaS8BK1YiWSEWFwmVav7i7EJk5swid5Vhcw=
github.com/aws/aws-sdk-go-v2/service/dynamodbstreams v1.24.17 h1:jPqYzzklr/WkOk5imqvgpm4MkGLoXs6daKsoQSQiSrg=
github.com/aws/aws-sdk-go-v2/service/dynamodbstreams v1.24.17/go.mod h1:DRtG2Ux6Ba26Q+bt/ef7gHa10ilrfqobnAAnmBIPnuk=
github.com/aws/aws-sdk-go-v2/service/internal/accept-encoding v1.12.2 h1:D4oz8/CzT9bAEYtVhSBmFj2dNOtaHOtMKc2vHBwYizA=
github.com/aws/aws-sdk-go-v2/service/internal/accept-encoding v1.12.2/go.mod h1:Za3IHqTQ+yNcRHxu1OFucBh0ACZT4j4VQFF0BqpZcLY=
github.com/aws/aws-sdk-go-v2/service/internal/endpoint-discovery v1.10.11 h1:f36sb0FYLZui8mzV6o8DxkUyvOdZfkemyCPTGDJdWhE=
github.com/aws/aws-sdk-go-v2/service/internal/endpoint-discovery v1.10.11/go.mod h1:MaBbVwqDmlH9ytOOcERyVQ+Z6nvWkEdRy0k44m3MYkE=
github.com/aws/aws-sdk-go-v2/service/internal/presigned-url v1.12.11 h1:5JKQ2J3BBW4ovy6A/5Lwx9SpA6IzgH8jB3bquGZ1NUw=
github.com/aws/aws-sdk-go-v2/service/internal/presigned-url v1.12.11/go.mod h1:VShCk7rfCzK/b9U1aSkzLwcOoaDlYna16482QqEavis=
github.com/aws/aws-sdk-go-v2/service/sso v1.24.13 h1:q4pOAKxypbFoUJzOpgo939bF50qb4DgYshiDfcsdN0M=
github.com/aws/aws-sdk-go-v2/service/sso v1.24.13/go.mod h1:G/0PTg7+vQT42ictQGjJhixzTcVZtHFvrN/OeTXrRfQ=
github.com/aws/aws-sdk-go-v2/service/ssooidc v1.28.12 h1:4sGSGshSSfO1vrcXruPick3ioSf8nhhD6nuB2ni37P4=
github.com/aws/aws-sdk-go-v2/service/ssooidc v1.28.12/go.mod h1:NHpu/pLOelViA4qxkAFH10VLqh+XeLhZfXDaFyMVgSs=
github.com/aws/aws-sdk-go-v2/service/sts v1.33.11 h1:RIXOjp7Dp4siCYJRwBHUcBdVgOWflSJGlq4ZhMI5Ta0=
github.com/aws/aws-sdk-go-v2/service/sts v1.33.11/go.mod h1:ZR17k9bPKPR8u0IkyA6xVsjr56doNQ4ZB1fs7abYBfE=
github.com/aws/smithy-go v1.22.2 h1:6D9hW43xKFrRx/tXXfAlIZc4JI+yQe6snnWcQyxSyLQ=
github.com/aws/smithy-go v1.22.2/go.mod h1:irrKGvNn1InZwb2d7fkIRNucdfwR8R+Ts3wxYa/cJHg=
github.com/davecgh/go-spew v1.1.0/go.mod h1:J7Y8YcW2NihsgmVo/mv3lAwl/skON4iLHjSsI+c5H38=
github.com/davecgh/go-spew v1.1.1 h1:vj9j/u1bqnvCEfJOwUhtlOARqs3+rkHYY13jYWTU97c=
github.com/davecgh/go-spew v1.1.1/go.mod h1:J7Y8YcW2NihsgmVo/mv3lAwl/skON4iLHjSsI+c5H38=
github.com/jmespath/go-jmespath v0.4.0 h1:BEgLn5cpjn8UN1mAw4NjwDrS35OdebyEtFe+9YPoQUg=
github.com/jmespath/go-jmespath v0.4.0/go.mod h1:T8mJZnbsbmF+m6zOOFylbeCJqk5+pHWvzYPziyZiYoo=
github.com/jmespath/go-jmespath/internal/testify v1.5.1 h1:shLQSRRSCCPj3f2gpwzGwWFoC7ycTf1rcQZHOlsJ6N8=
github.com/jmespath/go-jmespath/internal/testify v1.5.1/go.mod h1:L3OGu8Wl2/fWfCI6z80xFu9LTZmf1ZRjMHUOPmWr69U=
github.com/pmezard/go-difflib v1.0.0 h1:4DBwDE0NGyQoBHbLQYPwSUPoCMWR5BEzIk/f1lZbAQM=
github.com/pmezard/go-difflib v1.0.0/go.mod h1:iKH77koFhYxTK1pcRnkKkqfTogsbg7gZNVY4sRDYZ/4=
github.com/stretchr/objx v0.1.0/go.mod h1:HFkY916IF+rwdDfMAkV7OtwuqBVzrE8GR6GFx+wExME=
github.com/stretchr/testify v1.8.3 h1:RP3t2pwF7cMEbC1dqtB6poj3niw/9gnV4Cjg5oW5gtY=
github.com/stretchr/testify v1.8.3/go.mod h1:sz/lmYIOXD/1dqDmKjjqLyZ2RngseejIcXlSw2iwfAo=
gopkg.in/check.v1 v0.0.0-20161208181325-20d25e280405 h1:yhCVgyC4o1eVCa2tZl7eS0r+SDo693bJlVdllGtEeKM=
gopkg.in/check.v1 v0.0.0-20161208181325-20d25e280405/go.mod h1:Co6ibVJAznAaIkqp8huTwlJQCZ016jof/cbN4VW5Yz0=
gopkg.in/yaml.v2 v2.2.8 h1:obN1ZagJSUGI0Ek/LBmuj4SNLPfIny3KsKFopxRdj10=
gopkg.in/yaml.v2 v2.2.8/go.mod h1:hI93XBmqTisBFMUTm0b8Fm+jr3Dg1NNxqwp+5A1VGuI=
gopkg.in/yaml.v3 v3.0.1 h1:fxVm/GzAzEWqLHuvctI91KS9hhNmmWOoWu0XTYJS7CA=
gopkg.in/yaml.v3 v3.0.1/go.mod h1:K4uyk7z7BCEPqu6E+C64Yfv1cQ7kz7rIZviUmN+EgEM=
