# Generated by buf. DO NOT EDIT.
version: v2
deps:
  - name: buf.build/gogo/protobuf
    commit: 4df00b267f944190a229ce3695781e99
    digest: b5:f3c59023c8f0138b9262ec9755f9f090d330842d98171b559538c0db2c2aa367879527b8da893b443eb80ba36c7d4102713f9fb5233ca12682cb2a9883442c09
  - name: buf.build/googleapis/googleapis
    commit: d1263fe26f8e430a967dc22a4d0cad18
    digest: b5:8e44f92843e3866793af18ae6b1d4e78e2d537353c267a2d4d362c104e037d2d3b651c46cf19b163be8765162c777eb1abbe2c1e35a33c1f0df11a7ce42e1b85
