{
  "lockfile_version": "1",
  "packages": {
    "addlicense@1.0.0": {
      "last_modified": "2022-06-30T00:42:12Z",
      "resolved": "github:NixOS/nixpkgs/d3248619647234b5dc74a6921bcdf6dd8323eb22#addlicense",
      "version": "1.0.0"
    },
    "bash@5.2-p15": {
      "last_modified": "2023-05-01T16:53:22Z",
      "resolved": "github:NixOS/nixpkgs/8670e496ffd093b60e74e7fa53526aa5920d09eb#bash",
      "version": "5.2-p15"
    },
    "bash_5": {
      "resolved": "github:NixOS/nixpkgs/f80ac848e3d6f0c12c52758c0f25c10c97ca3b62#bash_5"
    },
    "gcc@12.2.0": {
      "last_modified": "2023-05-01T16:53:22Z",
      "resolved": "github:NixOS/nixpkgs/8670e496ffd093b60e74e7fa53526aa5920d09eb#gcc12",
      "version": "12.2.0"
    },
    "gci@0.9.1": {
      "last_modified": "2023-02-28T22:11:13Z",
      "resolved": "github:NixOS/nixpkgs/995edc972ad3a1e291ac22d74b9610821357175f#gci",
      "version": "0.9.1"
    },
    "git@2.40.1": {
      "last_modified": "2023-05-01T16:53:22Z",
      "resolved": "github:NixOS/nixpkgs/8670e496ffd093b60e74e7fa53526aa5920d09eb#git",
      "version": "2.40.1"
    },
    "go@1.20.3": {
      "last_modified": "2023-05-01T16:53:22Z",
      "resolved": "github:NixOS/nixpkgs/8670e496ffd093b60e74e7fa53526aa5920d09eb#go",
      "version": "1.20.3"
    },
    "go_1_20": {
      "resolved": "github:NixOS/nixpkgs/f80ac848e3d6f0c12c52758c0f25c10c97ca3b62#go_1_20"
    },
    "kubernetes-helm@3.11.1": {
      "last_modified": "2023-02-28T22:11:13Z",
      "resolved": "github:NixOS/nixpkgs/995edc972ad3a1e291ac22d74b9610821357175f#kubernetes-helm",
      "version": "3.11.1"
    },
    "libfido2@1.13.0": {
      "last_modified": "2023-05-01T16:53:22Z",
      "resolved": "github:NixOS/nixpkgs/8670e496ffd093b60e74e7fa53526aa5920d09eb#libfido2",
      "version": "1.13.0"
    },
    "libiconvReal@1.16": {
      "last_modified": "2023-05-01T16:53:22Z",
      "resolved": "github:NixOS/nixpkgs/8670e496ffd093b60e74e7fa53526aa5920d09eb#libiconvReal",
      "version": "1.16"
    },
    "nodejs": {
      "resolved": "github:NixOS/nixpkgs/f80ac848e3d6f0c12c52758c0f25c10c97ca3b62#nodejs"
    },
    "nodejs@16.18.1": {
      "last_modified": "2023-01-02T04:31:48Z",
      "resolved": "github:NixOS/nixpkgs/a4379d2b0deefedc8dba360897557707ea9ee9a7#nodejs-16_x",
      "version": "16.18.1"
    },
    "patchelf@0.15.0": {
      "last_modified": "2023-05-01T16:53:22Z",
      "resolved": "github:NixOS/nixpkgs/8670e496ffd093b60e74e7fa53526aa5920d09eb#patchelf",
      "version": "0.15.0"
    },
    "path:build.assets/flake": {},
    "path:build.assets/flake#helm": {},
    "protobuf3_20@3.20.3": {
      "last_modified": "2023-05-01T16:53:22Z",
      "resolved": "github:NixOS/nixpkgs/8670e496ffd093b60e74e7fa53526aa5920d09eb#protobuf3_20",
      "version": "3.20.3"
    },
    "protoc-gen-go@1.28.1": {
      "last_modified": "2023-02-28T22:11:13Z",
      "resolved": "github:NixOS/nixpkgs/995edc972ad3a1e291ac22d74b9610821357175f#protoc-gen-go",
      "version": "1.28.1"
    },
    "python@3.11.2": {
      "last_modified": "2023-03-31T22:52:29Z",
      "plugin_version": "0.0.1",
      "resolved": "github:NixOS/nixpkgs/242246ee1e58f54d2322227fc5eef53b4a616a31#python311",
      "version": "3.11.2"
    },
    "rustup": {
      "plugin_version": "0.0.1",
      "resolved": "github:NixOS/nixpkgs/f80ac848e3d6f0c12c52758c0f25c10c97ca3b62#rustup"
    },
    "shellcheck@0.9.0": {
      "last_modified": "2023-05-01T16:53:22Z",
      "resolved": "github:NixOS/nixpkgs/8670e496ffd093b60e74e7fa53526aa5920d09eb#shellcheck",
      "version": "0.9.0"
    },
    "yamllint@1.28.0": {
      "last_modified": "2023-02-28T22:11:13Z",
      "resolved": "github:NixOS/nixpkgs/995edc972ad3a1e291ac22d74b9610821357175f#yamllint",
      "version": "1.28.0"
    },
    "yarn@1.22.19": {
      "last_modified": "2023-05-01T16:53:22Z",
      "resolved": "github:NixOS/nixpkgs/8670e496ffd093b60e74e7fa53526aa5920d09eb#yarn",
      "version": "1.22.19"
    }
  }
}