{
  "version": 4,
  "terraform_version": "1.5.7",
  "serial": 605,
  "lineage": "bf4a431f-8a92-755a-94b6-97e384863068",
  "outputs": {
    "access_monitoring_chart_configuration": {
      "value": "aws:\n  accessMonitoring:\n    enabled: true\n    reportResults: s3://marek-test-1-long-term-bucket/report_results\n    roleARN: arn:aws:iam::278576220453:role/marek-test-1AccessMonitoringRole\n    workgroup: marek-test-1access_monitoring_workgroup\n",
      "type": "string"
    },
    "access_monitoring_configuration": {
      "value": "access_monitoring:\n  enabled: true\n  report_results: s3://marek-test-1-long-term-bucket/report_results\n  role_arn: arn:aws:iam::278576220453:role/marek-test-1AccessMonitoringRole\n  workgroup: marek-test-1access_monitoring_workgroup\n",
      "type": "string"
    },
    "athena_url": {
      "value": "athena://marek_test_1_db.marek_test_1_table?topicArn=arn:aws:sns:eu-central-1:278576220453:marek-test-1-sns_topic\u0026largeEventsS3=s3://marek-test-1-transient-bucket/large_payloads\u0026locationS3=s3://marek-test-1-long-term-bucket/events\u0026workgroup=example_workgroup\u0026queueURL=https://sqs.eu-central-1.amazonaws.com/278576220453/marek-test-1-sns_queue\u0026queryResultsS3=s3://marek-test-1-transient-bucket/query_results\u0026limiterBurst=20\u0026limiterRefillAmount=5\u0026limiterRefillTime=1m",
      "type": "string"
    }
  },
  "resources": [
    {
      "mode": "data",
      "type": "aws_caller_identity",
      "name": "current",
      "provider": "provider[\"registry.terraform.io/hashicorp/aws\"]",
      "instances": [
        {
          "schema_version": 0,
          "attributes": {
            "account_id": "278576220453",
            "arn": "arn:aws:sts::278576220453:assumed-role/AWSReservedSSO_AWSAdministratorAccess_7d88d11844732196/marek@goteleport.com",
            "id": "278576220453",
            "user_id": "AROAUBXDPZESQKZOJGKZX:marek@goteleport.com"
          },
          "sensitive_attributes": []
        }
      ]
    },
    {
      "mode": "data",
      "type": "aws_iam_policy_document",
      "name": "access_monitoring_policy",
      "provider": "provider[\"registry.terraform.io/hashicorp/aws\"]",
      "instances": [
        {
          "index_key": 0,
          "schema_version": 0,
          "attributes": {
            "id": "1107637011",
            "json": "{\n  \"Version\": \"2012-10-17\",\n  \"Statement\": [\n    {\n      \"Effect\": \"Allow\",\n      \"Action\": [\n        \"s3:ListBucketVersions\",\n        \"s3:ListBucketMultipartUploads\",\n        \"s3:ListBucket\",\n        \"s3:GetBucketLocation\"\n      ],\n      \"Resource\": [\n        \"arn:aws:s3:::marek-test-1-transient-bucket\",\n        \"arn:aws:s3:::marek-test-1-long-term-bucket\"\n      ]\n    },\n    {\n      \"Effect\": \"Allow\",\n      \"Action\": [\n        \"s3:PutObject\",\n        \"s3:GetObjectVersion\",\n        \"s3:GetObject\"\n      ],\n      \"Resource\": [\n        \"arn:aws:s3:::marek-test-1-transient-bucket/results/*\",\n        \"arn:aws:s3:::marek-test-1-long-term-bucket/report_results/*\"\n      ]\n    },\n    {\n      \"Effect\": \"Allow\",\n      \"Action\": [\n        \"s3:ListMultipartUploadParts\",\n        \"s3:GetObjectVersion\",\n        \"s3:GetObject\",\n        \"s3:AbortMultipartUpload\"\n      ],\n      \"Resource\": [\n        \"arn:aws:s3:::marek-test-1-transient-bucket/results/*\",\n        \"arn:aws:s3:::marek-test-1-long-term-bucket/report_results/*\",\n        \"arn:aws:s3:::marek-test-1-long-term-bucket/events/*\"\n      ]\n    },\n    {\n      \"Effect\": \"Allow\",\n      \"Action\": [\n        \"glue:GetTable\",\n        \"athena:StartQueryExecution\",\n        \"athena:GetQueryResults\",\n        \"athena:GetQueryExecution\"\n      ],\n      \"Resource\": [\n        \"arn:aws:glue:eu-central-1:278576220453:table/marek_test_1_db/marek_test_1_table\",\n        \"arn:aws:glue:eu-central-1:278576220453:database/marek_test_1_db\",\n        \"arn:aws:glue:eu-central-1:278576220453:catalog\",\n        \"arn:aws:athena:eu-central-1:278576220453:workgroup/marek-test-1access_monitoring_workgroup\"\n      ]\n    },\n    {\n      \"Effect\": \"Allow\",\n      \"Action\": [\n        \"kms:GenerateDataKey\",\n        \"kms:Decrypt\"\n      ],\n      \"Resource\": \"arn:aws:kms:eu-central-1:278576220453:key/02d2b133-6405-451d-9207-b742050ea64c\"\n    }\n  ]\n}",
            "minified_json": "{\"Version\":\"2012-10-17\",\"Statement\":[{\"Effect\":\"Allow\",\"Action\":[\"s3:ListBucketVersions\",\"s3:ListBucketMultipartUploads\",\"s3:ListBucket\",\"s3:GetBucketLocation\"],\"Resource\":[\"arn:aws:s3:::marek-test-1-transient-bucket\",\"arn:aws:s3:::marek-test-1-long-term-bucket\"]},{\"Effect\":\"Allow\",\"Action\":[\"s3:PutObject\",\"s3:GetObjectVersion\",\"s3:GetObject\"],\"Resource\":[\"arn:aws:s3:::marek-test-1-transient-bucket/results/*\",\"arn:aws:s3:::marek-test-1-long-term-bucket/report_results/*\"]},{\"Effect\":\"Allow\",\"Action\":[\"s3:ListMultipartUploadParts\",\"s3:GetObjectVersion\",\"s3:GetObject\",\"s3:AbortMultipartUpload\"],\"Resource\":[\"arn:aws:s3:::marek-test-1-transient-bucket/results/*\",\"arn:aws:s3:::marek-test-1-long-term-bucket/report_results/*\",\"arn:aws:s3:::marek-test-1-long-term-bucket/events/*\"]},{\"Effect\":\"Allow\",\"Action\":[\"glue:GetTable\",\"athena:StartQueryExecution\",\"athena:GetQueryResults\",\"athena:GetQueryExecution\"],\"Resource\":[\"arn:aws:glue:eu-central-1:278576220453:table/marek_test_1_db/marek_test_1_table\",\"arn:aws:glue:eu-central-1:278576220453:database/marek_test_1_db\",\"arn:aws:glue:eu-central-1:278576220453:catalog\",\"arn:aws:athena:eu-central-1:278576220453:workgroup/marek-test-1access_monitoring_workgroup\"]},{\"Effect\":\"Allow\",\"Action\":[\"kms:GenerateDataKey\",\"kms:Decrypt\"],\"Resource\":\"arn:aws:kms:eu-central-1:278576220453:key/02d2b133-6405-451d-9207-b742050ea64c\"}]}",
            "override_json": null,
            "override_policy_documents": null,
            "policy_id": null,
            "source_json": null,
            "source_policy_documents": null,
            "statement": [
              {
                "actions": [
                  "s3:GetBucketLocation",
                  "s3:ListBucket",
                  "s3:ListBucketMultipartUploads",
                  "s3:ListBucketVersions"
                ],
                "condition": [],
                "effect": "Allow",
                "not_actions": [],
                "not_principals": [],
                "not_resources": [],
                "principals": [],
                "resources": [
                  "arn:aws:s3:::marek-test-1-long-term-bucket",
                  "arn:aws:s3:::marek-test-1-transient-bucket"
                ],
                "sid": ""
              },
              {
                "actions": [
                  "s3:GetObject",
                  "s3:GetObjectVersion",
                  "s3:PutObject"
                ],
                "condition": [],
                "effect": "Allow",
                "not_actions": [],
                "not_principals": [],
                "not_resources": [],
                "principals": [],
                "resources": [
                  "arn:aws:s3:::marek-test-1-long-term-bucket/report_results/*",
                  "arn:aws:s3:::marek-test-1-transient-bucket/results/*"
                ],
                "sid": ""
              },
              {
                "actions": [
                  "s3:AbortMultipartUpload",
                  "s3:GetObject",
                  "s3:GetObjectVersion",
                  "s3:ListMultipartUploadParts"
                ],
                "condition": [],
                "effect": "Allow",
                "not_actions": [],
                "not_principals": [],
                "not_resources": [],
                "principals": [],
                "resources": [
                  "arn:aws:s3:::marek-test-1-long-term-bucket/events/*",
                  "arn:aws:s3:::marek-test-1-long-term-bucket/report_results/*",
                  "arn:aws:s3:::marek-test-1-transient-bucket/results/*"
                ],
                "sid": ""
              },
              {
                "actions": [
                  "athena:GetQueryExecution",
                  "athena:GetQueryResults",
                  "athena:StartQueryExecution",
                  "glue:GetTable"
                ],
                "condition": [],
                "effect": "Allow",
                "not_actions": [],
                "not_principals": [],
                "not_resources": [],
                "principals": [],
                "resources": [
                  "arn:aws:athena:eu-central-1:278576220453:workgroup/marek-test-1access_monitoring_workgroup",
                  "arn:aws:glue:eu-central-1:278576220453:catalog",
                  "arn:aws:glue:eu-central-1:278576220453:database/marek_test_1_db",
                  "arn:aws:glue:eu-central-1:278576220453:table/marek_test_1_db/marek_test_1_table"
                ],
                "sid": ""
              },
              {
                "actions": [
                  "kms:Decrypt",
                  "kms:GenerateDataKey"
                ],
                "condition": [],
                "effect": "Allow",
                "not_actions": [],
                "not_principals": [],
                "not_resources": [],
                "principals": [],
                "resources": [
                  "arn:aws:kms:eu-central-1:278576220453:key/02d2b133-6405-451d-9207-b742050ea64c"
                ],
                "sid": ""
              }
            ],
            "version": "2012-10-17"
          },
          "sensitive_attributes": []
        }
      ]
    },
    {
      "mode": "data",
      "type": "aws_iam_policy_document",
      "name": "audit_policy",
      "provider": "provider[\"registry.terraform.io/hashicorp/aws\"]",
      "instances": [
        {
          "schema_version": 0,
          "attributes": {
            "id": "3372199598",
            "json": "{\n  \"Version\": \"2012-10-17\",\n  \"Statement\": [\n    {\n      \"Effect\": \"Allow\",\n      \"Action\": \"SQS:SendMessage\",\n      \"Resource\": \"arn:aws:sqs:eu-central-1:278576220453:marek-test-1-sns_queue\",\n      \"Principal\": {\n        \"Service\": \"sns.amazonaws.com\"\n      },\n      \"Condition\": {\n        \"ArnEquals\": {\n          \"aws:SourceArn\": \"arn:aws:sns:eu-central-1:278576220453:marek-test-1-sns_topic\"\n        }\n      }\n    }\n  ]\n}",
            "minified_json": "{\"Version\":\"2012-10-17\",\"Statement\":[{\"Effect\":\"Allow\",\"Action\":\"SQS:SendMessage\",\"Resource\":\"arn:aws:sqs:eu-central-1:278576220453:marek-test-1-sns_queue\",\"Principal\":{\"Service\":\"sns.amazonaws.com\"},\"Condition\":{\"ArnEquals\":{\"aws:SourceArn\":\"arn:aws:sns:eu-central-1:278576220453:marek-test-1-sns_topic\"}}}]}",
            "override_json": null,
            "override_policy_documents": null,
            "policy_id": null,
            "source_json": null,
            "source_policy_documents": null,
            "statement": [
              {
                "actions": [
                  "SQS:SendMessage"
                ],
                "condition": [
                  {
                    "test": "ArnEquals",
                    "values": [
                      "arn:aws:sns:eu-central-1:278576220453:marek-test-1-sns_topic"
                    ],
                    "variable": "aws:SourceArn"
                  }
                ],
                "effect": "Allow",
                "not_actions": [],
                "not_principals": [],
                "not_resources": [],
                "principals": [
                  {
                    "identifiers": [
                      "sns.amazonaws.com"
                    ],
                    "type": "Service"
                  }
                ],
                "resources": [
                  "arn:aws:sqs:eu-central-1:278576220453:marek-test-1-sns_queue"
                ],
                "sid": ""
              }
            ],
            "version": "2012-10-17"
          },
          "sensitive_attributes": []
        }
      ]
    },
    {
      "mode": "data",
      "type": "aws_region",
      "name": "current",
      "provider": "provider[\"registry.terraform.io/hashicorp/aws\"]",
      "instances": [
        {
          "schema_version": 0,
          "attributes": {
            "description": "Europe (Frankfurt)",
            "endpoint": "ec2.eu-central-1.amazonaws.com",
            "id": "eu-central-1",
            "name": "eu-central-1"
          },
          "sensitive_attributes": []
        }
      ]
    },
    {
      "mode": "managed",
      "type": "aws_athena_workgroup",
      "name": "access_monitoring_workgroup",
      "provider": "provider[\"registry.terraform.io/hashicorp/aws\"]",
      "instances": [
        {
          "index_key": 0,
          "schema_version": 0,
          "attributes": {
            "arn": "arn:aws:athena:eu-central-1:278576220453:workgroup/marek-test-1access_monitoring_workgroup",
            "configuration": [
              {
                "bytes_scanned_cutoff_per_query": 322122547200,
                "enforce_workgroup_configuration": true,
                "engine_version": [
                  {
                    "effective_engine_version": "Athena engine version 3",
                    "selected_engine_version": "Athena engine version 3"
                  }
                ],
                "execution_role": "",
                "publish_cloudwatch_metrics_enabled": true,
                "requester_pays_enabled": false,
                "result_configuration": [
                  {
                    "acl_configuration": [],
                    "encryption_configuration": [
                      {
                        "encryption_option": "SSE_KMS",
                        "kms_key_arn": "arn:aws:kms:eu-central-1:278576220453:key/02d2b133-6405-451d-9207-b742050ea64c"
                      }
                    ],
                    "expected_bucket_owner": "",
                    "output_location": "s3://marek-test-1-transient-bucket/results"
                  }
                ]
              }
            ],
            "description": "",
            "force_destroy": true,
            "id": "marek-test-1access_monitoring_workgroup",
            "name": "marek-test-1access_monitoring_workgroup",
            "state": "ENABLED",
            "tags": {
              "Name": "marek-test-1access_monitoring_workgroup"
            },
            "tags_all": {
              "Name": "marek-test-1access_monitoring_workgroup"
            }
          },
          "sensitive_attributes": [],
          "private": "bnVsbA==",
          "dependencies": [
            "aws_kms_key.audit_key",
            "aws_s3_bucket.transient_storage"
          ]
        }
      ]
    },
    {
      "mode": "managed",
      "type": "aws_athena_workgroup",
      "name": "workgroup",
      "provider": "provider[\"registry.terraform.io/hashicorp/aws\"]",
      "instances": [
        {
          "schema_version": 0,
          "attributes": {
            "arn": "arn:aws:athena:eu-central-1:278576220453:workgroup/example_workgroup",
            "configuration": [
              {
                "bytes_scanned_cutoff_per_query": 1073741824,
                "enforce_workgroup_configuration": true,
                "engine_version": [
                  {
                    "effective_engine_version": "Athena engine version 3",
                    "selected_engine_version": "Athena engine version 3"
                  }
                ],
                "execution_role": "",
                "publish_cloudwatch_metrics_enabled": true,
                "requester_pays_enabled": false,
                "result_configuration": [
                  {
                    "acl_configuration": [],
                    "encryption_configuration": [
                      {
                        "encryption_option": "SSE_KMS",
                        "kms_key_arn": "arn:aws:kms:eu-central-1:278576220453:key/02d2b133-6405-451d-9207-b742050ea64c"
                      }
                    ],
                    "expected_bucket_owner": "",
                    "output_location": "s3://marek-test-1-transient-bucket/results"
                  }
                ]
              }
            ],
            "description": "",
            "force_destroy": true,
            "id": "example_workgroup",
            "name": "example_workgroup",
            "state": "ENABLED",
            "tags": null,
            "tags_all": {}
          },
          "sensitive_attributes": [],
          "private": "bnVsbA==",
          "dependencies": [
            "aws_kms_key.audit_key",
            "aws_s3_bucket.transient_storage"
          ]
        }
      ]
    },
    {
      "mode": "managed",
      "type": "aws_glue_catalog_database",
      "name": "audit_db",
      "provider": "provider[\"registry.terraform.io/hashicorp/aws\"]",
      "instances": [
        {
          "schema_version": 0,
          "attributes": {
            "arn": "arn:aws:glue:eu-central-1:278576220453:database/marek_test_1_db",
            "catalog_id": "278576220453",
            "create_table_default_permission": [
              {
                "permissions": [
                  "ALL"
                ],
                "principal": [
                  {
                    "data_lake_principal_identifier": "IAM_ALLOWED_PRINCIPALS"
                  }
                ]
              }
            ],
            "description": "",
            "federated_database": [],
            "id": "278576220453:marek_test_1_db",
            "location_uri": "",
            "name": "marek_test_1_db",
            "parameters": null,
            "tags": null,
            "tags_all": {},
            "target_database": []
          },
          "sensitive_attributes": [],
          "private": "bnVsbA=="
        }
      ]
    },
    {
      "mode": "managed",
      "type": "aws_glue_catalog_table",
      "name": "audit_table",
      "provider": "provider[\"registry.terraform.io/hashicorp/aws\"]",
      "instances": [
        {
          "schema_version": 0,
          "attributes": {
            "arn": "arn:aws:glue:eu-central-1:278576220453:table/marek_test_1_db/marek_test_1_table",
            "catalog_id": "278576220453",
            "database_name": "marek_test_1_db",
            "description": "",
            "id": "278576220453:marek_test_1_db:marek_test_1_table",
            "name": "marek_test_1_table",
            "open_table_format_input": [],
            "owner": "",
            "parameters": {
              "EXTERNAL": "TRUE",
              "classification": "parquet",
              "parquet.compression": "SNAPPY",
              "projection.enabled": "true",
              "projection.event_date.format": "yyyy-MM-dd",
              "projection.event_date.interval": "1",
              "projection.event_date.interval.unit": "DAYS",
              "projection.event_date.range": "NOW-4YEARS,NOW",
              "projection.event_date.type": "date",
              "storage.location.template": "s3://marek-test-1-long-term-bucket/events/${event_date}/"
            },
            "partition_index": null,
            "partition_keys": [
              {
                "comment": "",
                "name": "event_date",
                "type": "date"
              }
            ],
            "retention": 0,
            "storage_descriptor": [
              {
                "additional_locations": null,
                "bucket_columns": null,
                "columns": [
                  {
                    "comment": "",
                    "name": "uid",
                    "parameters": null,
                    "type": "string"
                  },
                  {
                    "comment": "",
                    "name": "session_id",
                    "parameters": null,
                    "type": "string"
                  },
                  {
                    "comment": "",
                    "name": "event_type",
                    "parameters": null,
                    "type": "string"
                  },
                  {
                    "comment": "",
                    "name": "event_time",
                    "parameters": null,
                    "type": "timestamp"
                  },
                  {
                    "comment": "",
                    "name": "event_data",
                    "parameters": null,
                    "type": "string"
                  },
                  {
                    "comment": "",
                    "name": "user",
                    "parameters": null,
                    "type": "string"
                  }
                ],
                "compressed": false,
                "input_format": "org.apache.hadoop.hive.ql.io.parquet.MapredParquetInputFormat",
                "location": "s3://marek-test-1-long-term-bucket",
                "number_of_buckets": 0,
                "output_format": "org.apache.hadoop.hive.ql.io.parquet.MapredParquetOutputFormat",
                "parameters": null,
                "schema_reference": [],
                "ser_de_info": [
                  {
                    "name": "example",
                    "parameters": {
                      "serialization.format": "1"
                    },
                    "serialization_library": "org.apache.hadoop.hive.ql.io.parquet.serde.ParquetHiveSerDe"
                  }
                ],
                "skewed_info": [],
                "sort_columns": [],
                "stored_as_sub_directories": false
              }
            ],
            "table_type": "EXTERNAL_TABLE",
            "target_table": [],
            "view_expanded_text": "",
            "view_original_text": ""
          },
          "sensitive_attributes": [],
          "private": "bnVsbA==",
          "dependencies": [
            "aws_glue_catalog_database.audit_db",
            "aws_s3_bucket.long_term_storage"
          ]
        }
      ]
    },
    {
      "mode": "managed",
      "type": "aws_iam_policy",
      "name": "access_monitoring_policy",
      "provider": "provider[\"registry.terraform.io/hashicorp/aws\"]",
      "instances": [
        {
          "index_key": 0,
          "schema_version": 0,
          "attributes": {
            "arn": "arn:aws:iam::278576220453:policy/marek-test-1AccessMonitoringPolicy",
            "attachment_count": 0,
            "description": "",
            "id": "arn:aws:iam::278576220453:policy/marek-test-1AccessMonitoringPolicy",
            "name": "marek-test-1AccessMonitoringPolicy",
            "name_prefix": "",
            "path": "/",
            "policy": "{\"Statement\":[{\"Action\":[\"s3:ListBucketVersions\",\"s3:ListBucketMultipartUploads\",\"s3:ListBucket\",\"s3:GetBucketLocation\"],\"Effect\":\"Allow\",\"Resource\":[\"arn:aws:s3:::marek-test-1-transient-bucket\",\"arn:aws:s3:::marek-test-1-long-term-bucket\"]},{\"Action\":[\"s3:PutObject\",\"s3:GetObjectVersion\",\"s3:GetObject\"],\"Effect\":\"Allow\",\"Resource\":[\"arn:aws:s3:::marek-test-1-transient-bucket/results/*\",\"arn:aws:s3:::marek-test-1-long-term-bucket/report_results/*\"]},{\"Action\":[\"s3:ListMultipartUploadParts\",\"s3:GetObjectVersion\",\"s3:GetObject\",\"s3:AbortMultipartUpload\"],\"Effect\":\"Allow\",\"Resource\":[\"arn:aws:s3:::marek-test-1-transient-bucket/results/*\",\"arn:aws:s3:::marek-test-1-long-term-bucket/report_results/*\",\"arn:aws:s3:::marek-test-1-long-term-bucket/events/*\"]},{\"Action\":[\"glue:GetTable\",\"athena:StartQueryExecution\",\"athena:GetQueryResults\",\"athena:GetQueryExecution\"],\"Effect\":\"Allow\",\"Resource\":[\"arn:aws:glue:eu-central-1:278576220453:table/marek_test_1_db/marek_test_1_table\",\"arn:aws:glue:eu-central-1:278576220453:database/marek_test_1_db\",\"arn:aws:glue:eu-central-1:278576220453:catalog\",\"arn:aws:athena:eu-central-1:278576220453:workgroup/marek-test-1access_monitoring_workgroup\"]},{\"Action\":[\"kms:GenerateDataKey\",\"kms:Decrypt\"],\"Effect\":\"Allow\",\"Resource\":\"arn:aws:kms:eu-central-1:278576220453:key/02d2b133-6405-451d-9207-b742050ea64c\"}],\"Version\":\"2012-10-17\"}",
            "policy_id": "ANPAUBXDPZESUCYMASNAE",
            "tags": null,
            "tags_all": {}
          },
          "sensitive_attributes": [],
          "private": "bnVsbA==",
          "dependencies": [
            "aws_athena_workgroup.access_monitoring_workgroup",
            "aws_glue_catalog_database.audit_db",
            "aws_glue_catalog_table.audit_table",
            "aws_kms_key.audit_key",
            "aws_s3_bucket.long_term_storage",
            "aws_s3_bucket.transient_storage",
            "data.aws_caller_identity.current",
            "data.aws_iam_policy_document.access_monitoring_policy",
            "data.aws_region.current"
          ]
        }
      ]
    },
    {
      "mode": "managed",
      "type": "aws_iam_role",
      "name": "access_monitoring_role",
      "provider": "provider[\"registry.terraform.io/hashicorp/aws\"]",
      "instances": [
        {
          "index_key": 0,
          "schema_version": 0,
          "attributes": {
            "arn": "arn:aws:iam::278576220453:role/marek-test-1AccessMonitoringRole",
            "assume_role_policy": "{\"Statement\":[{\"Action\":[\"sts:AssumeRole\",\"sts:TagSession\"],\"Effect\":\"Allow\",\"Principal\":{\"AWS\":[\"arn:aws:sts::278576220453:assumed-role/AWSReservedSSO_AWSAdministratorAccess_7d88d11844732196/marek@goteleport.com\"]},\"Sid\":\"IamPrincipal\"}],\"Version\":\"2012-10-17\"}",
            "create_date": "2024-08-14T09:13:06Z",
            "description": "",
            "force_detach_policies": false,
            "id": "marek-test-1AccessMonitoringRole",
            "inline_policy": [],
            "managed_policy_arns": [],
            "max_session_duration": 3600,
            "name": "marek-test-1AccessMonitoringRole",
            "name_prefix": "",
            "path": "/",
            "permissions_boundary": "",
            "tags": null,
            "tags_all": {},
            "unique_id": "AROAUBXDPZESXQQNL3C2S"
          },
          "sensitive_attributes": [],
          "private": "bnVsbA==",
          "dependencies": [
            "data.aws_caller_identity.current"
          ]
        }
      ]
    },
    {
      "mode": "managed",
      "type": "aws_iam_role_policy_attachment",
      "name": "role_policy_attachment",
      "provider": "provider[\"registry.terraform.io/hashicorp/aws\"]",
      "instances": [
        {
          "index_key": 0,
          "schema_version": 0,
          "attributes": {
            "id": "marek-test-1AccessMonitoringRole-20240814091311664400000001",
            "policy_arn": "arn:aws:iam::278576220453:policy/marek-test-1AccessMonitoringPolicy",
            "role": "marek-test-1AccessMonitoringRole"
          },
          "sensitive_attributes": [],
          "private": "bnVsbA==",
          "dependencies": [
            "aws_athena_workgroup.access_monitoring_workgroup",
            "aws_glue_catalog_database.audit_db",
            "aws_glue_catalog_table.audit_table",
            "aws_iam_policy.access_monitoring_policy",
            "aws_iam_role.access_monitoring_role",
            "aws_kms_key.audit_key",
            "aws_s3_bucket.long_term_storage",
            "aws_s3_bucket.transient_storage",
            "data.aws_caller_identity.current",
            "data.aws_iam_policy_document.access_monitoring_policy",
            "data.aws_region.current"
          ]
        }
      ]
    },
    {
      "mode": "managed",
      "type": "aws_kms_alias",
      "name": "audit_key_alias",
      "provider": "provider[\"registry.terraform.io/hashicorp/aws\"]",
      "instances": [
        {
          "schema_version": 0,
          "attributes": {
            "arn": "arn:aws:kms:eu-central-1:278576220453:alias/marek-test-1-kms_key",
            "id": "alias/marek-test-1-kms_key",
            "name": "alias/marek-test-1-kms_key",
            "name_prefix": "",
            "target_key_arn": "arn:aws:kms:eu-central-1:278576220453:key/02d2b133-6405-451d-9207-b742050ea64c",
            "target_key_id": "02d2b133-6405-451d-9207-b742050ea64c"
          },
          "sensitive_attributes": [],
          "private": "bnVsbA==",
          "dependencies": [
            "aws_kms_key.audit_key"
          ]
        }
      ]
    },
    {
      "mode": "managed",
      "type": "aws_kms_key",
      "name": "audit_key",
      "provider": "provider[\"registry.terraform.io/hashicorp/aws\"]",
      "instances": [
        {
          "schema_version": 0,
          "attributes": {
            "arn": "arn:aws:kms:eu-central-1:278576220453:key/02d2b133-6405-451d-9207-b742050ea64c",
            "bypass_policy_lockout_safety_check": false,
            "custom_key_store_id": "",
            "customer_master_key_spec": "SYMMETRIC_DEFAULT",
            "deletion_window_in_days": null,
            "description": "KMS key for Athena audit log",
            "enable_key_rotation": true,
            "id": "02d2b133-6405-451d-9207-b742050ea64c",
            "is_enabled": true,
            "key_id": "02d2b133-6405-451d-9207-b742050ea64c",
            "key_usage": "ENCRYPT_DECRYPT",
            "multi_region": false,
            "policy": "{\"Id\":\"key-default-1\",\"Statement\":[{\"Action\":\"kms:*\",\"Effect\":\"Allow\",\"Principal\":{\"AWS\":\"arn:aws:iam::278576220453:root\"},\"Resource\":\"*\",\"Sid\":\"Enable IAM User Permissions\"}],\"Version\":\"2012-10-17\"}",
            "rotation_period_in_days": 365,
            "tags": null,
            "tags_all": {},
            "timeouts": null,
            "xks_key_id": ""
          },
          "sensitive_attributes": [],
          "private": "eyJlMmJmYjczMC1lY2FhLTExZTYtOGY4OC0zNDM2M2JjN2M0YzAiOnsiY3JlYXRlIjoxMjAwMDAwMDAwMDB9fQ=="
        }
      ]
    },
    {
      "mode": "managed",
      "type": "aws_kms_key_policy",
      "name": "audit_key_policy",
      "provider": "provider[\"registry.terraform.io/hashicorp/aws\"]",
      "instances": [
        {
          "schema_version": 0,
          "attributes": {
            "bypass_policy_lockout_safety_check": false,
            "id": "02d2b133-6405-451d-9207-b742050ea64c",
            "key_id": "02d2b133-6405-451d-9207-b742050ea64c",
            "policy": "{\"Statement\":[{\"Action\":[\"kms:*\"],\"Effect\":\"Allow\",\"Principal\":{\"AWS\":\"278576220453\"},\"Resource\":\"*\",\"Sid\":\"Default Policy\"},{\"Action\":[\"kms:GenerateDataKey\",\"kms:Decrypt\"],\"Condition\":{\"ArnLike\":{\"aws:SourceArn\":\"arn:aws:sns:eu-central-1:278576220453:marek-test-1-sns_topic\"},\"StringEquals\":{\"aws:SourceAccount\":\"278576220453\"}},\"Effect\":\"Allow\",\"Principal\":{\"Service\":\"sns.amazonaws.com\"},\"Resource\":\"*\",\"Sid\":\"SnsUsage\"}],\"Version\":\"2012-10-17\"}"
          },
          "sensitive_attributes": [],
          "private": "bnVsbA==",
          "dependencies": [
            "aws_kms_key.audit_key",
            "aws_sns_topic.audit_topic",
            "data.aws_caller_identity.current"
          ]
        }
      ]
    },
    {
      "mode": "managed",
      "type": "aws_s3_bucket",
      "name": "long_term_storage",
      "provider": "provider[\"registry.terraform.io/hashicorp/aws\"]",
      "instances": [
        {
          "schema_version": 0,
          "attributes": {
            "acceleration_status": "",
            "acl": null,
            "arn": "arn:aws:s3:::marek-test-1-long-term-bucket",
            "bucket": "marek-test-1-long-term-bucket",
            "bucket_domain_name": "marek-test-1-long-term-bucket.s3.amazonaws.com",
            "bucket_prefix": "",
            "bucket_regional_domain_name": "marek-test-1-long-term-bucket.s3.eu-central-1.amazonaws.com",
            "cors_rule": [],
            "force_destroy": true,
            "grant": [
              {
                "id": "9f4c2b03496cfd815dd9cd14ca6403167e9ca150aa8803b21cb9fa2c58eb3e03",
                "permissions": [
                  "FULL_CONTROL"
                ],
                "type": "CanonicalUser",
                "uri": ""
              }
            ],
            "hosted_zone_id": "Z21DNDUVLTQW6Q",
            "id": "marek-test-1-long-term-bucket",
            "lifecycle_rule": [],
            "logging": [],
            "object_lock_configuration": [],
            "object_lock_enabled": false,
            "policy": "",
            "region": "eu-central-1",
            "replication_configuration": [],
            "request_payer": "BucketOwner",
            "server_side_encryption_configuration": [
              {
                "rule": [
                  {
                    "apply_server_side_encryption_by_default": [
                      {
                        "kms_master_key_id": "",
                        "sse_algorithm": "AES256"
                      }
                    ],
                    "bucket_key_enabled": false
                  }
                ]
              }
            ],
            "tags": null,
            "tags_all": {},
            "timeouts": null,
            "versioning": [
              {
                "enabled": false,
                "mfa_delete": false
              }
            ],
            "website": [],
            "website_domain": null,
            "website_endpoint": null
          },
          "sensitive_attributes": [],
          "private": "eyJlMmJmYjczMC1lY2FhLTExZTYtOGY4OC0zNDM2M2JjN2M0YzAiOnsiY3JlYXRlIjoxMjAwMDAwMDAwMDAwLCJkZWxldGUiOjM2MDAwMDAwMDAwMDAsInJlYWQiOjEyMDAwMDAwMDAwMDAsInVwZGF0ZSI6MTIwMDAwMDAwMDAwMH19"
        }
      ]
    },
    {
      "mode": "managed",
      "type": "aws_s3_bucket",
      "name": "transient_storage",
      "provider": "provider[\"registry.terraform.io/hashicorp/aws\"]",
      "instances": [
        {
          "schema_version": 0,
          "attributes": {
            "acceleration_status": "",
            "acl": null,
            "arn": "arn:aws:s3:::marek-test-1-transient-bucket",
            "bucket": "marek-test-1-transient-bucket",
            "bucket_domain_name": "marek-test-1-transient-bucket.s3.amazonaws.com",
            "bucket_prefix": "",
            "bucket_regional_domain_name": "marek-test-1-transient-bucket.s3.eu-central-1.amazonaws.com",
            "cors_rule": [],
            "force_destroy": true,
            "grant": [
              {
                "id": "9f4c2b03496cfd815dd9cd14ca6403167e9ca150aa8803b21cb9fa2c58eb3e03",
                "permissions": [
                  "FULL_CONTROL"
                ],
                "type": "CanonicalUser",
                "uri": ""
              }
            ],
            "hosted_zone_id": "Z21DNDUVLTQW6Q",
            "id": "marek-test-1-transient-bucket",
            "lifecycle_rule": [],
            "logging": [],
            "object_lock_configuration": [],
            "object_lock_enabled": false,
            "policy": "",
            "region": "eu-central-1",
            "replication_configuration": [],
            "request_payer": "BucketOwner",
            "server_side_encryption_configuration": [
              {
                "rule": [
                  {
                    "apply_server_side_encryption_by_default": [
                      {
                        "kms_master_key_id": "",
                        "sse_algorithm": "AES256"
                      }
                    ],
                    "bucket_key_enabled": false
                  }
                ]
              }
            ],
            "tags": null,
            "tags_all": {},
            "timeouts": null,
            "versioning": [
              {
                "enabled": false,
                "mfa_delete": false
              }
            ],
            "website": [],
            "website_domain": null,
            "website_endpoint": null
          },
          "sensitive_attributes": [],
          "private": "eyJlMmJmYjczMC1lY2FhLTExZTYtOGY4OC0zNDM2M2JjN2M0YzAiOnsiY3JlYXRlIjoxMjAwMDAwMDAwMDAwLCJkZWxldGUiOjM2MDAwMDAwMDAwMDAsInJlYWQiOjEyMDAwMDAwMDAwMDAsInVwZGF0ZSI6MTIwMDAwMDAwMDAwMH19"
        }
      ]
    },
    {
      "mode": "managed",
      "type": "aws_s3_bucket_ownership_controls",
      "name": "long_term_storage",
      "provider": "provider[\"registry.terraform.io/hashicorp/aws\"]",
      "instances": [
        {
          "schema_version": 0,
          "attributes": {
            "bucket": "marek-test-1-long-term-bucket",
            "id": "marek-test-1-long-term-bucket",
            "rule": [
              {
                "object_ownership": "BucketOwnerEnforced"
              }
            ]
          },
          "sensitive_attributes": [],
          "private": "bnVsbA==",
          "dependencies": [
            "aws_s3_bucket.long_term_storage"
          ]
        }
      ]
    },
    {
      "mode": "managed",
      "type": "aws_s3_bucket_ownership_controls",
      "name": "transient_storage",
      "provider": "provider[\"registry.terraform.io/hashicorp/aws\"]",
      "instances": [
        {
          "schema_version": 0,
          "attributes": {
            "bucket": "marek-test-1-transient-bucket",
            "id": "marek-test-1-transient-bucket",
            "rule": [
              {
                "object_ownership": "BucketOwnerEnforced"
              }
            ]
          },
          "sensitive_attributes": [],
          "private": "bnVsbA==",
          "dependencies": [
            "aws_s3_bucket.transient_storage"
          ]
        }
      ]
    },
    {
      "mode": "managed",
      "type": "aws_s3_bucket_public_access_block",
      "name": "long_term_storage",
      "provider": "provider[\"registry.terraform.io/hashicorp/aws\"]",
      "instances": [
        {
          "schema_version": 0,
          "attributes": {
            "block_public_acls": true,
            "block_public_policy": true,
            "bucket": "marek-test-1-long-term-bucket",
            "id": "marek-test-1-long-term-bucket",
            "ignore_public_acls": true,
            "restrict_public_buckets": true
          },
          "sensitive_attributes": [],
          "private": "bnVsbA==",
          "dependencies": [
            "aws_s3_bucket.long_term_storage"
          ]
        }
      ]
    },
    {
      "mode": "managed",
      "type": "aws_s3_bucket_public_access_block",
      "name": "transient_storage",
      "provider": "provider[\"registry.terraform.io/hashicorp/aws\"]",
      "instances": [
        {
          "schema_version": 0,
          "attributes": {
            "block_public_acls": true,
            "block_public_policy": true,
            "bucket": "marek-test-1-transient-bucket",
            "id": "marek-test-1-transient-bucket",
            "ignore_public_acls": true,
            "restrict_public_buckets": true
          },
          "sensitive_attributes": [],
          "private": "bnVsbA==",
          "dependencies": [
            "aws_s3_bucket.transient_storage"
          ]
        }
      ]
    },
    {
      "mode": "managed",
      "type": "aws_s3_bucket_server_side_encryption_configuration",
      "name": "long_term_storage",
      "provider": "provider[\"registry.terraform.io/hashicorp/aws\"]",
      "instances": [
        {
          "schema_version": 0,
          "attributes": {
            "bucket": "marek-test-1-long-term-bucket",
            "expected_bucket_owner": "",
            "id": "marek-test-1-long-term-bucket",
            "rule": [
              {
                "apply_server_side_encryption_by_default": [
                  {
                    "kms_master_key_id": "arn:aws:kms:eu-central-1:278576220453:key/02d2b133-6405-451d-9207-b742050ea64c",
                    "sse_algorithm": "aws:kms"
                  }
                ],
                "bucket_key_enabled": true
              }
            ]
          },
          "sensitive_attributes": [],
          "private": "bnVsbA==",
          "dependencies": [
            "aws_kms_key.audit_key",
            "aws_s3_bucket.long_term_storage"
          ]
        }
      ]
    },
    {
      "mode": "managed",
      "type": "aws_s3_bucket_server_side_encryption_configuration",
      "name": "transient_storage",
      "provider": "provider[\"registry.terraform.io/hashicorp/aws\"]",
      "instances": [
        {
          "schema_version": 0,
          "attributes": {
            "bucket": "marek-test-1-transient-bucket",
            "expected_bucket_owner": "",
            "id": "marek-test-1-transient-bucket",
            "rule": [
              {
                "apply_server_side_encryption_by_default": [
                  {
                    "kms_master_key_id": "arn:aws:kms:eu-central-1:278576220453:key/02d2b133-6405-451d-9207-b742050ea64c",
                    "sse_algorithm": "aws:kms"
                  }
                ],
                "bucket_key_enabled": true
              }
            ]
          },
          "sensitive_attributes": [],
          "private": "bnVsbA==",
          "dependencies": [
            "aws_kms_key.audit_key",
            "aws_s3_bucket.transient_storage"
          ]
        }
      ]
    },
    {
      "mode": "managed",
      "type": "aws_s3_bucket_versioning",
      "name": "long_term_storage",
      "provider": "provider[\"registry.terraform.io/hashicorp/aws\"]",
      "instances": [
        {
          "schema_version": 0,
          "attributes": {
            "bucket": "marek-test-1-long-term-bucket",
            "expected_bucket_owner": "",
            "id": "marek-test-1-long-term-bucket",
            "mfa": null,
            "versioning_configuration": [
              {
                "mfa_delete": "",
                "status": "Enabled"
              }
            ]
          },
          "sensitive_attributes": [],
          "private": "bnVsbA==",
          "dependencies": [
            "aws_s3_bucket.long_term_storage"
          ]
        }
      ]
    },
    {
      "mode": "managed",
      "type": "aws_s3_bucket_versioning",
      "name": "transient_storage",
      "provider": "provider[\"registry.terraform.io/hashicorp/aws\"]",
      "instances": [
        {
          "schema_version": 0,
          "attributes": {
            "bucket": "marek-test-1-transient-bucket",
            "expected_bucket_owner": "",
            "id": "marek-test-1-transient-bucket",
            "mfa": null,
            "versioning_configuration": [
              {
                "mfa_delete": "",
                "status": "Enabled"
              }
            ]
          },
          "sensitive_attributes": [],
          "private": "bnVsbA==",
          "dependencies": [
            "aws_s3_bucket.transient_storage"
          ]
        }
      ]
    },
    {
      "mode": "managed",
      "type": "aws_sns_topic",
      "name": "audit_topic",
      "provider": "provider[\"registry.terraform.io/hashicorp/aws\"]",
      "instances": [
        {
          "schema_version": 0,
          "attributes": {
            "application_failure_feedback_role_arn": "",
            "application_success_feedback_role_arn": "",
            "application_success_feedback_sample_rate": 0,
            "archive_policy": "",
            "arn": "arn:aws:sns:eu-central-1:278576220453:marek-test-1-sns_topic",
            "beginning_archive_time": "",
            "content_based_deduplication": false,
            "delivery_policy": "",
            "display_name": "",
            "fifo_topic": false,
            "firehose_failure_feedback_role_arn": "",
            "firehose_success_feedback_role_arn": "",
            "firehose_success_feedback_sample_rate": 0,
            "http_failure_feedback_role_arn": "",
            "http_success_feedback_role_arn": "",
            "http_success_feedback_sample_rate": 0,
            "id": "arn:aws:sns:eu-central-1:278576220453:marek-test-1-sns_topic",
            "kms_master_key_id": "arn:aws:kms:eu-central-1:278576220453:key/02d2b133-6405-451d-9207-b742050ea64c",
            "lambda_failure_feedback_role_arn": "",
            "lambda_success_feedback_role_arn": "",
            "lambda_success_feedback_sample_rate": 0,
            "name": "marek-test-1-sns_topic",
            "name_prefix": "",
            "owner": "278576220453",
            "policy": "{\"Id\":\"__default_policy_ID\",\"Statement\":[{\"Action\":[\"SNS:GetTopicAttributes\",\"SNS:SetTopicAttributes\",\"SNS:AddPermission\",\"SNS:RemovePermission\",\"SNS:DeleteTopic\",\"SNS:Subscribe\",\"SNS:ListSubscriptionsByTopic\",\"SNS:Publish\"],\"Condition\":{\"StringEquals\":{\"AWS:SourceOwner\":\"278576220453\"}},\"Effect\":\"Allow\",\"Principal\":{\"AWS\":\"*\"},\"Resource\":\"arn:aws:sns:eu-central-1:278576220453:marek-test-1-sns_topic\",\"Sid\":\"__default_statement_ID\"}],\"Version\":\"2008-10-17\"}",
            "signature_version": 0,
            "sqs_failure_feedback_role_arn": "",
            "sqs_success_feedback_role_arn": "",
            "sqs_success_feedback_sample_rate": 0,
            "tags": null,
            "tags_all": {},
            "tracing_config": ""
          },
          "sensitive_attributes": [],
          "private": "bnVsbA==",
          "dependencies": [
            "aws_kms_key.audit_key"
          ]
        }
      ]
    },
    {
      "mode": "managed",
      "type": "aws_sns_topic_subscription",
      "name": "audit_sqs_target",
      "provider": "provider[\"registry.terraform.io/hashicorp/aws\"]",
      "instances": [
        {
          "schema_version": 0,
          "attributes": {
            "arn": "arn:aws:sns:eu-central-1:278576220453:marek-test-1-sns_topic:8504f64b-36bf-4c44-8b66-0fe3a1faf235",
            "confirmation_timeout_in_minutes": 1,
            "confirmation_was_authenticated": true,
            "delivery_policy": "",
            "endpoint": "arn:aws:sqs:eu-central-1:278576220453:marek-test-1-sns_queue",
            "endpoint_auto_confirms": false,
            "filter_policy": "",
            "filter_policy_scope": "",
            "id": "arn:aws:sns:eu-central-1:278576220453:marek-test-1-sns_topic:8504f64b-36bf-4c44-8b66-0fe3a1faf235",
            "owner_id": "278576220453",
            "pending_confirmation": false,
            "protocol": "sqs",
            "raw_message_delivery": true,
            "redrive_policy": "",
            "replay_policy": "",
            "subscription_role_arn": "",
            "topic_arn": "arn:aws:sns:eu-central-1:278576220453:marek-test-1-sns_topic"
          },
          "sensitive_attributes": [],
          "private": "bnVsbA==",
          "dependencies": [
            "aws_kms_key.audit_key",
            "aws_sns_topic.audit_topic",
            "aws_sqs_queue.audit_queue",
            "aws_sqs_queue.audit_queue_dlq"
          ]
        }
      ]
    },
    {
      "mode": "managed",
      "type": "aws_sqs_queue",
      "name": "audit_queue",
      "provider": "provider[\"registry.terraform.io/hashicorp/aws\"]",
      "instances": [
        {
          "schema_version": 0,
          "attributes": {
            "arn": "arn:aws:sqs:eu-central-1:278576220453:marek-test-1-sns_queue",
            "content_based_deduplication": false,
            "deduplication_scope": "",
            "delay_seconds": 0,
            "fifo_queue": false,
            "fifo_throughput_limit": "",
            "id": "https://sqs.eu-central-1.amazonaws.com/278576220453/marek-test-1-sns_queue",
            "kms_data_key_reuse_period_seconds": 300,
            "kms_master_key_id": "arn:aws:kms:eu-central-1:278576220453:key/02d2b133-6405-451d-9207-b742050ea64c",
            "max_message_size": 262144,
            "message_retention_seconds": 345600,
            "name": "marek-test-1-sns_queue",
            "name_prefix": "",
            "policy": "",
            "receive_wait_time_seconds": 0,
            "redrive_allow_policy": "",
            "redrive_policy": "{\"deadLetterTargetArn\":\"arn:aws:sqs:eu-central-1:278576220453:marek-test-1-sns_dlq\",\"maxReceiveCount\":10}",
            "sqs_managed_sse_enabled": false,
            "tags": null,
            "tags_all": {},
            "url": "https://sqs.eu-central-1.amazonaws.com/278576220453/marek-test-1-sns_queue",
            "visibility_timeout_seconds": 30
          },
          "sensitive_attributes": [],
          "private": "bnVsbA==",
          "dependencies": [
            "aws_kms_key.audit_key",
            "aws_sqs_queue.audit_queue_dlq"
          ]
        }
      ]
    },
    {
      "mode": "managed",
      "type": "aws_sqs_queue",
      "name": "audit_queue_dlq",
      "provider": "provider[\"registry.terraform.io/hashicorp/aws\"]",
      "instances": [
        {
          "schema_version": 0,
          "attributes": {
            "arn": "arn:aws:sqs:eu-central-1:278576220453:marek-test-1-sns_dlq",
            "content_based_deduplication": false,
            "deduplication_scope": "",
            "delay_seconds": 0,
            "fifo_queue": false,
            "fifo_throughput_limit": "",
            "id": "https://sqs.eu-central-1.amazonaws.com/278576220453/marek-test-1-sns_dlq",
            "kms_data_key_reuse_period_seconds": 300,
            "kms_master_key_id": "arn:aws:kms:eu-central-1:278576220453:key/02d2b133-6405-451d-9207-b742050ea64c",
            "max_message_size": 262144,
            "message_retention_seconds": 604800,
            "name": "marek-test-1-sns_dlq",
            "name_prefix": "",
            "policy": "",
            "receive_wait_time_seconds": 0,
            "redrive_allow_policy": "",
            "redrive_policy": "",
            "sqs_managed_sse_enabled": false,
            "tags": null,
            "tags_all": {},
            "url": "https://sqs.eu-central-1.amazonaws.com/278576220453/marek-test-1-sns_dlq",
            "visibility_timeout_seconds": 30
          },
          "sensitive_attributes": [],
          "private": "bnVsbA==",
          "dependencies": [
            "aws_kms_key.audit_key"
          ]
        }
      ]
    },
    {
      "mode": "managed",
      "type": "aws_sqs_queue_policy",
      "name": "audit_policy",
      "provider": "provider[\"registry.terraform.io/hashicorp/aws\"]",
      "instances": [
        {
          "schema_version": 1,
          "attributes": {
            "id": "https://sqs.eu-central-1.amazonaws.com/278576220453/marek-test-1-sns_queue",
            "policy": "{\"Statement\":[{\"Action\":\"SQS:SendMessage\",\"Condition\":{\"ArnEquals\":{\"aws:SourceArn\":\"arn:aws:sns:eu-central-1:278576220453:marek-test-1-sns_topic\"}},\"Effect\":\"Allow\",\"Principal\":{\"Service\":\"sns.amazonaws.com\"},\"Resource\":\"arn:aws:sqs:eu-central-1:278576220453:marek-test-1-sns_queue\"}],\"Version\":\"2012-10-17\"}",
            "queue_url": "https://sqs.eu-central-1.amazonaws.com/278576220453/marek-test-1-sns_queue"
          },
          "sensitive_attributes": [],
          "private": "eyJzY2hlbWFfdmVyc2lvbiI6IjEifQ==",
          "dependencies": [
            "aws_kms_key.audit_key",
            "aws_sns_topic.audit_topic",
            "aws_sqs_queue.audit_queue",
            "aws_sqs_queue.audit_queue_dlq",
            "data.aws_iam_policy_document.audit_policy"
          ]
        }
      ]
    }
  ],
  "check_results": null
}
