{
  "version": 4,
  "terraform_version": "1.2.6",
  "serial": 421,
  "lineage": "997f9751-7394-8949-8be6-33fad7d8751c",
  "outputs": {},
  "resources": [
    {
      "mode": "data",
      "type": "aws_ami",
      "name": "base",
      "provider": "provider[\"registry.terraform.io/hashicorp/aws\"]",
      "instances": [
        {
          "schema_version": 0,
          "attributes": {
            "architecture": "x86_64",
            "arn": "arn:aws:ec2:us-east-1::image/ami-031156ccadfb02e44",
            "block_device_mappings": [
              {
                "device_name": "/dev/xvda",
                "ebs": {
                  "delete_on_termination": "true",
                  "encrypted": "false",
                  "iops": "0",
                  "snapshot_id": "snap-0067817c5e7171fca",
                  "throughput": "0",
                  "volume_size": "8",
                  "volume_type": "standard"
                },
                "no_device": "",
                "virtual_name": ""
              }
            ],
            "boot_mode": "",
            "creation_date": "2022-08-16T15:53:50.000Z",
            "deprecation_time": "",
            "description": "Gravitational Teleport using AWS Linux AMI",
            "ena_support": true,
            "executable_users": null,
            "filter": [
              {
                "name": "name",
                "values": [
                  "teleport-debug-ami-oss-10.1.2"
                ]
              }
            ],
            "hypervisor": "xen",
            "id": "ami-031156ccadfb02e44",
            "image_id": "ami-031156ccadfb02e44",
            "image_location": "278576220453/teleport-debug-ami-oss-10.1.2",
            "image_owner_alias": "",
            "image_type": "machine",
            "include_deprecated": false,
            "kernel_id": "",
            "most_recent": true,
            "name": "teleport-debug-ami-oss-10.1.2",
            "name_regex": null,
            "owner_id": "278576220453",
            "owners": [
              "126027368216",
              "278576220453"
            ],
            "platform": "",
            "platform_details": "Linux/UNIX",
            "product_codes": [],
            "public": false,
            "ramdisk_id": "",
            "root_device_name": "/dev/xvda",
            "root_device_type": "ebs",
            "root_snapshot_id": "snap-0067817c5e7171fca",
            "sriov_net_support": "simple",
            "state": "available",
            "state_reason": {
              "code": "UNSET",
              "message": "UNSET"
            },
            "tags": {
              "BuildTimestamp": "20220816-154727UTC",
              "BuildType": "production",
              "Name": "teleport-debug-ami-oss-10.1.2"
            },
            "tpm_support": "",
            "usage_operation": "RunInstances",
            "virtualization_type": "hvm"
          },
          "sensitive_attributes": []
        }
      ]
    },
    {
      "mode": "data",
      "type": "aws_availability_zones",
      "name": "available",
      "provider": "provider[\"registry.terraform.io/hashicorp/aws\"]",
      "instances": [
        {
          "schema_version": 0,
          "attributes": {
            "all_availability_zones": null,
            "exclude_names": null,
            "exclude_zone_ids": null,
            "filter": null,
            "group_names": [
              "us-east-1"
            ],
            "id": "us-east-1",
            "names": [
              "us-east-1a",
              "us-east-1b",
              "us-east-1c",
              "us-east-1d",
              "us-east-1e",
              "us-east-1f"
            ],
            "state": null,
            "zone_ids": [
              "use1-az1",
              "use1-az2",
              "use1-az4",
              "use1-az6",
              "use1-az3",
              "use1-az5"
            ]
          },
          "sensitive_attributes": []
        }
      ]
    },
    {
      "mode": "data",
      "type": "aws_caller_identity",
      "name": "current",
      "provider": "provider[\"registry.terraform.io/hashicorp/aws\"]",
      "instances": [
        {
          "schema_version": 0,
          "attributes": {
            "account_id": "278576220453",
            "arn": "arn:aws:sts::278576220453:assumed-role/AWSReservedSSO_AdministratorAccess_93acd2fd6bd17005/hugo.hervieux@goteleport.com",
            "id": "278576220453",
            "user_id": "AROAUBXDPZES5FVF2BKIF:hugo.hervieux@goteleport.com"
          },
          "sensitive_attributes": []
        }
      ]
    },
    {
      "mode": "data",
      "type": "aws_kms_alias",
      "name": "ssm",
      "provider": "provider[\"registry.terraform.io/hashicorp/aws\"]",
      "instances": [
        {
          "schema_version": 0,
          "attributes": {
            "arn": "arn:aws:kms:us-east-1:278576220453:alias/aws/ssm",
            "id": "arn:aws:kms:us-east-1:278576220453:alias/aws/ssm",
            "name": "alias/aws/ssm",
            "target_key_arn": "arn:aws:kms:us-east-1:278576220453:key/a6a655c6-ff8b-4cbe-9683-76d46fb50a68",
            "target_key_id": "a6a655c6-ff8b-4cbe-9683-76d46fb50a68"
          },
          "sensitive_attributes": []
        }
      ]
    },
    {
      "mode": "data",
      "type": "aws_region",
      "name": "current",
      "provider": "provider[\"registry.terraform.io/hashicorp/aws\"]",
      "instances": [
        {
          "schema_version": 0,
          "attributes": {
            "description": "US East (N. Virginia)",
            "endpoint": "ec2.us-east-1.amazonaws.com",
            "id": "us-east-1",
            "name": "us-east-1"
          },
          "sensitive_attributes": []
        }
      ]
    },
    {
      "mode": "data",
      "type": "aws_route53_zone",
      "name": "proxy",
      "provider": "provider[\"registry.terraform.io/hashicorp/aws\"]",
      "instances": [
        {
          "schema_version": 0,
          "attributes": {
            "arn": "arn:aws:route53:::hostedzone/Z0159221358P96JYAUAU3",
            "caller_reference": "RISWorkflow-RD:1fa68d21-532f-46d5-93ef-e4dd51cb2f63",
            "comment": "HostedZone created by Route53 Registrar",
            "id": "Z0159221358P96JYAUAU3",
            "linked_service_description": null,
            "linked_service_principal": null,
            "name": "teleportdemo.net",
            "name_servers": [
              "ns-279.awsdns-34.com",
              "ns-1756.awsdns-27.co.uk",
              "ns-1310.awsdns-35.org",
              "ns-722.awsdns-26.net"
            ],
            "private_zone": false,
            "resource_record_set_count": 51,
            "tags": {},
            "vpc_id": null,
            "zone_id": "Z0159221358P96JYAUAU3"
          },
          "sensitive_attributes": []
        }
      ]
    },
    {
      "mode": "managed",
      "type": "aws_appautoscaling_policy",
      "name": "read_policy",
      "provider": "provider[\"registry.terraform.io/hashicorp/aws\"]",
      "instances": [
        {
          "schema_version": 0,
          "attributes": {
            "arn": "arn:aws:autoscaling:us-east-1:278576220453:scalingPolicy:09a73b22-80d3-4184-bd71-d2cf0f8d0b0b:resource/dynamodb/table/hugo-tf:policyName/DynamoDBReadCapacityUtilization:table/hugo-tf",
            "id": "DynamoDBReadCapacityUtilization:table/hugo-tf",
            "name": "DynamoDBReadCapacityUtilization:table/hugo-tf",
            "policy_type": "TargetTrackingScaling",
            "resource_id": "table/hugo-tf",
            "scalable_dimension": "dynamodb:table:ReadCapacityUnits",
            "service_namespace": "dynamodb",
            "step_scaling_policy_configuration": [],
            "target_tracking_scaling_policy_configuration": [
              {
                "customized_metric_specification": [],
                "disable_scale_in": false,
                "predefined_metric_specification": [
                  {
                    "predefined_metric_type": "DynamoDBReadCapacityUtilization",
                    "resource_label": ""
                  }
                ],
                "scale_in_cooldown": 0,
                "scale_out_cooldown": 0,
                "target_value": 50
              }
            ]
          },
          "sensitive_attributes": [],
          "private": "bnVsbA==",
          "dependencies": [
            "aws_appautoscaling_target.read_target",
            "aws_dynamodb_table.teleport"
          ]
        }
      ]
    },
    {
      "mode": "managed",
      "type": "aws_appautoscaling_policy",
      "name": "write_policy",
      "provider": "provider[\"registry.terraform.io/hashicorp/aws\"]",
      "instances": [
        {
          "schema_version": 0,
          "attributes": {
            "arn": "arn:aws:autoscaling:us-east-1:278576220453:scalingPolicy:838ae712-959b-4cd1-ba47-7999139ae202:resource/dynamodb/table/hugo-tf:policyName/DynamoDBWriteCapacityUtilization:table/hugo-tf",
            "id": "DynamoDBWriteCapacityUtilization:table/hugo-tf",
            "name": "DynamoDBWriteCapacityUtilization:table/hugo-tf",
            "policy_type": "TargetTrackingScaling",
            "resource_id": "table/hugo-tf",
            "scalable_dimension": "dynamodb:table:WriteCapacityUnits",
            "service_namespace": "dynamodb",
            "step_scaling_policy_configuration": [],
            "target_tracking_scaling_policy_configuration": [
              {
                "customized_metric_specification": [],
                "disable_scale_in": false,
                "predefined_metric_specification": [
                  {
                    "predefined_metric_type": "DynamoDBWriteCapacityUtilization",
                    "resource_label": ""
                  }
                ],
                "scale_in_cooldown": 0,
                "scale_out_cooldown": 0,
                "target_value": 50
              }
            ]
          },
          "sensitive_attributes": [],
          "private": "bnVsbA==",
          "dependencies": [
            "aws_appautoscaling_target.write_target",
            "aws_dynamodb_table.teleport"
          ]
        }
      ]
    },
    {
      "mode": "managed",
      "type": "aws_appautoscaling_target",
      "name": "read_target",
      "provider": "provider[\"registry.terraform.io/hashicorp/aws\"]",
      "instances": [
        {
          "schema_version": 0,
          "attributes": {
            "id": "table/hugo-tf",
            "max_capacity": 100,
            "min_capacity": 5,
            "resource_id": "table/hugo-tf",
            "role_arn": "arn:aws:iam::278576220453:role/aws-service-role/dynamodb.application-autoscaling.amazonaws.com/AWSServiceRoleForApplicationAutoScaling_DynamoDBTable",
            "scalable_dimension": "dynamodb:table:ReadCapacityUnits",
            "service_namespace": "dynamodb"
          },
          "sensitive_attributes": [],
          "private": "bnVsbA==",
          "dependencies": [
            "aws_dynamodb_table.teleport"
          ]
        }
      ]
    },
    {
      "mode": "managed",
      "type": "aws_appautoscaling_target",
      "name": "write_target",
      "provider": "provider[\"registry.terraform.io/hashicorp/aws\"]",
      "instances": [
        {
          "schema_version": 0,
          "attributes": {
            "id": "table/hugo-tf",
            "max_capacity": 100,
            "min_capacity": 5,
            "resource_id": "table/hugo-tf",
            "role_arn": "arn:aws:iam::278576220453:role/aws-service-role/dynamodb.application-autoscaling.amazonaws.com/AWSServiceRoleForApplicationAutoScaling_DynamoDBTable",
            "scalable_dimension": "dynamodb:table:WriteCapacityUnits",
            "service_namespace": "dynamodb"
          },
          "sensitive_attributes": [],
          "private": "bnVsbA==",
          "dependencies": [
            "aws_dynamodb_table.teleport"
          ]
        }
      ]
    },
    {
      "mode": "managed",
      "type": "aws_autoscaling_group",
      "name": "auth",
      "provider": "provider[\"registry.terraform.io/hashicorp/aws\"]",
      "instances": [
        {
          "schema_version": 0,
          "attributes": {
            "arn": "arn:aws:autoscaling:us-east-1:278576220453:autoScalingGroup:094a6203-8f7f-4eb6-bb0e-5b5df399e506:autoScalingGroupName/hugo-tf-auth",
            "availability_zones": [
              "us-east-1a",
              "us-east-1b"
            ],
            "capacity_rebalance": false,
            "context": "",
            "default_cooldown": 300,
            "default_instance_warmup": 0,
            "desired_capacity": 2,
            "enabled_metrics": [],
            "force_delete": false,
            "force_delete_warm_pool": false,
            "health_check_grace_period": 300,
            "health_check_type": "EC2",
            "id": "hugo-tf-auth",
            "initial_lifecycle_hook": [],
            "instance_refresh": [],
            "launch_configuration": "hugo-tf-auth-20220816161912076200000004",
            "launch_template": [],
            "load_balancers": [],
            "max_instance_lifetime": 0,
            "max_size": 5,
            "metrics_granularity": "1Minute",
            "min_elb_capacity": null,
            "min_size": 2,
            "mixed_instances_policy": [],
            "name": "hugo-tf-auth",
            "name_prefix": "",
            "placement_group": "",
            "protect_from_scale_in": false,
            "service_linked_role_arn": "arn:aws:iam::278576220453:role/aws-service-role/autoscaling.amazonaws.com/AWSServiceRoleForAutoScaling",
            "suspended_processes": [],
            "tag": [
              {
                "key": "TeleportCluster",
                "propagate_at_launch": true,
                "value": "hugo-tf"
              },
              {
                "key": "TeleportRole",
                "propagate_at_launch": true,
                "value": "auth"
              }
            ],
            "tags": null,
            "target_group_arns": [
              "arn:aws:elasticloadbalancing:us-east-1:278576220453:targetgroup/hugo-tf-auth/a8970966b665d33a"
            ],
            "termination_policies": [],
            "timeouts": null,
            "vpc_zone_identifier": [
              "subnet-05c78a98c1b8f7ffd",
              "subnet-0bb22b0b59a28b247"
            ],
            "wait_for_capacity_timeout": "10m",
            "wait_for_elb_capacity": null,
            "warm_pool": []
          },
          "sensitive_attributes": [],
          "private": "eyJlMmJmYjczMC1lY2FhLTExZTYtOGY4OC0zNDM2M2JjN2M0YzAiOnsiZGVsZXRlIjo2MDAwMDAwMDAwMDAsInVwZGF0ZSI6NjAwMDAwMDAwMDAwfX0=",
          "dependencies": [
            "aws_dynamodb_table.locks",
            "aws_dynamodb_table.teleport",
            "aws_dynamodb_table.teleport_events",
            "aws_iam_instance_profile.auth",
            "aws_iam_role.auth",
            "aws_iam_role_policy.auth_ssm",
            "aws_launch_configuration.auth",
            "aws_lb.auth",
            "aws_lb.monitor",
            "aws_lb_target_group.auth",
            "aws_security_group.auth",
            "aws_subnet.auth",
            "aws_subnet.public",
            "aws_vpc.teleport",
            "data.aws_ami.base",
            "data.aws_availability_zones.available",
            "data.aws_caller_identity.current",
            "data.aws_kms_alias.ssm",
            "data.aws_region.current"
          ]
        }
      ]
    },
    {
      "mode": "managed",
      "type": "aws_autoscaling_group",
      "name": "monitor",
      "provider": "provider[\"registry.terraform.io/hashicorp/aws\"]",
      "instances": [
        {
          "index_key": 0,
          "schema_version": 0,
          "attributes": {
            "arn": "arn:aws:autoscaling:us-east-1:278576220453:autoScalingGroup:afaadbb9-b545-4d37-9b2f-cd515e59913a:autoScalingGroupName/hugo-tf-monitor",
            "availability_zones": [
              "us-east-1a"
            ],
            "capacity_rebalance": false,
            "context": "",
            "default_cooldown": 300,
            "default_instance_warmup": 0,
            "desired_capacity": 1,
            "enabled_metrics": [],
            "force_delete": false,
            "force_delete_warm_pool": false,
            "health_check_grace_period": 300,
            "health_check_type": "EC2",
            "id": "hugo-tf-monitor",
            "initial_lifecycle_hook": [],
            "instance_refresh": [],
            "launch_configuration": "hugo-tf-monitor-20220816161912074100000001",
            "launch_template": [],
            "load_balancers": [],
            "max_instance_lifetime": 0,
            "max_size": 1,
            "metrics_granularity": "1Minute",
            "min_elb_capacity": null,
            "min_size": 1,
            "mixed_instances_policy": [],
            "name": "hugo-tf-monitor",
            "name_prefix": "",
            "placement_group": "",
            "protect_from_scale_in": false,
            "service_linked_role_arn": "arn:aws:iam::278576220453:role/aws-service-role/autoscaling.amazonaws.com/AWSServiceRoleForAutoScaling",
            "suspended_processes": [],
            "tag": [
              {
                "key": "TeleportCluster",
                "propagate_at_launch": true,
                "value": "hugo-tf"
              },
              {
                "key": "TeleportRole",
                "propagate_at_launch": true,
                "value": "monitor"
              }
            ],
            "tags": null,
            "target_group_arns": [
              "arn:aws:elasticloadbalancing:us-east-1:278576220453:targetgroup/hugo-tf-monitor/e045bf563c1dd5ac",
              "arn:aws:elasticloadbalancing:us-east-1:278576220453:targetgroup/hugo-tf-proxy-grafana/885196d5a75b2356"
            ],
            "termination_policies": [],
            "timeouts": null,
            "vpc_zone_identifier": [
              "subnet-04bd33880510b1ce8"
            ],
            "wait_for_capacity_timeout": "10m",
            "wait_for_elb_capacity": null,
            "warm_pool": []
          },
          "sensitive_attributes": [],
          "private": "eyJlMmJmYjczMC1lY2FhLTExZTYtOGY4OC0zNDM2M2JjN2M0YzAiOnsiZGVsZXRlIjo2MDAwMDAwMDAwMDAsInVwZGF0ZSI6NjAwMDAwMDAwMDAwfX0=",
          "dependencies": [
            "aws_iam_instance_profile.monitor",
            "aws_iam_role.monitor",
            "aws_iam_role_policy.monitor_s3",
            "aws_launch_configuration.monitor",
            "aws_lb_target_group.monitor",
            "aws_lb_target_group.proxy_grafana",
            "aws_s3_bucket.certs",
            "aws_security_group.monitor",
            "aws_subnet.public",
            "aws_vpc.teleport",
            "data.aws_ami.base",
            "data.aws_availability_zones.available"
          ]
        }
      ]
    },
    {
      "mode": "managed",
      "type": "aws_autoscaling_group",
      "name": "node",
      "provider": "provider[\"registry.terraform.io/hashicorp/aws\"]",
      "instances": [
        {
          "schema_version": 0,
          "attributes": {
            "arn": "arn:aws:autoscaling:us-east-1:278576220453:autoScalingGroup:b339a04f-1fb9-41ad-b3a1-3732a7d5e1e7:autoScalingGroupName/hugo-tf-node",
            "availability_zones": [
              "us-east-1a",
              "us-east-1b"
            ],
            "capacity_rebalance": false,
            "context": "",
            "default_cooldown": 300,
            "default_instance_warmup": 0,
            "desired_capacity": 1,
            "enabled_metrics": [],
            "force_delete": false,
            "force_delete_warm_pool": false,
            "health_check_grace_period": 300,
            "health_check_type": "EC2",
            "id": "hugo-tf-node",
            "initial_lifecycle_hook": [],
            "instance_refresh": [],
            "launch_configuration": "hugo-tf-node-20220816161912074500000002",
            "launch_template": [],
            "load_balancers": [],
            "max_instance_lifetime": 0,
            "max_size": 1000,
            "metrics_granularity": "1Minute",
            "min_elb_capacity": null,
            "min_size": 1,
            "mixed_instances_policy": [],
            "name": "hugo-tf-node",
            "name_prefix": "",
            "placement_group": "",
            "protect_from_scale_in": false,
            "service_linked_role_arn": "arn:aws:iam::278576220453:role/aws-service-role/autoscaling.amazonaws.com/AWSServiceRoleForAutoScaling",
            "suspended_processes": [],
            "tag": [
              {
                "key": "TeleportCluster",
                "propagate_at_launch": true,
                "value": "hugo-tf"
              },
              {
                "key": "TeleportRole",
                "propagate_at_launch": true,
                "value": "node"
              }
            ],
            "tags": null,
            "target_group_arns": [],
            "termination_policies": [],
            "timeouts": null,
            "vpc_zone_identifier": [
              "subnet-08892d43c50f5ebae",
              "subnet-09ec0ce73066ae343"
            ],
            "wait_for_capacity_timeout": "10m",
            "wait_for_elb_capacity": null,
            "warm_pool": []
          },
          "sensitive_attributes": [],
          "private": "eyJlMmJmYjczMC1lY2FhLTExZTYtOGY4OC0zNDM2M2JjN2M0YzAiOnsiZGVsZXRlIjo2MDAwMDAwMDAwMDAsInVwZGF0ZSI6NjAwMDAwMDAwMDAwfX0=",
          "dependencies": [
            "aws_iam_instance_profile.node",
            "aws_iam_role.node",
            "aws_iam_role_policy.node_ssm",
            "aws_launch_configuration.node",
            "aws_lb.auth",
            "aws_lb.monitor",
            "aws_security_group.node",
            "aws_subnet.node",
            "aws_subnet.public",
            "aws_vpc.teleport",
            "data.aws_ami.base",
            "data.aws_availability_zones.available",
            "data.aws_caller_identity.current",
            "data.aws_kms_alias.ssm",
            "data.aws_region.current"
          ]
        }
      ]
    },
    {
      "mode": "managed",
      "type": "aws_autoscaling_group",
      "name": "proxy",
      "provider": "provider[\"registry.terraform.io/hashicorp/aws\"]",
      "instances": [
        {
          "index_key": 0,
          "schema_version": 0,
          "attributes": {
            "arn": "arn:aws:autoscaling:us-east-1:278576220453:autoScalingGroup:93bb3ccd-bb30-4d96-9e48-47919b84fafc:autoScalingGroupName/hugo-tf-proxy",
            "availability_zones": [
              "us-east-1a",
              "us-east-1b"
            ],
            "capacity_rebalance": false,
            "context": "",
            "default_cooldown": 300,
            "default_instance_warmup": 0,
            "desired_capacity": 2,
            "enabled_metrics": [],
            "force_delete": false,
            "force_delete_warm_pool": false,
            "health_check_grace_period": 300,
            "health_check_type": "EC2",
            "id": "hugo-tf-proxy",
            "initial_lifecycle_hook": [],
            "instance_refresh": [],
            "launch_configuration": "hugo-tf-proxy-20220816161912075900000003",
            "launch_template": [],
            "load_balancers": [],
            "max_instance_lifetime": 0,
            "max_size": 5,
            "metrics_granularity": "1Minute",
            "min_elb_capacity": null,
            "min_size": 2,
            "mixed_instances_policy": [],
            "name": "hugo-tf-proxy",
            "name_prefix": "",
            "placement_group": "",
            "protect_from_scale_in": false,
            "service_linked_role_arn": "arn:aws:iam::278576220453:role/aws-service-role/autoscaling.amazonaws.com/AWSServiceRoleForAutoScaling",
            "suspended_processes": [],
            "tag": [
              {
                "key": "TeleportCluster",
                "propagate_at_launch": true,
                "value": "hugo-tf"
              },
              {
                "key": "TeleportRole",
                "propagate_at_launch": true,
                "value": "proxy"
              }
            ],
            "tags": null,
            "target_group_arns": [
              "arn:aws:elasticloadbalancing:us-east-1:278576220453:targetgroup/hugo-tf-proxy-kube/632ae6e87a942be4",
              "arn:aws:elasticloadbalancing:us-east-1:278576220453:targetgroup/hugo-tf-proxy-mongodb/0df20bab7f6c3990",
              "arn:aws:elasticloadbalancing:us-east-1:278576220453:targetgroup/hugo-tf-proxy-mysql/20fcf0960ca2c905",
              "arn:aws:elasticloadbalancing:us-east-1:278576220453:targetgroup/hugo-tf-proxy-postgres/30c595ff28504a13",
              "arn:aws:elasticloadbalancing:us-east-1:278576220453:targetgroup/hugo-tf-proxy-proxy/f0b5bf0d8f52d290",
              "arn:aws:elasticloadbalancing:us-east-1:278576220453:targetgroup/hugo-tf-proxy-web/47dbd2cbbaaec021"
            ],
            "termination_policies": [],
            "timeouts": null,
            "vpc_zone_identifier": [
              "subnet-04bd33880510b1ce8",
              "subnet-0d613cf4ef9e1c89c"
            ],
            "wait_for_capacity_timeout": "10m",
            "wait_for_elb_capacity": null,
            "warm_pool": []
          },
          "sensitive_attributes": [],
          "private": "eyJlMmJmYjczMC1lY2FhLTExZTYtOGY4OC0zNDM2M2JjN2M0YzAiOnsiZGVsZXRlIjo2MDAwMDAwMDAwMDAsInVwZGF0ZSI6NjAwMDAwMDAwMDAwfX0=",
          "dependencies": [
            "aws_iam_instance_profile.proxy",
            "aws_iam_role.proxy",
            "aws_iam_role_policy.proxy_ssm",
            "aws_launch_configuration.proxy",
            "aws_lb.auth",
            "aws_lb.monitor",
            "aws_lb.proxy",
            "aws_lb_target_group.proxy_kube",
            "aws_lb_target_group.proxy_mongodb",
            "aws_lb_target_group.proxy_mysql",
            "aws_lb_target_group.proxy_postgres",
            "aws_lb_target_group.proxy_proxy",
            "aws_lb_target_group.proxy_web",
            "aws_security_group.proxy",
            "aws_subnet.public",
            "aws_vpc.teleport",
            "data.aws_ami.base",
            "data.aws_availability_zones.available",
            "data.aws_caller_identity.current",
            "data.aws_kms_alias.ssm",
            "data.aws_region.current"
          ]
        }
      ]
    },
    {
      "mode": "managed",
      "type": "aws_dynamodb_table",
      "name": "locks",
      "provider": "provider[\"registry.terraform.io/hashicorp/aws\"]",
      "instances": [
        {
          "schema_version": 1,
          "attributes": {
            "arn": "arn:aws:dynamodb:us-east-1:278576220453:table/hugo-tf-locks",
            "attribute": [
              {
                "name": "Lock",
                "type": "S"
              }
            ],
            "billing_mode": "PROVISIONED",
            "global_secondary_index": [],
            "hash_key": "Lock",
            "id": "hugo-tf-locks",
            "local_secondary_index": [],
            "name": "hugo-tf-locks",
            "point_in_time_recovery": [
              {
                "enabled": false
              }
            ],
            "range_key": null,
            "read_capacity": 10,
            "replica": [],
            "restore_date_time": null,
            "restore_source_name": null,
            "restore_to_latest_time": null,
            "server_side_encryption": [],
            "stream_arn": "",
            "stream_enabled": false,
            "stream_label": "",
            "stream_view_type": "",
            "table_class": "",
            "tags": {
              "TeleportCluster": "hugo-tf"
            },
            "tags_all": {
              "TeleportCluster": "hugo-tf"
            },
            "timeouts": null,
            "ttl": [
              {
                "attribute_name": "Expires",
                "enabled": true
              }
            ],
            "write_capacity": 10
          },
          "sensitive_attributes": [],
          "private": "eyJlMmJmYjczMC1lY2FhLTExZTYtOGY4OC0zNDM2M2JjN2M0YzAiOnsiY3JlYXRlIjoxODAwMDAwMDAwMDAwLCJkZWxldGUiOjYwMDAwMDAwMDAwMCwidXBkYXRlIjozNjAwMDAwMDAwMDAwfSwic2NoZW1hX3ZlcnNpb24iOiIxIn0=",
          "create_before_destroy": true
        }
      ]
    },
    {
      "mode": "managed",
      "type": "aws_dynamodb_table",
      "name": "teleport",
      "provider": "provider[\"registry.terraform.io/hashicorp/aws\"]",
      "instances": [
        {
          "schema_version": 1,
          "attributes": {
            "arn": "arn:aws:dynamodb:us-east-1:278576220453:table/hugo-tf",
            "attribute": [
              {
                "name": "FullPath",
                "type": "S"
              },
              {
                "name": "HashKey",
                "type": "S"
              }
            ],
            "billing_mode": "PROVISIONED",
            "global_secondary_index": [],
            "hash_key": "HashKey",
            "id": "hugo-tf",
            "local_secondary_index": [],
            "name": "hugo-tf",
            "point_in_time_recovery": [
              {
                "enabled": false
              }
            ],
            "range_key": "FullPath",
            "read_capacity": 5,
            "replica": [],
            "restore_date_time": null,
            "restore_source_name": null,
            "restore_to_latest_time": null,
            "server_side_encryption": [
              {
                "enabled": true,
                "kms_key_arn": "arn:aws:kms:us-east-1:278576220453:key/0ad2cffc-9744-4603-a36b-40e19ebccd6b"
              }
            ],
            "stream_arn": "arn:aws:dynamodb:us-east-1:278576220453:table/hugo-tf/stream/2022-08-16T15:28:20.658",
            "stream_enabled": true,
            "stream_label": "2022-08-16T15:28:20.658",
            "stream_view_type": "NEW_IMAGE",
            "table_class": "",
            "tags": {
              "TeleportCluster": "hugo-tf"
            },
            "tags_all": {
              "TeleportCluster": "hugo-tf"
            },
            "timeouts": null,
            "ttl": [
              {
                "attribute_name": "Expires",
                "enabled": true
              }
            ],
            "write_capacity": 5
          },
          "sensitive_attributes": [],
          "private": "eyJlMmJmYjczMC1lY2FhLTExZTYtOGY4OC0zNDM2M2JjN2M0YzAiOnsiY3JlYXRlIjoxODAwMDAwMDAwMDAwLCJkZWxldGUiOjYwMDAwMDAwMDAwMCwidXBkYXRlIjozNjAwMDAwMDAwMDAwfSwic2NoZW1hX3ZlcnNpb24iOiIxIn0=",
          "create_before_destroy": true
        }
      ]
    },
    {
      "mode": "managed",
      "type": "aws_dynamodb_table",
      "name": "teleport_events",
      "provider": "provider[\"registry.terraform.io/hashicorp/aws\"]",
      "instances": [
        {
          "schema_version": 1,
          "attributes": {
            "arn": "arn:aws:dynamodb:us-east-1:278576220453:table/hugo-tf-events",
            "attribute": [
              {
                "name": "CreatedAt",
                "type": "N"
              },
              {
                "name": "CreatedAtDate",
                "type": "S"
              },
              {
                "name": "EventIndex",
                "type": "N"
              },
              {
                "name": "SessionID",
                "type": "S"
              }
            ],
            "billing_mode": "PROVISIONED",
            "global_secondary_index": [
              {
                "hash_key": "CreatedAtDate",
                "name": "timesearchV2",
                "non_key_attributes": [],
                "projection_type": "ALL",
                "range_key": "CreatedAt",
                "read_capacity": 20,
                "write_capacity": 20
              }
            ],
            "hash_key": "SessionID",
            "id": "hugo-tf-events",
            "local_secondary_index": [],
            "name": "hugo-tf-events",
            "point_in_time_recovery": [
              {
                "enabled": false
              }
            ],
            "range_key": "EventIndex",
            "read_capacity": 20,
            "replica": [],
            "restore_date_time": null,
            "restore_source_name": null,
            "restore_to_latest_time": null,
            "server_side_encryption": [
              {
                "enabled": true,
                "kms_key_arn": "arn:aws:kms:us-east-1:278576220453:key/0ad2cffc-9744-4603-a36b-40e19ebccd6b"
              }
            ],
            "stream_arn": "",
            "stream_enabled": false,
            "stream_label": "",
            "stream_view_type": "",
            "table_class": "",
            "tags": {
              "TeleportCluster": "hugo-tf"
            },
            "tags_all": {
              "TeleportCluster": "hugo-tf"
            },
            "timeouts": null,
            "ttl": [
              {
                "attribute_name": "Expires",
                "enabled": true
              }
            ],
            "write_capacity": 20
          },
          "sensitive_attributes": [],
          "private": "eyJlMmJmYjczMC1lY2FhLTExZTYtOGY4OC0zNDM2M2JjN2M0YzAiOnsiY3JlYXRlIjoxODAwMDAwMDAwMDAwLCJkZWxldGUiOjYwMDAwMDAwMDAwMCwidXBkYXRlIjozNjAwMDAwMDAwMDAwfSwic2NoZW1hX3ZlcnNpb24iOiIxIn0=",
          "create_before_destroy": true
        }
      ]
    },
    {
      "mode": "managed",
      "type": "aws_eip",
      "name": "nat",
      "provider": "provider[\"registry.terraform.io/hashicorp/aws\"]",
      "instances": [
        {
          "index_key": 0,
          "schema_version": 0,
          "attributes": {
            "address": null,
            "allocation_id": "eipalloc-0dc5c0ae369920c2b",
            "associate_with_private_ip": null,
            "association_id": "eipassoc-03a6370bf31e1142a",
            "carrier_ip": "",
            "customer_owned_ip": "",
            "customer_owned_ipv4_pool": "",
            "domain": "vpc",
            "id": "eipalloc-0dc5c0ae369920c2b",
            "instance": "",
            "network_border_group": "us-east-1",
            "network_interface": "eni-00e225c94a62fc622",
            "private_dns": "ip-172-31-2-84.ec2.internal",
            "private_ip": "172.31.2.84",
            "public_dns": "ec2-3-217-198-64.compute-1.amazonaws.com",
            "public_ip": "3.217.198.64",
            "public_ipv4_pool": "amazon",
            "tags": {
              "TeleportCluster": "hugo-tf"
            },
            "tags_all": {
              "TeleportCluster": "hugo-tf"
            },
            "timeouts": null,
            "vpc": true
          },
          "sensitive_attributes": [],
          "private": "eyJlMmJmYjczMC1lY2FhLTExZTYtOGY4OC0zNDM2M2JjN2M0YzAiOnsiZGVsZXRlIjoxODAwMDAwMDAwMDAsInJlYWQiOjkwMDAwMDAwMDAwMCwidXBkYXRlIjozMDAwMDAwMDAwMDB9fQ==",
          "dependencies": [
            "data.aws_availability_zones.available"
          ]
        },
        {
          "index_key": 1,
          "schema_version": 0,
          "attributes": {
            "address": null,
            "allocation_id": "eipalloc-06d6a7b26f06b3407",
            "associate_with_private_ip": null,
            "association_id": "eipassoc-02a9aecd3ebb8317a",
            "carrier_ip": "",
            "customer_owned_ip": "",
            "customer_owned_ipv4_pool": "",
            "domain": "vpc",
            "id": "eipalloc-06d6a7b26f06b3407",
            "instance": "",
            "network_border_group": "us-east-1",
            "network_interface": "eni-0e50296c28bf4ba4c",
            "private_dns": "ip-172-31-3-50.ec2.internal",
            "private_ip": "172.31.3.50",
            "public_dns": "ec2-50-16-136-11.compute-1.amazonaws.com",
            "public_ip": "50.16.136.11",
            "public_ipv4_pool": "amazon",
            "tags": {
              "TeleportCluster": "hugo-tf"
            },
            "tags_all": {
              "TeleportCluster": "hugo-tf"
            },
            "timeouts": null,
            "vpc": true
          },
          "sensitive_attributes": [],
          "private": "eyJlMmJmYjczMC1lY2FhLTExZTYtOGY4OC0zNDM2M2JjN2M0YzAiOnsiZGVsZXRlIjoxODAwMDAwMDAwMDAsInJlYWQiOjkwMDAwMDAwMDAwMCwidXBkYXRlIjozMDAwMDAwMDAwMDB9fQ==",
          "dependencies": [
            "data.aws_availability_zones.available"
          ]
        }
      ]
    },
    {
      "mode": "managed",
      "type": "aws_iam_instance_profile",
      "name": "auth",
      "provider": "provider[\"registry.terraform.io/hashicorp/aws\"]",
      "instances": [
        {
          "schema_version": 0,
          "attributes": {
            "arn": "arn:aws:iam::278576220453:instance-profile/hugo-tf-auth",
            "create_date": "2022-08-16T15:28:21Z",
            "id": "hugo-tf-auth",
            "name": "hugo-tf-auth",
            "name_prefix": null,
            "path": "/",
            "role": "hugo-tf-auth",
            "tags": {},
            "tags_all": {},
            "unique_id": "AIPAUBXDPZESRXJSW2RIH"
          },
          "sensitive_attributes": [],
          "private": "bnVsbA==",
          "dependencies": [
            "aws_iam_role.auth",
            "aws_iam_role_policy.auth_ssm",
            "data.aws_caller_identity.current",
            "data.aws_kms_alias.ssm",
            "data.aws_region.current"
          ],
          "create_before_destroy": true
        }
      ]
    },
    {
      "mode": "managed",
      "type": "aws_iam_instance_profile",
      "name": "monitor",
      "provider": "provider[\"registry.terraform.io/hashicorp/aws\"]",
      "instances": [
        {
          "schema_version": 0,
          "attributes": {
            "arn": "arn:aws:iam::278576220453:instance-profile/hugo-tf-monitor",
            "create_date": "2022-08-16T15:28:21Z",
            "id": "hugo-tf-monitor",
            "name": "hugo-tf-monitor",
            "name_prefix": null,
            "path": "/",
            "role": "hugo-tf-monitor",
            "tags": {},
            "tags_all": {},
            "unique_id": "AIPAUBXDPZES73RMUPK5G"
          },
          "sensitive_attributes": [],
          "private": "bnVsbA==",
          "dependencies": [
            "aws_iam_role.monitor",
            "aws_iam_role_policy.monitor_s3",
            "aws_s3_bucket.certs"
          ],
          "create_before_destroy": true
        }
      ]
    },
    {
      "mode": "managed",
      "type": "aws_iam_instance_profile",
      "name": "node",
      "provider": "provider[\"registry.terraform.io/hashicorp/aws\"]",
      "instances": [
        {
          "schema_version": 0,
          "attributes": {
            "arn": "arn:aws:iam::278576220453:instance-profile/hugo-tf-node",
            "create_date": "2022-08-16T15:28:21Z",
            "id": "hugo-tf-node",
            "name": "hugo-tf-node",
            "name_prefix": null,
            "path": "/",
            "role": "hugo-tf-node",
            "tags": {},
            "tags_all": {},
            "unique_id": "AIPAUBXDPZESVR37ONCJD"
          },
          "sensitive_attributes": [],
          "private": "bnVsbA==",
          "dependencies": [
            "aws_iam_role.node",
            "aws_iam_role_policy.node_ssm",
            "data.aws_caller_identity.current",
            "data.aws_kms_alias.ssm",
            "data.aws_region.current"
          ],
          "create_before_destroy": true
        }
      ]
    },
    {
      "mode": "managed",
      "type": "aws_iam_instance_profile",
      "name": "proxy",
      "provider": "provider[\"registry.terraform.io/hashicorp/aws\"]",
      "instances": [
        {
          "schema_version": 0,
          "attributes": {
            "arn": "arn:aws:iam::278576220453:instance-profile/hugo-tf-proxy",
            "create_date": "2022-08-16T15:28:21Z",
            "id": "hugo-tf-proxy",
            "name": "hugo-tf-proxy",
            "name_prefix": null,
            "path": "/",
            "role": "hugo-tf-proxy",
            "tags": {},
            "tags_all": {},
            "unique_id": "AIPAUBXDPZES2K5A2WZCE"
          },
          "sensitive_attributes": [],
          "private": "bnVsbA==",
          "dependencies": [
            "aws_iam_role.proxy",
            "aws_iam_role_policy.proxy_ssm",
            "data.aws_caller_identity.current",
            "data.aws_kms_alias.ssm",
            "data.aws_region.current"
          ],
          "create_before_destroy": true
        }
      ]
    },
    {
      "mode": "managed",
      "type": "aws_iam_role",
      "name": "auth",
      "provider": "provider[\"registry.terraform.io/hashicorp/aws\"]",
      "instances": [
        {
          "schema_version": 0,
          "attributes": {
            "arn": "arn:aws:iam::278576220453:role/hugo-tf-auth",
            "assume_role_policy": "{\"Statement\":[{\"Action\":\"sts:AssumeRole\",\"Effect\":\"Allow\",\"Principal\":{\"Service\":\"ec2.amazonaws.com\"}}],\"Version\":\"2012-10-17\"}",
            "create_date": "2022-08-16T15:28:20Z",
            "description": "",
            "force_detach_policies": false,
            "id": "hugo-tf-auth",
            "inline_policy": [
              {
                "name": "hugo-tf-auth-dynamo",
                "policy": "{\n    \"Version\": \"2012-10-17\",\n    \"Statement\": [\n        {\n            \"Sid\": \"AllActionsOnTeleportDB\",\n            \"Effect\": \"Allow\",\n            \"Action\": \"dynamodb:*\",\n            \"Resource\": \"arn:aws:dynamodb:us-east-1:278576220453:table/hugo-tf\"\n        },\n        {\n            \"Sid\": \"AllActionsOnTeleportEventsDB\",\n            \"Effect\": \"Allow\",\n            \"Action\": \"dynamodb:*\",\n            \"Resource\": \"arn:aws:dynamodb:us-east-1:278576220453:table/hugo-tf-events\"\n        },\n        {\n            \"Sid\": \"AllActionsOnTeleportEventsIndexDB\",\n            \"Effect\": \"Allow\",\n            \"Action\": \"dynamodb:*\",\n            \"Resource\": \"arn:aws:dynamodb:us-east-1:278576220453:table/hugo-tf-events/index/*\"\n        },\n        {\n            \"Sid\": \"AllActionsOnTeleportStreamsDB\",\n            \"Effect\": \"Allow\",\n            \"Action\": \"dynamodb:*\",\n            \"Resource\": \"arn:aws:dynamodb:us-east-1:278576220453:table/hugo-tf/stream/*\"\n        }\n    ]\n}\n"
              },
              {
                "name": "hugo-tf-auth-locks",
                "policy": "{\n    \"Version\": \"2012-10-17\",\n    \"Statement\": [\n        {\n            \"Sid\": \"AllActionsOnLocks\",\n            \"Effect\": \"Allow\",\n            \"Action\": \"dynamodb:*\",\n            \"Resource\": \"arn:aws:dynamodb:us-east-1:278576220453:table/hugo-tf-locks\"\n        }\n    ]\n}\n"
              },
              {
                "name": "hugo-tf-auth-route53",
                "policy": "{\n    \"Version\": \"2012-10-17\",\n    \"Id\": \"certbot-dns-route53 policy\",\n    \"Statement\": [\n        {\n            \"Effect\": \"Allow\",\n            \"Action\": [\n                \"route53:ListHostedZones\",\n                \"route53:GetChange\"\n            ],\n            \"Resource\": [\n                \"*\"\n            ]\n        },\n        {\n            \"Effect\" : \"Allow\",\n            \"Action\" : [\n                \"route53:ChangeResourceRecordSets\"\n            ],\n            \"Resource\" : [\n                \"arn:aws:route53:::hostedzone/Z0159221358P96JYAUAU3\"\n            ]\n        }\n    ]\n}\n"
              },
              {
                "name": "hugo-tf-auth-s3",
                "policy": "{\n   \"Version\": \"2012-10-17\",\n   \"Statement\": [\n     {\n       \"Effect\": \"Allow\",\n       \"Action\": [\n         \"s3:ListBucket\",\n         \"s3:ListBucketVersions\",\n         \"s3:ListBucketMultipartUploads\",\n         \"s3:AbortMultipartUpload\"\n        ],\n       \"Resource\": [\"arn:aws:s3:::hugo-tf.teleportdemo.net\"]\n     },\n     {\n       \"Effect\": \"Allow\",\n       \"Action\": [\n         \"s3:PutObject\",\n         \"s3:GetObject\",\n         \"s3:GetObjectVersion\"\n       ],\n       \"Resource\": [\"arn:aws:s3:::hugo-tf.teleportdemo.net/*\"]\n     }\n   ]\n }\n\n"
              },
              {
                "name": "hugo-tf-auth-ssm",
                "policy": "{\n    \"Version\": \"2012-10-17\",\n    \"Statement\": [\n        {\n            \"Effect\": \"Allow\",\n            \"Action\": [\n                \"ssm:DescribeParameters\",\n                \"ssm:GetParameters\",\n                \"ssm:GetParametersByPath\",\n                \"ssm:GetParameter\",\n                \"ssm:PutParameter\",\n                \"ssm:DeleteParameter\"\n            ],\n            \"Resource\": \"arn:aws:ssm:us-east-1:278576220453:parameter/teleport/hugo-tf/*\"\n        },\n        {\n         \"Effect\":\"Allow\",\n         \"Action\":[\n            \"kms:Decrypt\"\n         ],\n         \"Resource\":[\n            \"arn:aws:kms:us-east-1:278576220453:key/a6a655c6-ff8b-4cbe-9683-76d46fb50a68\"\n         ]\n      }\n    ]\n}\n"
              }
            ],
            "managed_policy_arns": [],
            "max_session_duration": 3600,
            "name": "hugo-tf-auth",
            "name_prefix": "",
            "path": "/",
            "permissions_boundary": null,
            "tags": {},
            "tags_all": {},
            "unique_id": "AROAUBXDPZESRJMSNKDYP"
          },
          "sensitive_attributes": [],
          "private": "bnVsbA==",
          "create_before_destroy": true
        }
      ]
    },
    {
      "mode": "managed",
      "type": "aws_iam_role",
      "name": "autoscaler",
      "provider": "provider[\"registry.terraform.io/hashicorp/aws\"]",
      "instances": [
        {
          "schema_version": 0,
          "attributes": {
            "arn": "arn:aws:iam::278576220453:role/hugo-tf-autoscaler",
            "assume_role_policy": "{\"Statement\":[{\"Action\":\"sts:AssumeRole\",\"Effect\":\"Allow\",\"Principal\":{\"Service\":\"application-autoscaling.amazonaws.com\"}}],\"Version\":\"2012-10-17\"}",
            "create_date": "2022-08-16T15:28:20Z",
            "description": "",
            "force_detach_policies": false,
            "id": "hugo-tf-autoscaler",
            "inline_policy": [
              {
                "name": "hugo-tf-autoscaler-cloudwatch",
                "policy": "{\n    \"Version\": \"2012-10-17\",\n    \"Statement\": [\n        {\n            \"Effect\": \"Allow\",\n            \"Action\": [\n                \"cloudwatch:PutMetricAlarm\",\n                \"cloudwatch:DescribeAlarms\",\n                \"cloudwatch:DeleteAlarms\"\n            ],\n            \"Resource\": \"*\"\n        }\n    ]\n}\n"
              },
              {
                "name": "hugo-tf-autoscaler-dynamo",
                "policy": "{\n    \"Version\": \"2012-10-17\",\n    \"Statement\": [\n        {\n            \"Effect\": \"Allow\",\n            \"Action\": [\n                \"dynamodb:DescribeTable\",\n                \"dynamodb:UpdateTable\"\n            ],\n            \"Resource\": \"arn:aws:dynamodb:us-east-1:278576220453:table/hugo-tf\"\n        }\n    ]\n}\n"
              }
            ],
            "managed_policy_arns": [],
            "max_session_duration": 3600,
            "name": "hugo-tf-autoscaler",
            "name_prefix": "",
            "path": "/",
            "permissions_boundary": null,
            "tags": {},
            "tags_all": {},
            "unique_id": "AROAUBXDPZESUWNGYLARP"
          },
          "sensitive_attributes": [],
          "private": "bnVsbA=="
        }
      ]
    },
    {
      "mode": "managed",
      "type": "aws_iam_role",
      "name": "monitor",
      "provider": "provider[\"registry.terraform.io/hashicorp/aws\"]",
      "instances": [
        {
          "schema_version": 0,
          "attributes": {
            "arn": "arn:aws:iam::278576220453:role/hugo-tf-monitor",
            "assume_role_policy": "{\"Statement\":[{\"Action\":\"sts:AssumeRole\",\"Effect\":\"Allow\",\"Principal\":{\"Service\":\"ec2.amazonaws.com\"}}],\"Version\":\"2012-10-17\"}",
            "create_date": "2022-08-16T15:28:20Z",
            "description": "",
            "force_detach_policies": false,
            "id": "hugo-tf-monitor",
            "inline_policy": [
              {
                "name": "hugo-tf-monitor-s3",
                "policy": "{\n   \"Version\": \"2012-10-17\",\n   \"Statement\": [\n     {\n       \"Effect\": \"Allow\",\n       \"Action\": [\"s3:ListBucket\"],\n       \"Resource\": [\"arn:aws:s3:::hugo-tf.teleportdemo.net\"]\n     },\n     {\n       \"Effect\": \"Allow\",\n       \"Action\": [\n         \"s3:GetObject\"\n       ],\n       \"Resource\": [\"arn:aws:s3:::hugo-tf.teleportdemo.net/*\"]\n     }\n   ]\n }\n \n"
              },
              {
                "name": "hugo-tf-monitor-ssm",
                "policy": "{\n    \"Version\": \"2012-10-17\",\n    \"Statement\": [\n        {\n            \"Effect\": \"Allow\",\n            \"Action\": [\n                \"ssm:GetParameters\",\n                \"ssm:GetParametersByPath\",\n                \"ssm:GetParameter\",\n                \"ssm:PutParameter\"\n            ],\n            \"Resource\": \"arn:aws:ssm:us-east-1:278576220453:parameter/teleport/hugo-tf/grafana_pass\"\n        },\n        {\n         \"Effect\":\"Allow\",\n         \"Action\":[\n            \"kms:Decrypt\"\n         ],\n         \"Resource\":[\n            \"arn:aws:kms:us-east-1:278576220453:key/a6a655c6-ff8b-4cbe-9683-76d46fb50a68\"\n         ]\n      }\n    ]\n}\n"
              }
            ],
            "managed_policy_arns": [],
            "max_session_duration": 3600,
            "name": "hugo-tf-monitor",
            "name_prefix": "",
            "path": "/",
            "permissions_boundary": null,
            "tags": {},
            "tags_all": {},
            "unique_id": "AROAUBXDPZES2TMMRHI7K"
          },
          "sensitive_attributes": [],
          "private": "bnVsbA==",
          "create_before_destroy": true
        }
      ]
    },
    {
      "mode": "managed",
      "type": "aws_iam_role",
      "name": "node",
      "provider": "provider[\"registry.terraform.io/hashicorp/aws\"]",
      "instances": [
        {
          "schema_version": 0,
          "attributes": {
            "arn": "arn:aws:iam::278576220453:role/hugo-tf-node",
            "assume_role_policy": "{\"Statement\":[{\"Action\":\"sts:AssumeRole\",\"Effect\":\"Allow\",\"Principal\":{\"Service\":\"ec2.amazonaws.com\"}}],\"Version\":\"2012-10-17\"}",
            "create_date": "2022-08-16T15:28:20Z",
            "description": "",
            "force_detach_policies": false,
            "id": "hugo-tf-node",
            "inline_policy": [
              {
                "name": "hugo-tf-node-ssm",
                "policy": "{\n    \"Version\": \"2012-10-17\",\n    \"Statement\": [\n        {\n            \"Effect\": \"Allow\",\n            \"Action\": [\n                \"ssm:GetParameters\",\n                \"ssm:GetParametersByPath\",\n                \"ssm:GetParameter\"\n            ],\n            \"Resource\": \"arn:aws:ssm:us-east-1:278576220453:parameter/teleport/hugo-tf/tokens/node\"\n        },\n        {\n            \"Effect\": \"Allow\",\n            \"Action\": [\n                \"ssm:GetParameters\",\n                \"ssm:GetParametersByPath\",\n                \"ssm:GetParameter\"\n            ],\n            \"Resource\": \"arn:aws:ssm:us-east-1:278576220453:parameter/teleport/hugo-tf/ca-pin-hash\"\n        },\n        {\n         \"Effect\":\"Allow\",\n         \"Action\":[\n            \"kms:Decrypt\"\n         ],\n         \"Resource\":[\n            \"arn:aws:kms:us-east-1:278576220453:key/a6a655c6-ff8b-4cbe-9683-76d46fb50a68\"\n         ]\n      }\n    ]\n}\n"
              }
            ],
            "managed_policy_arns": [],
            "max_session_duration": 3600,
            "name": "hugo-tf-node",
            "name_prefix": "",
            "path": "/",
            "permissions_boundary": null,
            "tags": {},
            "tags_all": {},
            "unique_id": "AROAUBXDPZESTK3HFEFIW"
          },
          "sensitive_attributes": [],
          "private": "bnVsbA==",
          "create_before_destroy": true
        }
      ]
    },
    {
      "mode": "managed",
      "type": "aws_iam_role",
      "name": "proxy",
      "provider": "provider[\"registry.terraform.io/hashicorp/aws\"]",
      "instances": [
        {
          "schema_version": 0,
          "attributes": {
            "arn": "arn:aws:iam::278576220453:role/hugo-tf-proxy",
            "assume_role_policy": "{\"Statement\":[{\"Action\":\"sts:AssumeRole\",\"Effect\":\"Allow\",\"Principal\":{\"Service\":\"ec2.amazonaws.com\"}}],\"Version\":\"2012-10-17\"}",
            "create_date": "2022-08-16T15:28:20Z",
            "description": "",
            "force_detach_policies": false,
            "id": "hugo-tf-proxy",
            "inline_policy": [
              {
                "name": "hugo-tf-proxy-s3",
                "policy": "{\n   \"Version\": \"2012-10-17\",\n   \"Statement\": [\n     {\n       \"Effect\": \"Allow\",\n       \"Action\": [\"s3:ListBucket\"],\n       \"Resource\": [\"arn:aws:s3:::hugo-tf.teleportdemo.net\"]\n     },\n     {\n       \"Effect\": \"Allow\",\n       \"Action\": [\n         \"s3:GetObject\"\n       ],\n       \"Resource\": [\"arn:aws:s3:::hugo-tf.teleportdemo.net/*\"]\n     }\n   ]\n }\n \n"
              },
              {
                "name": "hugo-tf-proxy-ssm",
                "policy": "{\n    \"Version\": \"2012-10-17\",\n    \"Statement\": [\n        {\n            \"Effect\": \"Allow\",\n            \"Action\": [\n                \"ssm:GetParameters\",\n                \"ssm:GetParametersByPath\",\n                \"ssm:GetParameter\"\n            ],\n            \"Resource\": \"arn:aws:ssm:us-east-1:278576220453:parameter/teleport/hugo-tf/tokens/proxy\"\n        },\n        {\n            \"Effect\": \"Allow\",\n            \"Action\": [\n                \"ssm:GetParameters\",\n                \"ssm:GetParametersByPath\",\n                \"ssm:GetParameter\"\n            ],\n            \"Resource\": \"arn:aws:ssm:us-east-1:278576220453:parameter/teleport/hugo-tf/ca-pin-hash\"\n        },\n        {\n         \"Effect\":\"Allow\",\n         \"Action\":[\n            \"kms:Decrypt\"\n         ],\n         \"Resource\":[\n            \"arn:aws:kms:us-east-1:278576220453:key/a6a655c6-ff8b-4cbe-9683-76d46fb50a68\"\n         ]\n      }\n    ]\n}\n"
              }
            ],
            "managed_policy_arns": [],
            "max_session_duration": 3600,
            "name": "hugo-tf-proxy",
            "name_prefix": "",
            "path": "/",
            "permissions_boundary": null,
            "tags": {},
            "tags_all": {},
            "unique_id": "AROAUBXDPZESUYN4W4DGP"
          },
          "sensitive_attributes": [],
          "private": "bnVsbA==",
          "create_before_destroy": true
        }
      ]
    },
    {
      "mode": "managed",
      "type": "aws_iam_role_policy",
      "name": "auth_dynamo",
      "provider": "provider[\"registry.terraform.io/hashicorp/aws\"]",
      "instances": [
        {
          "schema_version": 0,
          "attributes": {
            "id": "hugo-tf-auth:hugo-tf-auth-dynamo",
            "name": "hugo-tf-auth-dynamo",
            "name_prefix": null,
            "policy": "{\n    \"Version\": \"2012-10-17\",\n    \"Statement\": [\n        {\n            \"Sid\": \"AllActionsOnTeleportDB\",\n            \"Effect\": \"Allow\",\n            \"Action\": \"dynamodb:*\",\n            \"Resource\": \"arn:aws:dynamodb:us-east-1:278576220453:table/hugo-tf\"\n        },\n        {\n            \"Sid\": \"AllActionsOnTeleportEventsDB\",\n            \"Effect\": \"Allow\",\n            \"Action\": \"dynamodb:*\",\n            \"Resource\": \"arn:aws:dynamodb:us-east-1:278576220453:table/hugo-tf-events\"\n        },\n        {\n            \"Sid\": \"AllActionsOnTeleportEventsIndexDB\",\n            \"Effect\": \"Allow\",\n            \"Action\": \"dynamodb:*\",\n            \"Resource\": \"arn:aws:dynamodb:us-east-1:278576220453:table/hugo-tf-events/index/*\"\n        },\n        {\n            \"Sid\": \"AllActionsOnTeleportStreamsDB\",\n            \"Effect\": \"Allow\",\n            \"Action\": \"dynamodb:*\",\n            \"Resource\": \"arn:aws:dynamodb:us-east-1:278576220453:table/hugo-tf/stream/*\"\n        }\n    ]\n}\n",
            "role": "hugo-tf-auth"
          },
          "sensitive_attributes": [],
          "private": "bnVsbA==",
          "dependencies": [
            "aws_dynamodb_table.teleport",
            "aws_dynamodb_table.teleport_events",
            "aws_iam_role.auth",
            "data.aws_caller_identity.current",
            "data.aws_region.current"
          ]
        }
      ]
    },
    {
      "mode": "managed",
      "type": "aws_iam_role_policy",
      "name": "auth_locks",
      "provider": "provider[\"registry.terraform.io/hashicorp/aws\"]",
      "instances": [
        {
          "schema_version": 0,
          "attributes": {
            "id": "hugo-tf-auth:hugo-tf-auth-locks",
            "name": "hugo-tf-auth-locks",
            "name_prefix": null,
            "policy": "{\n    \"Version\": \"2012-10-17\",\n    \"Statement\": [\n        {\n            \"Sid\": \"AllActionsOnLocks\",\n            \"Effect\": \"Allow\",\n            \"Action\": \"dynamodb:*\",\n            \"Resource\": \"arn:aws:dynamodb:us-east-1:278576220453:table/hugo-tf-locks\"\n        }\n    ]\n}\n",
            "role": "hugo-tf-auth"
          },
          "sensitive_attributes": [],
          "private": "bnVsbA==",
          "dependencies": [
            "aws_dynamodb_table.locks",
            "aws_iam_role.auth",
            "data.aws_caller_identity.current",
            "data.aws_region.current"
          ]
        }
      ]
    },
    {
      "mode": "managed",
      "type": "aws_iam_role_policy",
      "name": "auth_route53",
      "provider": "provider[\"registry.terraform.io/hashicorp/aws\"]",
      "instances": [
        {
          "schema_version": 0,
          "attributes": {
            "id": "hugo-tf-auth:hugo-tf-auth-route53",
            "name": "hugo-tf-auth-route53",
            "name_prefix": null,
            "policy": "{\n    \"Version\": \"2012-10-17\",\n    \"Id\": \"certbot-dns-route53 policy\",\n    \"Statement\": [\n        {\n            \"Effect\": \"Allow\",\n            \"Action\": [\n                \"route53:ListHostedZones\",\n                \"route53:GetChange\"\n            ],\n            \"Resource\": [\n                \"*\"\n            ]\n        },\n        {\n            \"Effect\" : \"Allow\",\n            \"Action\" : [\n                \"route53:ChangeResourceRecordSets\"\n            ],\n            \"Resource\" : [\n                \"arn:aws:route53:::hostedzone/Z0159221358P96JYAUAU3\"\n            ]\n        }\n    ]\n}\n",
            "role": "hugo-tf-auth"
          },
          "sensitive_attributes": [],
          "private": "bnVsbA==",
          "dependencies": [
            "aws_iam_role.auth",
            "data.aws_route53_zone.proxy"
          ]
        }
      ]
    },
    {
      "mode": "managed",
      "type": "aws_iam_role_policy",
      "name": "auth_s3",
      "provider": "provider[\"registry.terraform.io/hashicorp/aws\"]",
      "instances": [
        {
          "schema_version": 0,
          "attributes": {
            "id": "hugo-tf-auth:hugo-tf-auth-s3",
            "name": "hugo-tf-auth-s3",
            "name_prefix": null,
            "policy": "{\n   \"Version\": \"2012-10-17\",\n   \"Statement\": [\n     {\n       \"Effect\": \"Allow\",\n       \"Action\": [\n         \"s3:ListBucket\",\n         \"s3:ListBucketVersions\",\n         \"s3:ListBucketMultipartUploads\",\n         \"s3:AbortMultipartUpload\"\n        ],\n       \"Resource\": [\"arn:aws:s3:::hugo-tf.teleportdemo.net\"]\n     },\n     {\n       \"Effect\": \"Allow\",\n       \"Action\": [\n         \"s3:PutObject\",\n         \"s3:GetObject\",\n         \"s3:GetObjectVersion\"\n       ],\n       \"Resource\": [\"arn:aws:s3:::hugo-tf.teleportdemo.net/*\"]\n     }\n   ]\n }\n\n",
            "role": "hugo-tf-auth"
          },
          "sensitive_attributes": [],
          "private": "bnVsbA==",
          "dependencies": [
            "aws_iam_role.auth",
            "aws_s3_bucket.certs"
          ]
        }
      ]
    },
    {
      "mode": "managed",
      "type": "aws_iam_role_policy",
      "name": "auth_ssm",
      "provider": "provider[\"registry.terraform.io/hashicorp/aws\"]",
      "instances": [
        {
          "schema_version": 0,
          "attributes": {
            "id": "hugo-tf-auth:hugo-tf-auth-ssm",
            "name": "hugo-tf-auth-ssm",
            "name_prefix": null,
            "policy": "{\n    \"Version\": \"2012-10-17\",\n    \"Statement\": [\n        {\n            \"Effect\": \"Allow\",\n            \"Action\": [\n                \"ssm:DescribeParameters\",\n                \"ssm:GetParameters\",\n                \"ssm:GetParametersByPath\",\n                \"ssm:GetParameter\",\n                \"ssm:PutParameter\",\n                \"ssm:DeleteParameter\"\n            ],\n            \"Resource\": \"arn:aws:ssm:us-east-1:278576220453:parameter/teleport/hugo-tf/*\"\n        },\n        {\n         \"Effect\":\"Allow\",\n         \"Action\":[\n            \"kms:Decrypt\"\n         ],\n         \"Resource\":[\n            \"arn:aws:kms:us-east-1:278576220453:key/a6a655c6-ff8b-4cbe-9683-76d46fb50a68\"\n         ]\n      }\n    ]\n}\n",
            "role": "hugo-tf-auth"
          },
          "sensitive_attributes": [],
          "private": "bnVsbA==",
          "dependencies": [
            "aws_iam_role.auth",
            "data.aws_caller_identity.current",
            "data.aws_kms_alias.ssm",
            "data.aws_region.current"
          ],
          "create_before_destroy": true
        }
      ]
    },
    {
      "mode": "managed",
      "type": "aws_iam_role_policy",
      "name": "autoscaler_cloudwatch",
      "provider": "provider[\"registry.terraform.io/hashicorp/aws\"]",
      "instances": [
        {
          "schema_version": 0,
          "attributes": {
            "id": "hugo-tf-autoscaler:hugo-tf-autoscaler-cloudwatch",
            "name": "hugo-tf-autoscaler-cloudwatch",
            "name_prefix": null,
            "policy": "{\n    \"Version\": \"2012-10-17\",\n    \"Statement\": [\n        {\n            \"Effect\": \"Allow\",\n            \"Action\": [\n                \"cloudwatch:PutMetricAlarm\",\n                \"cloudwatch:DescribeAlarms\",\n                \"cloudwatch:DeleteAlarms\"\n            ],\n            \"Resource\": \"*\"\n        }\n    ]\n}\n",
            "role": "hugo-tf-autoscaler"
          },
          "sensitive_attributes": [],
          "private": "bnVsbA==",
          "dependencies": [
            "aws_iam_role.autoscaler"
          ]
        }
      ]
    },
    {
      "mode": "managed",
      "type": "aws_iam_role_policy",
      "name": "autoscaler_dynamo",
      "provider": "provider[\"registry.terraform.io/hashicorp/aws\"]",
      "instances": [
        {
          "schema_version": 0,
          "attributes": {
            "id": "hugo-tf-autoscaler:hugo-tf-autoscaler-dynamo",
            "name": "hugo-tf-autoscaler-dynamo",
            "name_prefix": null,
            "policy": "{\n    \"Version\": \"2012-10-17\",\n    \"Statement\": [\n        {\n            \"Effect\": \"Allow\",\n            \"Action\": [\n                \"dynamodb:DescribeTable\",\n                \"dynamodb:UpdateTable\"\n            ],\n            \"Resource\": \"arn:aws:dynamodb:us-east-1:278576220453:table/hugo-tf\"\n        }\n    ]\n}\n",
            "role": "hugo-tf-autoscaler"
          },
          "sensitive_attributes": [],
          "private": "bnVsbA==",
          "dependencies": [
            "aws_iam_role.autoscaler",
            "data.aws_caller_identity.current",
            "data.aws_region.current"
          ]
        }
      ]
    },
    {
      "mode": "managed",
      "type": "aws_iam_role_policy",
      "name": "monitor_s3",
      "provider": "provider[\"registry.terraform.io/hashicorp/aws\"]",
      "instances": [
        {
          "schema_version": 0,
          "attributes": {
            "id": "hugo-tf-monitor:hugo-tf-monitor-s3",
            "name": "hugo-tf-monitor-s3",
            "name_prefix": null,
            "policy": "{\n   \"Version\": \"2012-10-17\",\n   \"Statement\": [\n     {\n       \"Effect\": \"Allow\",\n       \"Action\": [\"s3:ListBucket\"],\n       \"Resource\": [\"arn:aws:s3:::hugo-tf.teleportdemo.net\"]\n     },\n     {\n       \"Effect\": \"Allow\",\n       \"Action\": [\n         \"s3:GetObject\"\n       ],\n       \"Resource\": [\"arn:aws:s3:::hugo-tf.teleportdemo.net/*\"]\n     }\n   ]\n }\n \n",
            "role": "hugo-tf-monitor"
          },
          "sensitive_attributes": [],
          "private": "bnVsbA==",
          "dependencies": [
            "aws_iam_role.monitor",
            "aws_s3_bucket.certs"
          ],
          "create_before_destroy": true
        }
      ]
    },
    {
      "mode": "managed",
      "type": "aws_iam_role_policy",
      "name": "monitor_ssm",
      "provider": "provider[\"registry.terraform.io/hashicorp/aws\"]",
      "instances": [
        {
          "schema_version": 0,
          "attributes": {
            "id": "hugo-tf-monitor:hugo-tf-monitor-ssm",
            "name": "hugo-tf-monitor-ssm",
            "name_prefix": null,
            "policy": "{\n    \"Version\": \"2012-10-17\",\n    \"Statement\": [\n        {\n            \"Effect\": \"Allow\",\n            \"Action\": [\n                \"ssm:GetParameters\",\n                \"ssm:GetParametersByPath\",\n                \"ssm:GetParameter\",\n                \"ssm:PutParameter\"\n            ],\n            \"Resource\": \"arn:aws:ssm:us-east-1:278576220453:parameter/teleport/hugo-tf/grafana_pass\"\n        },\n        {\n         \"Effect\":\"Allow\",\n         \"Action\":[\n            \"kms:Decrypt\"\n         ],\n         \"Resource\":[\n            \"arn:aws:kms:us-east-1:278576220453:key/a6a655c6-ff8b-4cbe-9683-76d46fb50a68\"\n         ]\n      }\n    ]\n}\n",
            "role": "hugo-tf-monitor"
          },
          "sensitive_attributes": [],
          "private": "bnVsbA==",
          "dependencies": [
            "aws_iam_role.monitor",
            "data.aws_caller_identity.current",
            "data.aws_kms_alias.ssm",
            "data.aws_region.current"
          ]
        }
      ]
    },
    {
      "mode": "managed",
      "type": "aws_iam_role_policy",
      "name": "node_ssm",
      "provider": "provider[\"registry.terraform.io/hashicorp/aws\"]",
      "instances": [
        {
          "schema_version": 0,
          "attributes": {
            "id": "hugo-tf-node:hugo-tf-node-ssm",
            "name": "hugo-tf-node-ssm",
            "name_prefix": null,
            "policy": "{\n    \"Version\": \"2012-10-17\",\n    \"Statement\": [\n        {\n            \"Effect\": \"Allow\",\n            \"Action\": [\n                \"ssm:GetParameters\",\n                \"ssm:GetParametersByPath\",\n                \"ssm:GetParameter\"\n            ],\n            \"Resource\": \"arn:aws:ssm:us-east-1:278576220453:parameter/teleport/hugo-tf/tokens/node\"\n        },\n        {\n            \"Effect\": \"Allow\",\n            \"Action\": [\n                \"ssm:GetParameters\",\n                \"ssm:GetParametersByPath\",\n                \"ssm:GetParameter\"\n            ],\n            \"Resource\": \"arn:aws:ssm:us-east-1:278576220453:parameter/teleport/hugo-tf/ca-pin-hash\"\n        },\n        {\n         \"Effect\":\"Allow\",\n         \"Action\":[\n            \"kms:Decrypt\"\n         ],\n         \"Resource\":[\n            \"arn:aws:kms:us-east-1:278576220453:key/a6a655c6-ff8b-4cbe-9683-76d46fb50a68\"\n         ]\n      }\n    ]\n}\n",
            "role": "hugo-tf-node"
          },
          "sensitive_attributes": [],
          "private": "bnVsbA==",
          "dependencies": [
            "aws_iam_role.node",
            "data.aws_caller_identity.current",
            "data.aws_kms_alias.ssm",
            "data.aws_region.current"
          ],
          "create_before_destroy": true
        }
      ]
    },
    {
      "mode": "managed",
      "type": "aws_iam_role_policy",
      "name": "proxy_s3",
      "provider": "provider[\"registry.terraform.io/hashicorp/aws\"]",
      "instances": [
        {
          "schema_version": 0,
          "attributes": {
            "id": "hugo-tf-proxy:hugo-tf-proxy-s3",
            "name": "hugo-tf-proxy-s3",
            "name_prefix": null,
            "policy": "{\n   \"Version\": \"2012-10-17\",\n   \"Statement\": [\n     {\n       \"Effect\": \"Allow\",\n       \"Action\": [\"s3:ListBucket\"],\n       \"Resource\": [\"arn:aws:s3:::hugo-tf.teleportdemo.net\"]\n     },\n     {\n       \"Effect\": \"Allow\",\n       \"Action\": [\n         \"s3:GetObject\"\n       ],\n       \"Resource\": [\"arn:aws:s3:::hugo-tf.teleportdemo.net/*\"]\n     }\n   ]\n }\n \n",
            "role": "hugo-tf-proxy"
          },
          "sensitive_attributes": [],
          "private": "bnVsbA==",
          "dependencies": [
            "aws_iam_role.proxy",
            "aws_s3_bucket.certs"
          ]
        }
      ]
    },
    {
      "mode": "managed",
      "type": "aws_iam_role_policy",
      "name": "proxy_ssm",
      "provider": "provider[\"registry.terraform.io/hashicorp/aws\"]",
      "instances": [
        {
          "schema_version": 0,
          "attributes": {
            "id": "hugo-tf-proxy:hugo-tf-proxy-ssm",
            "name": "hugo-tf-proxy-ssm",
            "name_prefix": null,
            "policy": "{\n    \"Version\": \"2012-10-17\",\n    \"Statement\": [\n        {\n            \"Effect\": \"Allow\",\n            \"Action\": [\n                \"ssm:GetParameters\",\n                \"ssm:GetParametersByPath\",\n                \"ssm:GetParameter\"\n            ],\n            \"Resource\": \"arn:aws:ssm:us-east-1:278576220453:parameter/teleport/hugo-tf/tokens/proxy\"\n        },\n        {\n            \"Effect\": \"Allow\",\n            \"Action\": [\n                \"ssm:GetParameters\",\n                \"ssm:GetParametersByPath\",\n                \"ssm:GetParameter\"\n            ],\n            \"Resource\": \"arn:aws:ssm:us-east-1:278576220453:parameter/teleport/hugo-tf/ca-pin-hash\"\n        },\n        {\n         \"Effect\":\"Allow\",\n         \"Action\":[\n            \"kms:Decrypt\"\n         ],\n         \"Resource\":[\n            \"arn:aws:kms:us-east-1:278576220453:key/a6a655c6-ff8b-4cbe-9683-76d46fb50a68\"\n         ]\n      }\n    ]\n}\n",
            "role": "hugo-tf-proxy"
          },
          "sensitive_attributes": [],
          "private": "bnVsbA==",
          "dependencies": [
            "aws_iam_role.proxy",
            "data.aws_caller_identity.current",
            "data.aws_kms_alias.ssm",
            "data.aws_region.current"
          ],
          "create_before_destroy": true
        }
      ]
    },
    {
      "mode": "managed",
      "type": "aws_instance",
      "name": "bastion",
      "provider": "provider[\"registry.terraform.io/hashicorp/aws\"]",
      "instances": [
        {
          "index_key": 0,
          "schema_version": 1,
          "attributes": {
            "ami": "ami-031156ccadfb02e44",
            "arn": "arn:aws:ec2:us-east-1:278576220453:instance/i-05793deccde9ed7e3",
            "associate_public_ip_address": true,
            "availability_zone": "us-east-1a",
            "capacity_reservation_specification": [
              {
                "capacity_reservation_preference": "open",
                "capacity_reservation_target": []
              }
            ],
            "cpu_core_count": 2,
            "cpu_threads_per_core": 1,
            "credit_specification": [
              {
                "cpu_credits": "standard"
              }
            ],
            "disable_api_stop": false,
            "disable_api_termination": false,
            "ebs_block_device": [],
            "ebs_optimized": false,
            "enclave_options": [
              {
                "enabled": false
              }
            ],
            "ephemeral_block_device": [],
            "get_password_data": false,
            "hibernation": false,
            "host_id": null,
            "iam_instance_profile": "",
            "id": "i-05793deccde9ed7e3",
            "instance_initiated_shutdown_behavior": "stop",
            "instance_state": "running",
            "instance_type": "t2.medium",
            "ipv6_address_count": 0,
            "ipv6_addresses": [],
            "key_name": "hugo-ed25519-us-east-1",
            "launch_template": [],
            "maintenance_options": [
              {
                "auto_recovery": "default"
              }
            ],
            "metadata_options": [
              {
                "http_endpoint": "enabled",
                "http_put_response_hop_limit": 1,
                "http_tokens": "optional",
                "instance_metadata_tags": "disabled"
              }
            ],
            "monitoring": false,
            "network_interface": [],
            "outpost_arn": "",
            "password_data": "",
            "placement_group": "",
            "placement_partition_number": null,
            "primary_network_interface_id": "eni-0341ad39c80eae174",
            "private_dns": "ip-172-31-2-109.ec2.internal",
            "private_dns_name_options": [
              {
                "enable_resource_name_dns_a_record": false,
                "enable_resource_name_dns_aaaa_record": false,
                "hostname_type": "ip-name"
              }
            ],
            "private_ip": "172.31.2.109",
            "public_dns": "ec2-44-198-175-10.compute-1.amazonaws.com",
            "public_ip": "44.198.175.10",
            "root_block_device": [
              {
                "delete_on_termination": true,
                "device_name": "/dev/xvda",
                "encrypted": false,
                "iops": 0,
                "kms_key_id": "",
                "tags": {},
                "throughput": 0,
                "volume_id": "vol-031f14fea07ca26a3",
                "volume_size": 8,
                "volume_type": "standard"
              }
            ],
            "secondary_private_ips": [],
            "security_groups": [],
            "source_dest_check": false,
            "subnet_id": "subnet-04bd33880510b1ce8",
            "tags": {
              "TeleportCluster": "hugo-tf",
              "TeleportRole": "bastion"
            },
            "tags_all": {
              "TeleportCluster": "hugo-tf",
              "TeleportRole": "bastion"
            },
            "tenancy": "default",
            "timeouts": null,
            "user_data": null,
            "user_data_base64": null,
            "user_data_replace_on_change": false,
            "volume_tags": null,
            "vpc_security_group_ids": [
              "sg-031cfaab7e2c3680e"
            ]
          },
          "sensitive_attributes": [],
          "private": "eyJlMmJmYjczMC1lY2FhLTExZTYtOGY4OC0zNDM2M2JjN2M0YzAiOnsiY3JlYXRlIjo2MDAwMDAwMDAwMDAsImRlbGV0ZSI6MTIwMDAwMDAwMDAwMCwidXBkYXRlIjo2MDAwMDAwMDAwMDB9LCJzY2hlbWFfdmVyc2lvbiI6IjEifQ==",
          "dependencies": [
            "aws_security_group.bastion",
            "aws_subnet.public",
            "aws_vpc.teleport",
            "data.aws_ami.base",
            "data.aws_availability_zones.available"
          ]
        }
      ]
    },
    {
      "mode": "managed",
      "type": "aws_internet_gateway",
      "name": "teleport",
      "provider": "provider[\"registry.terraform.io/hashicorp/aws\"]",
      "instances": [
        {
          "schema_version": 0,
          "attributes": {
            "arn": "arn:aws:ec2:us-east-1:278576220453:internet-gateway/igw-0d05ab72af7ce882d",
            "id": "igw-0d05ab72af7ce882d",
            "owner_id": "278576220453",
            "tags": {
              "TeleportCluster": "hugo-tf"
            },
            "tags_all": {
              "TeleportCluster": "hugo-tf"
            },
            "vpc_id": "vpc-00052c0bb45d5dab8"
          },
          "sensitive_attributes": [],
          "private": "bnVsbA==",
          "dependencies": [
            "aws_vpc.teleport"
          ]
        }
      ]
    },
    {
      "mode": "managed",
      "type": "aws_launch_configuration",
      "name": "auth",
      "provider": "provider[\"registry.terraform.io/hashicorp/aws\"]",
      "instances": [
        {
          "schema_version": 0,
          "attributes": {
            "arn": "arn:aws:autoscaling:us-east-1:278576220453:launchConfiguration:1df4836f-df8b-474e-8ebc-f2542101f541:launchConfigurationName/hugo-tf-auth-20220816161912076200000004",
            "associate_public_ip_address": false,
            "ebs_block_device": [],
            "ebs_optimized": true,
            "enable_monitoring": true,
            "ephemeral_block_device": [],
            "iam_instance_profile": "hugo-tf-auth",
            "id": "hugo-tf-auth-20220816161912076200000004",
            "image_id": "ami-031156ccadfb02e44",
            "instance_type": "m4.large",
            "key_name": "hugo-ed25519-us-east-1",
            "metadata_options": [],
            "name": "hugo-tf-auth-20220816161912076200000004",
            "name_prefix": "hugo-tf-auth-",
            "placement_tenancy": "",
            "root_block_device": [],
            "security_groups": [
              "sg-0817b3b086c520266"
            ],
            "spot_price": "",
            "user_data": "3289f96639fe102eb0d057f83ea03cb2c15f2c37",
            "user_data_base64": null,
            "vpc_classic_link_id": "",
            "vpc_classic_link_security_groups": []
          },
          "sensitive_attributes": [],
          "private": "bnVsbA==",
          "dependencies": [
            "aws_dynamodb_table.locks",
            "aws_dynamodb_table.teleport",
            "aws_dynamodb_table.teleport_events",
            "aws_iam_instance_profile.auth",
            "aws_iam_role.auth",
            "aws_iam_role_policy.auth_ssm",
            "aws_lb.auth",
            "aws_lb.monitor",
            "aws_security_group.auth",
            "aws_subnet.public",
            "aws_vpc.teleport",
            "data.aws_ami.base",
            "data.aws_availability_zones.available",
            "data.aws_caller_identity.current",
            "data.aws_kms_alias.ssm",
            "data.aws_region.current"
          ],
          "create_before_destroy": true
        }
      ]
    },
    {
      "mode": "managed",
      "type": "aws_launch_configuration",
      "name": "monitor",
      "provider": "provider[\"registry.terraform.io/hashicorp/aws\"]",
      "instances": [
        {
          "schema_version": 0,
          "attributes": {
            "arn": "arn:aws:autoscaling:us-east-1:278576220453:launchConfiguration:f3e1d408-affa-4cf7-8bb4-62c7e67dc3f9:launchConfigurationName/hugo-tf-monitor-20220816161912074100000001",
            "associate_public_ip_address": true,
            "ebs_block_device": [],
            "ebs_optimized": true,
            "enable_monitoring": true,
            "ephemeral_block_device": [],
            "iam_instance_profile": "hugo-tf-monitor",
            "id": "hugo-tf-monitor-20220816161912074100000001",
            "image_id": "ami-031156ccadfb02e44",
            "instance_type": "m4.large",
            "key_name": "hugo-ed25519-us-east-1",
            "metadata_options": [],
            "name": "hugo-tf-monitor-20220816161912074100000001",
            "name_prefix": "hugo-tf-monitor-",
            "placement_tenancy": "",
            "root_block_device": [],
            "security_groups": [
              "sg-0f1d2353f9d9fd59a"
            ],
            "spot_price": "",
            "user_data": "aa22747a539e326e9209696f7065dba8f31d4580",
            "user_data_base64": null,
            "vpc_classic_link_id": "",
            "vpc_classic_link_security_groups": []
          },
          "sensitive_attributes": [],
          "private": "bnVsbA==",
          "dependencies": [
            "aws_iam_instance_profile.monitor",
            "aws_iam_role.monitor",
            "aws_iam_role_policy.monitor_s3",
            "aws_s3_bucket.certs",
            "aws_security_group.monitor",
            "aws_vpc.teleport",
            "data.aws_ami.base"
          ],
          "create_before_destroy": true
        }
      ]
    },
    {
      "mode": "managed",
      "type": "aws_launch_configuration",
      "name": "node",
      "provider": "provider[\"registry.terraform.io/hashicorp/aws\"]",
      "instances": [
        {
          "schema_version": 0,
          "attributes": {
            "arn": "arn:aws:autoscaling:us-east-1:278576220453:launchConfiguration:6c6a5ca7-3868-4783-94ac-0f8810480892:launchConfigurationName/hugo-tf-node-20220816161912074500000002",
            "associate_public_ip_address": false,
            "ebs_block_device": [],
            "ebs_optimized": false,
            "enable_monitoring": true,
            "ephemeral_block_device": [],
            "iam_instance_profile": "hugo-tf-node",
            "id": "hugo-tf-node-20220816161912074500000002",
            "image_id": "ami-031156ccadfb02e44",
            "instance_type": "t2.medium",
            "key_name": "hugo-ed25519-us-east-1",
            "metadata_options": [],
            "name": "hugo-tf-node-20220816161912074500000002",
            "name_prefix": "hugo-tf-node-",
            "placement_tenancy": "",
            "root_block_device": [],
            "security_groups": [
              "sg-0a69b07ab163fc62b"
            ],
            "spot_price": "",
            "user_data": "bf4f0e20b5716d47cc54dfedba42c58c10f59f19",
            "user_data_base64": null,
            "vpc_classic_link_id": "",
            "vpc_classic_link_security_groups": []
          },
          "sensitive_attributes": [],
          "private": "bnVsbA==",
          "dependencies": [
            "aws_iam_instance_profile.node",
            "aws_iam_role.node",
            "aws_iam_role_policy.node_ssm",
            "aws_lb.auth",
            "aws_lb.monitor",
            "aws_security_group.node",
            "aws_subnet.public",
            "aws_vpc.teleport",
            "data.aws_ami.base",
            "data.aws_availability_zones.available",
            "data.aws_caller_identity.current",
            "data.aws_kms_alias.ssm",
            "data.aws_region.current"
          ],
          "create_before_destroy": true
        }
      ]
    },
    {
      "mode": "managed",
      "type": "aws_launch_configuration",
      "name": "proxy",
      "provider": "provider[\"registry.terraform.io/hashicorp/aws\"]",
      "instances": [
        {
          "schema_version": 0,
          "attributes": {
            "arn": "arn:aws:autoscaling:us-east-1:278576220453:launchConfiguration:1c339d73-8b7a-468b-a23e-78e6faa6e24c:launchConfigurationName/hugo-tf-proxy-20220816161912075900000003",
            "associate_public_ip_address": true,
            "ebs_block_device": [],
            "ebs_optimized": true,
            "enable_monitoring": true,
            "ephemeral_block_device": [],
            "iam_instance_profile": "hugo-tf-proxy",
            "id": "hugo-tf-proxy-20220816161912075900000003",
            "image_id": "ami-031156ccadfb02e44",
            "instance_type": "m4.large",
            "key_name": "hugo-ed25519-us-east-1",
            "metadata_options": [],
            "name": "hugo-tf-proxy-20220816161912075900000003",
            "name_prefix": "hugo-tf-proxy-",
            "placement_tenancy": "",
            "root_block_device": [],
            "security_groups": [
              "sg-090ea0772c1685b56"
            ],
            "spot_price": "",
            "user_data": "be9906bd9ecaa1c52b3ad8dd1bcbd1738bf5c5a2",
            "user_data_base64": null,
            "vpc_classic_link_id": "",
            "vpc_classic_link_security_groups": []
          },
          "sensitive_attributes": [],
          "private": "bnVsbA==",
          "dependencies": [
            "aws_iam_instance_profile.proxy",
            "aws_iam_role.proxy",
            "aws_iam_role_policy.proxy_ssm",
            "aws_lb.auth",
            "aws_lb.monitor",
            "aws_lb.proxy",
            "aws_security_group.proxy",
            "aws_subnet.public",
            "aws_vpc.teleport",
            "data.aws_ami.base",
            "data.aws_availability_zones.available",
            "data.aws_caller_identity.current",
            "data.aws_kms_alias.ssm",
            "data.aws_region.current"
          ],
          "create_before_destroy": true
        }
      ]
    },
    {
      "mode": "managed",
      "type": "aws_lb",
      "name": "auth",
      "provider": "provider[\"registry.terraform.io/hashicorp/aws\"]",
      "instances": [
        {
          "schema_version": 0,
          "attributes": {
            "access_logs": [
              {
                "bucket": "",
                "enabled": false,
                "prefix": ""
              }
            ],
            "arn": "arn:aws:elasticloadbalancing:us-east-1:278576220453:loadbalancer/net/hugo-tf-auth/12d09125b2639521",
            "arn_suffix": "net/hugo-tf-auth/12d09125b2639521",
            "customer_owned_ipv4_pool": "",
            "desync_mitigation_mode": null,
            "dns_name": "hugo-tf-auth-12d09125b2639521.elb.us-east-1.amazonaws.com",
            "drop_invalid_header_fields": null,
            "enable_cross_zone_load_balancing": false,
            "enable_deletion_protection": false,
            "enable_http2": null,
            "enable_waf_fail_open": null,
            "id": "arn:aws:elasticloadbalancing:us-east-1:278576220453:loadbalancer/net/hugo-tf-auth/12d09125b2639521",
            "idle_timeout": null,
            "internal": true,
            "ip_address_type": "ipv4",
            "load_balancer_type": "network",
            "name": "hugo-tf-auth",
            "name_prefix": null,
            "security_groups": [],
            "subnet_mapping": [
              {
                "allocation_id": "",
                "ipv6_address": "",
                "outpost_id": "",
                "private_ipv4_address": "",
                "subnet_id": "subnet-04bd33880510b1ce8"
              },
              {
                "allocation_id": "",
                "ipv6_address": "",
                "outpost_id": "",
                "private_ipv4_address": "",
                "subnet_id": "subnet-0d613cf4ef9e1c89c"
              }
            ],
            "subnets": [
              "subnet-04bd33880510b1ce8",
              "subnet-0d613cf4ef9e1c89c"
            ],
            "tags": {
              "TeleportCluster": "hugo-tf"
            },
            "tags_all": {
              "TeleportCluster": "hugo-tf"
            },
            "timeouts": null,
            "vpc_id": "vpc-00052c0bb45d5dab8",
            "zone_id": "Z26RNL4JYFTOTI"
          },
          "sensitive_attributes": [],
          "private": "eyJlMmJmYjczMC1lY2FhLTExZTYtOGY4OC0zNDM2M2JjN2M0YzAiOnsiY3JlYXRlIjo2MDAwMDAwMDAwMDAsImRlbGV0ZSI6NjAwMDAwMDAwMDAwLCJ1cGRhdGUiOjYwMDAwMDAwMDAwMH19",
          "dependencies": [
            "aws_subnet.public",
            "aws_vpc.teleport",
            "data.aws_availability_zones.available"
          ],
          "create_before_destroy": true
        }
      ]
    },
    {
      "mode": "managed",
      "type": "aws_lb",
      "name": "monitor",
      "provider": "provider[\"registry.terraform.io/hashicorp/aws\"]",
      "instances": [
        {
          "schema_version": 0,
          "attributes": {
            "access_logs": [
              {
                "bucket": "",
                "enabled": false,
                "prefix": ""
              }
            ],
            "arn": "arn:aws:elasticloadbalancing:us-east-1:278576220453:loadbalancer/net/hugo-tf-monitor/ccf8ae6a18e315d9",
            "arn_suffix": "net/hugo-tf-monitor/ccf8ae6a18e315d9",
            "customer_owned_ipv4_pool": "",
            "desync_mitigation_mode": null,
            "dns_name": "hugo-tf-monitor-ccf8ae6a18e315d9.elb.us-east-1.amazonaws.com",
            "drop_invalid_header_fields": null,
            "enable_cross_zone_load_balancing": false,
            "enable_deletion_protection": false,
            "enable_http2": null,
            "enable_waf_fail_open": null,
            "id": "arn:aws:elasticloadbalancing:us-east-1:278576220453:loadbalancer/net/hugo-tf-monitor/ccf8ae6a18e315d9",
            "idle_timeout": null,
            "internal": true,
            "ip_address_type": "ipv4",
            "load_balancer_type": "network",
            "name": "hugo-tf-monitor",
            "name_prefix": null,
            "security_groups": [],
            "subnet_mapping": [
              {
                "allocation_id": "",
                "ipv6_address": "",
                "outpost_id": "",
                "private_ipv4_address": "",
                "subnet_id": "subnet-04bd33880510b1ce8"
              }
            ],
            "subnets": [
              "subnet-04bd33880510b1ce8"
            ],
            "tags": {
              "TeleportCluster": "hugo-tf"
            },
            "tags_all": {
              "TeleportCluster": "hugo-tf"
            },
            "timeouts": null,
            "vpc_id": "vpc-00052c0bb45d5dab8",
            "zone_id": "Z26RNL4JYFTOTI"
          },
          "sensitive_attributes": [],
          "private": "eyJlMmJmYjczMC1lY2FhLTExZTYtOGY4OC0zNDM2M2JjN2M0YzAiOnsiY3JlYXRlIjo2MDAwMDAwMDAwMDAsImRlbGV0ZSI6NjAwMDAwMDAwMDAwLCJ1cGRhdGUiOjYwMDAwMDAwMDAwMH19",
          "dependencies": [
            "aws_subnet.public",
            "aws_vpc.teleport",
            "data.aws_availability_zones.available"
          ],
          "create_before_destroy": true
        }
      ]
    },
    {
      "mode": "managed",
      "type": "aws_lb",
      "name": "proxy",
      "provider": "provider[\"registry.terraform.io/hashicorp/aws\"]",
      "instances": [
        {
          "schema_version": 0,
          "attributes": {
            "access_logs": [
              {
                "bucket": "",
                "enabled": false,
                "prefix": ""
              }
            ],
            "arn": "arn:aws:elasticloadbalancing:us-east-1:278576220453:loadbalancer/net/hugo-tf-proxy/97bbde62b85cf2a1",
            "arn_suffix": "net/hugo-tf-proxy/97bbde62b85cf2a1",
            "customer_owned_ipv4_pool": "",
            "desync_mitigation_mode": null,
            "dns_name": "hugo-tf-proxy-97bbde62b85cf2a1.elb.us-east-1.amazonaws.com",
            "drop_invalid_header_fields": null,
            "enable_cross_zone_load_balancing": true,
            "enable_deletion_protection": false,
            "enable_http2": null,
            "enable_waf_fail_open": null,
            "id": "arn:aws:elasticloadbalancing:us-east-1:278576220453:loadbalancer/net/hugo-tf-proxy/97bbde62b85cf2a1",
            "idle_timeout": null,
            "internal": false,
            "ip_address_type": "ipv4",
            "load_balancer_type": "network",
            "name": "hugo-tf-proxy",
            "name_prefix": null,
            "security_groups": [],
            "subnet_mapping": [
              {
                "allocation_id": "",
                "ipv6_address": "",
                "outpost_id": "",
                "private_ipv4_address": "",
                "subnet_id": "subnet-04bd33880510b1ce8"
              },
              {
                "allocation_id": "",
                "ipv6_address": "",
                "outpost_id": "",
                "private_ipv4_address": "",
                "subnet_id": "subnet-0d613cf4ef9e1c89c"
              }
            ],
            "subnets": [
              "subnet-04bd33880510b1ce8",
              "subnet-0d613cf4ef9e1c89c"
            ],
            "tags": {
              "TeleportCluster": "hugo-tf"
            },
            "tags_all": {
              "TeleportCluster": "hugo-tf"
            },
            "timeouts": null,
            "vpc_id": "vpc-00052c0bb45d5dab8",
            "zone_id": "Z26RNL4JYFTOTI"
          },
          "sensitive_attributes": [],
          "private": "eyJlMmJmYjczMC1lY2FhLTExZTYtOGY4OC0zNDM2M2JjN2M0YzAiOnsiY3JlYXRlIjo2MDAwMDAwMDAwMDAsImRlbGV0ZSI6NjAwMDAwMDAwMDAwLCJ1cGRhdGUiOjYwMDAwMDAwMDAwMH19",
          "dependencies": [
            "aws_subnet.public",
            "aws_vpc.teleport",
            "data.aws_availability_zones.available"
          ],
          "create_before_destroy": true
        }
      ]
    },
    {
      "mode": "managed",
      "type": "aws_lb_listener",
      "name": "auth",
      "provider": "provider[\"registry.terraform.io/hashicorp/aws\"]",
      "instances": [
        {
          "schema_version": 0,
          "attributes": {
            "alpn_policy": null,
            "arn": "arn:aws:elasticloadbalancing:us-east-1:278576220453:listener/net/hugo-tf-auth/12d09125b2639521/97098dc763be016a",
            "certificate_arn": null,
            "default_action": [
              {
                "authenticate_cognito": [],
                "authenticate_oidc": [],
                "fixed_response": [],
                "forward": [],
                "order": 1,
                "redirect": [],
                "target_group_arn": "arn:aws:elasticloadbalancing:us-east-1:278576220453:targetgroup/hugo-tf-auth/a8970966b665d33a",
                "type": "forward"
              }
            ],
            "id": "arn:aws:elasticloadbalancing:us-east-1:278576220453:listener/net/hugo-tf-auth/12d09125b2639521/97098dc763be016a",
            "load_balancer_arn": "arn:aws:elasticloadbalancing:us-east-1:278576220453:loadbalancer/net/hugo-tf-auth/12d09125b2639521",
            "port": 3025,
            "protocol": "TCP",
            "ssl_policy": "",
            "tags": {},
            "tags_all": {},
            "timeouts": null
          },
          "sensitive_attributes": [],
          "private": "eyJlMmJmYjczMC1lY2FhLTExZTYtOGY4OC0zNDM2M2JjN2M0YzAiOnsicmVhZCI6NjAwMDAwMDAwMDAwfX0=",
          "dependencies": [
            "aws_lb.auth",
            "aws_lb_target_group.auth",
            "aws_subnet.public",
            "aws_vpc.teleport",
            "data.aws_availability_zones.available"
          ]
        }
      ]
    },
    {
      "mode": "managed",
      "type": "aws_lb_listener",
      "name": "monitor",
      "provider": "provider[\"registry.terraform.io/hashicorp/aws\"]",
      "instances": [
        {
          "schema_version": 0,
          "attributes": {
            "alpn_policy": null,
            "arn": "arn:aws:elasticloadbalancing:us-east-1:278576220453:listener/net/hugo-tf-monitor/ccf8ae6a18e315d9/658a1e4b0e87d001",
            "certificate_arn": null,
            "default_action": [
              {
                "authenticate_cognito": [],
                "authenticate_oidc": [],
                "fixed_response": [],
                "forward": [],
                "order": 1,
                "redirect": [],
                "target_group_arn": "arn:aws:elasticloadbalancing:us-east-1:278576220453:targetgroup/hugo-tf-monitor/e045bf563c1dd5ac",
                "type": "forward"
              }
            ],
            "id": "arn:aws:elasticloadbalancing:us-east-1:278576220453:listener/net/hugo-tf-monitor/ccf8ae6a18e315d9/658a1e4b0e87d001",
            "load_balancer_arn": "arn:aws:elasticloadbalancing:us-east-1:278576220453:loadbalancer/net/hugo-tf-monitor/ccf8ae6a18e315d9",
            "port": 8086,
            "protocol": "TCP",
            "ssl_policy": "",
            "tags": {},
            "tags_all": {},
            "timeouts": null
          },
          "sensitive_attributes": [],
          "private": "eyJlMmJmYjczMC1lY2FhLTExZTYtOGY4OC0zNDM2M2JjN2M0YzAiOnsicmVhZCI6NjAwMDAwMDAwMDAwfX0=",
          "dependencies": [
            "aws_lb.monitor",
            "aws_lb_target_group.monitor",
            "aws_subnet.public",
            "aws_vpc.teleport",
            "data.aws_availability_zones.available"
          ]
        }
      ]
    },
    {
      "mode": "managed",
      "type": "aws_lb_listener",
      "name": "proxy_grafana",
      "provider": "provider[\"registry.terraform.io/hashicorp/aws\"]",
      "instances": [
        {
          "index_key": 0,
          "schema_version": 0,
          "attributes": {
            "alpn_policy": null,
            "arn": "arn:aws:elasticloadbalancing:us-east-1:278576220453:listener/net/hugo-tf-proxy/97bbde62b85cf2a1/ee1f830f0ac6c700",
            "certificate_arn": null,
            "default_action": [
              {
                "authenticate_cognito": [],
                "authenticate_oidc": [],
                "fixed_response": [],
                "forward": [],
                "order": 1,
                "redirect": [],
                "target_group_arn": "arn:aws:elasticloadbalancing:us-east-1:278576220453:targetgroup/hugo-tf-proxy-grafana/885196d5a75b2356",
                "type": "forward"
              }
            ],
            "id": "arn:aws:elasticloadbalancing:us-east-1:278576220453:listener/net/hugo-tf-proxy/97bbde62b85cf2a1/ee1f830f0ac6c700",
            "load_balancer_arn": "arn:aws:elasticloadbalancing:us-east-1:278576220453:loadbalancer/net/hugo-tf-proxy/97bbde62b85cf2a1",
            "port": 8443,
            "protocol": "TCP",
            "ssl_policy": "",
            "tags": {},
            "tags_all": {},
            "timeouts": null
          },
          "sensitive_attributes": [],
          "private": "eyJlMmJmYjczMC1lY2FhLTExZTYtOGY4OC0zNDM2M2JjN2M0YzAiOnsicmVhZCI6NjAwMDAwMDAwMDAwfX0=",
          "dependencies": [
            "aws_lb.proxy",
            "aws_lb_target_group.proxy_grafana",
            "aws_subnet.public",
            "aws_vpc.teleport",
            "data.aws_availability_zones.available"
          ]
        }
      ]
    },
    {
      "mode": "managed",
      "type": "aws_lb_listener",
      "name": "proxy_kube",
      "provider": "provider[\"registry.terraform.io/hashicorp/aws\"]",
      "instances": [
        {
          "schema_version": 0,
          "attributes": {
            "alpn_policy": null,
            "arn": "arn:aws:elasticloadbalancing:us-east-1:278576220453:listener/net/hugo-tf-proxy/97bbde62b85cf2a1/cbfb2509642e5dfc",
            "certificate_arn": null,
            "default_action": [
              {
                "authenticate_cognito": [],
                "authenticate_oidc": [],
                "fixed_response": [],
                "forward": [],
                "order": 1,
                "redirect": [],
                "target_group_arn": "arn:aws:elasticloadbalancing:us-east-1:278576220453:targetgroup/hugo-tf-proxy-kube/632ae6e87a942be4",
                "type": "forward"
              }
            ],
            "id": "arn:aws:elasticloadbalancing:us-east-1:278576220453:listener/net/hugo-tf-proxy/97bbde62b85cf2a1/cbfb2509642e5dfc",
            "load_balancer_arn": "arn:aws:elasticloadbalancing:us-east-1:278576220453:loadbalancer/net/hugo-tf-proxy/97bbde62b85cf2a1",
            "port": 3026,
            "protocol": "TCP",
            "ssl_policy": "",
            "tags": {},
            "tags_all": {},
            "timeouts": null
          },
          "sensitive_attributes": [],
          "private": "eyJlMmJmYjczMC1lY2FhLTExZTYtOGY4OC0zNDM2M2JjN2M0YzAiOnsicmVhZCI6NjAwMDAwMDAwMDAwfX0=",
          "dependencies": [
            "aws_lb.proxy",
            "aws_lb_target_group.proxy_kube",
            "aws_subnet.public",
            "aws_vpc.teleport",
            "data.aws_availability_zones.available"
          ]
        }
      ]
    },
    {
      "mode": "managed",
      "type": "aws_lb_listener",
      "name": "proxy_mongodb",
      "provider": "provider[\"registry.terraform.io/hashicorp/aws\"]",
      "instances": [
        {
          "schema_version": 0,
          "attributes": {
            "alpn_policy": null,
            "arn": "arn:aws:elasticloadbalancing:us-east-1:278576220453:listener/net/hugo-tf-proxy/97bbde62b85cf2a1/0f39731a7962b0f2",
            "certificate_arn": null,
            "default_action": [
              {
                "authenticate_cognito": [],
                "authenticate_oidc": [],
                "fixed_response": [],
                "forward": [],
                "order": 1,
                "redirect": [],
                "target_group_arn": "arn:aws:elasticloadbalancing:us-east-1:278576220453:targetgroup/hugo-tf-proxy-mongodb/0df20bab7f6c3990",
                "type": "forward"
              }
            ],
            "id": "arn:aws:elasticloadbalancing:us-east-1:278576220453:listener/net/hugo-tf-proxy/97bbde62b85cf2a1/0f39731a7962b0f2",
            "load_balancer_arn": "arn:aws:elasticloadbalancing:us-east-1:278576220453:loadbalancer/net/hugo-tf-proxy/97bbde62b85cf2a1",
            "port": 27017,
            "protocol": "TCP",
            "ssl_policy": "",
            "tags": {},
            "tags_all": {},
            "timeouts": null
          },
          "sensitive_attributes": [],
          "private": "eyJlMmJmYjczMC1lY2FhLTExZTYtOGY4OC0zNDM2M2JjN2M0YzAiOnsicmVhZCI6NjAwMDAwMDAwMDAwfX0=",
          "dependencies": [
            "aws_lb.proxy",
            "aws_lb_target_group.proxy_mongodb",
            "aws_subnet.public",
            "aws_vpc.teleport",
            "data.aws_availability_zones.available"
          ]
        }
      ]
    },
    {
      "mode": "managed",
      "type": "aws_lb_listener",
      "name": "proxy_mysql",
      "provider": "provider[\"registry.terraform.io/hashicorp/aws\"]",
      "instances": [
        {
          "schema_version": 0,
          "attributes": {
            "alpn_policy": null,
            "arn": "arn:aws:elasticloadbalancing:us-east-1:278576220453:listener/net/hugo-tf-proxy/97bbde62b85cf2a1/f61a75ad7048e0c6",
            "certificate_arn": null,
            "default_action": [
              {
                "authenticate_cognito": [],
                "authenticate_oidc": [],
                "fixed_response": [],
                "forward": [],
                "order": 1,
                "redirect": [],
                "target_group_arn": "arn:aws:elasticloadbalancing:us-east-1:278576220453:targetgroup/hugo-tf-proxy-mysql/20fcf0960ca2c905",
                "type": "forward"
              }
            ],
            "id": "arn:aws:elasticloadbalancing:us-east-1:278576220453:listener/net/hugo-tf-proxy/97bbde62b85cf2a1/f61a75ad7048e0c6",
            "load_balancer_arn": "arn:aws:elasticloadbalancing:us-east-1:278576220453:loadbalancer/net/hugo-tf-proxy/97bbde62b85cf2a1",
            "port": 3036,
            "protocol": "TCP",
            "ssl_policy": "",
            "tags": {},
            "tags_all": {},
            "timeouts": null
          },
          "sensitive_attributes": [],
          "private": "eyJlMmJmYjczMC1lY2FhLTExZTYtOGY4OC0zNDM2M2JjN2M0YzAiOnsicmVhZCI6NjAwMDAwMDAwMDAwfX0=",
          "dependencies": [
            "aws_lb.proxy",
            "aws_lb_target_group.proxy_mysql",
            "aws_subnet.public",
            "aws_vpc.teleport",
            "data.aws_availability_zones.available"
          ]
        }
      ]
    },
    {
      "mode": "managed",
      "type": "aws_lb_listener",
      "name": "proxy_postgres",
      "provider": "provider[\"registry.terraform.io/hashicorp/aws\"]",
      "instances": [
        {
          "schema_version": 0,
          "attributes": {
            "alpn_policy": null,
            "arn": "arn:aws:elasticloadbalancing:us-east-1:278576220453:listener/net/hugo-tf-proxy/97bbde62b85cf2a1/928a771699fda0f1",
            "certificate_arn": null,
            "default_action": [
              {
                "authenticate_cognito": [],
                "authenticate_oidc": [],
                "fixed_response": [],
                "forward": [],
                "order": 1,
                "redirect": [],
                "target_group_arn": "arn:aws:elasticloadbalancing:us-east-1:278576220453:targetgroup/hugo-tf-proxy-postgres/30c595ff28504a13",
                "type": "forward"
              }
            ],
            "id": "arn:aws:elasticloadbalancing:us-east-1:278576220453:listener/net/hugo-tf-proxy/97bbde62b85cf2a1/928a771699fda0f1",
            "load_balancer_arn": "arn:aws:elasticloadbalancing:us-east-1:278576220453:loadbalancer/net/hugo-tf-proxy/97bbde62b85cf2a1",
            "port": 5432,
            "protocol": "TCP",
            "ssl_policy": "",
            "tags": {},
            "tags_all": {},
            "timeouts": null
          },
          "sensitive_attributes": [],
          "private": "eyJlMmJmYjczMC1lY2FhLTExZTYtOGY4OC0zNDM2M2JjN2M0YzAiOnsicmVhZCI6NjAwMDAwMDAwMDAwfX0=",
          "dependencies": [
            "aws_lb.proxy",
            "aws_lb_target_group.proxy_postgres",
            "aws_subnet.public",
            "aws_vpc.teleport",
            "data.aws_availability_zones.available"
          ]
        }
      ]
    },
    {
      "mode": "managed",
      "type": "aws_lb_listener",
      "name": "proxy_proxy",
      "provider": "provider[\"registry.terraform.io/hashicorp/aws\"]",
      "instances": [
        {
          "schema_version": 0,
          "attributes": {
            "alpn_policy": null,
            "arn": "arn:aws:elasticloadbalancing:us-east-1:278576220453:listener/net/hugo-tf-proxy/97bbde62b85cf2a1/a075f995659e7649",
            "certificate_arn": null,
            "default_action": [
              {
                "authenticate_cognito": [],
                "authenticate_oidc": [],
                "fixed_response": [],
                "forward": [],
                "order": 1,
                "redirect": [],
                "target_group_arn": "arn:aws:elasticloadbalancing:us-east-1:278576220453:targetgroup/hugo-tf-proxy-proxy/f0b5bf0d8f52d290",
                "type": "forward"
              }
            ],
            "id": "arn:aws:elasticloadbalancing:us-east-1:278576220453:listener/net/hugo-tf-proxy/97bbde62b85cf2a1/a075f995659e7649",
            "load_balancer_arn": "arn:aws:elasticloadbalancing:us-east-1:278576220453:loadbalancer/net/hugo-tf-proxy/97bbde62b85cf2a1",
            "port": 3023,
            "protocol": "TCP",
            "ssl_policy": "",
            "tags": {},
            "tags_all": {},
            "timeouts": null
          },
          "sensitive_attributes": [],
          "private": "eyJlMmJmYjczMC1lY2FhLTExZTYtOGY4OC0zNDM2M2JjN2M0YzAiOnsicmVhZCI6NjAwMDAwMDAwMDAwfX0=",
          "dependencies": [
            "aws_lb.proxy",
            "aws_lb_target_group.proxy_proxy",
            "aws_subnet.public",
            "aws_vpc.teleport",
            "data.aws_availability_zones.available"
          ]
        }
      ]
    },
    {
      "mode": "managed",
      "type": "aws_lb_listener",
      "name": "proxy_web",
      "provider": "provider[\"registry.terraform.io/hashicorp/aws\"]",
      "instances": [
        {
          "index_key": 0,
          "schema_version": 0,
          "attributes": {
            "alpn_policy": null,
            "arn": "arn:aws:elasticloadbalancing:us-east-1:278576220453:listener/net/hugo-tf-proxy/97bbde62b85cf2a1/101096063600e277",
            "certificate_arn": null,
            "default_action": [
              {
                "authenticate_cognito": [],
                "authenticate_oidc": [],
                "fixed_response": [],
                "forward": [],
                "order": 1,
                "redirect": [],
                "target_group_arn": "arn:aws:elasticloadbalancing:us-east-1:278576220453:targetgroup/hugo-tf-proxy-web/47dbd2cbbaaec021",
                "type": "forward"
              }
            ],
            "id": "arn:aws:elasticloadbalancing:us-east-1:278576220453:listener/net/hugo-tf-proxy/97bbde62b85cf2a1/101096063600e277",
            "load_balancer_arn": "arn:aws:elasticloadbalancing:us-east-1:278576220453:loadbalancer/net/hugo-tf-proxy/97bbde62b85cf2a1",
            "port": 443,
            "protocol": "TCP",
            "ssl_policy": "",
            "tags": {},
            "tags_all": {},
            "timeouts": null
          },
          "sensitive_attributes": [],
          "private": "eyJlMmJmYjczMC1lY2FhLTExZTYtOGY4OC0zNDM2M2JjN2M0YzAiOnsicmVhZCI6NjAwMDAwMDAwMDAwfX0=",
          "dependencies": [
            "aws_lb.proxy",
            "aws_lb_target_group.proxy_web",
            "aws_subnet.public",
            "aws_vpc.teleport",
            "data.aws_availability_zones.available"
          ]
        }
      ]
    },
    {
      "mode": "managed",
      "type": "aws_lb_target_group",
      "name": "auth",
      "provider": "provider[\"registry.terraform.io/hashicorp/aws\"]",
      "instances": [
        {
          "schema_version": 0,
          "attributes": {
            "arn": "arn:aws:elasticloadbalancing:us-east-1:278576220453:targetgroup/hugo-tf-auth/a8970966b665d33a",
            "arn_suffix": "targetgroup/hugo-tf-auth/a8970966b665d33a",
            "connection_termination": false,
            "deregistration_delay": "300",
            "health_check": [
              {
                "enabled": true,
                "healthy_threshold": 3,
                "interval": 30,
                "matcher": "",
                "path": "",
                "port": "traffic-port",
                "protocol": "TCP",
                "timeout": 10,
                "unhealthy_threshold": 3
              }
            ],
            "id": "arn:aws:elasticloadbalancing:us-east-1:278576220453:targetgroup/hugo-tf-auth/a8970966b665d33a",
            "lambda_multi_value_headers_enabled": false,
            "load_balancing_algorithm_type": null,
            "name": "hugo-tf-auth",
            "name_prefix": null,
            "port": 3025,
            "preserve_client_ip": "true",
            "protocol": "TCP",
            "protocol_version": null,
            "proxy_protocol_v2": false,
            "slow_start": 0,
            "stickiness": [
              {
                "cookie_duration": 0,
                "cookie_name": "",
                "enabled": false,
                "type": "source_ip"
              }
            ],
            "tags": {},
            "tags_all": {},
            "target_type": "instance",
            "vpc_id": "vpc-00052c0bb45d5dab8"
          },
          "sensitive_attributes": [],
          "private": "bnVsbA==",
          "dependencies": [
            "aws_vpc.teleport"
          ]
        }
      ]
    },
    {
      "mode": "managed",
      "type": "aws_lb_target_group",
      "name": "monitor",
      "provider": "provider[\"registry.terraform.io/hashicorp/aws\"]",
      "instances": [
        {
          "schema_version": 0,
          "attributes": {
            "arn": "arn:aws:elasticloadbalancing:us-east-1:278576220453:targetgroup/hugo-tf-monitor/e045bf563c1dd5ac",
            "arn_suffix": "targetgroup/hugo-tf-monitor/e045bf563c1dd5ac",
            "connection_termination": false,
            "deregistration_delay": "300",
            "health_check": [
              {
                "enabled": true,
                "healthy_threshold": 3,
                "interval": 30,
                "matcher": "",
                "path": "",
                "port": "traffic-port",
                "protocol": "TCP",
                "timeout": 10,
                "unhealthy_threshold": 3
              }
            ],
            "id": "arn:aws:elasticloadbalancing:us-east-1:278576220453:targetgroup/hugo-tf-monitor/e045bf563c1dd5ac",
            "lambda_multi_value_headers_enabled": false,
            "load_balancing_algorithm_type": null,
            "name": "hugo-tf-monitor",
            "name_prefix": null,
            "port": 8086,
            "preserve_client_ip": "true",
            "protocol": "TCP",
            "protocol_version": null,
            "proxy_protocol_v2": false,
            "slow_start": 0,
            "stickiness": [
              {
                "cookie_duration": 0,
                "cookie_name": "",
                "enabled": false,
                "type": "source_ip"
              }
            ],
            "tags": {},
            "tags_all": {},
            "target_type": "instance",
            "vpc_id": "vpc-00052c0bb45d5dab8"
          },
          "sensitive_attributes": [],
          "private": "bnVsbA==",
          "dependencies": [
            "aws_vpc.teleport"
          ]
        }
      ]
    },
    {
      "mode": "managed",
      "type": "aws_lb_target_group",
      "name": "proxy_grafana",
      "provider": "provider[\"registry.terraform.io/hashicorp/aws\"]",
      "instances": [
        {
          "index_key": 0,
          "schema_version": 0,
          "attributes": {
            "arn": "arn:aws:elasticloadbalancing:us-east-1:278576220453:targetgroup/hugo-tf-proxy-grafana/885196d5a75b2356",
            "arn_suffix": "targetgroup/hugo-tf-proxy-grafana/885196d5a75b2356",
            "connection_termination": false,
            "deregistration_delay": "300",
            "health_check": [
              {
                "enabled": true,
                "healthy_threshold": 3,
                "interval": 30,
                "matcher": "",
                "path": "",
                "port": "traffic-port",
                "protocol": "TCP",
                "timeout": 10,
                "unhealthy_threshold": 3
              }
            ],
            "id": "arn:aws:elasticloadbalancing:us-east-1:278576220453:targetgroup/hugo-tf-proxy-grafana/885196d5a75b2356",
            "lambda_multi_value_headers_enabled": false,
            "load_balancing_algorithm_type": null,
            "name": "hugo-tf-proxy-grafana",
            "name_prefix": null,
            "port": 8443,
            "preserve_client_ip": "true",
            "protocol": "TCP",
            "protocol_version": null,
            "proxy_protocol_v2": false,
            "slow_start": 0,
            "stickiness": [
              {
                "cookie_duration": 0,
                "cookie_name": "",
                "enabled": false,
                "type": "source_ip"
              }
            ],
            "tags": {},
            "tags_all": {},
            "target_type": "instance",
            "vpc_id": "vpc-00052c0bb45d5dab8"
          },
          "sensitive_attributes": [],
          "private": "bnVsbA==",
          "dependencies": [
            "aws_vpc.teleport"
          ]
        }
      ]
    },
    {
      "mode": "managed",
      "type": "aws_lb_target_group",
      "name": "proxy_kube",
      "provider": "provider[\"registry.terraform.io/hashicorp/aws\"]",
      "instances": [
        {
          "schema_version": 0,
          "attributes": {
            "arn": "arn:aws:elasticloadbalancing:us-east-1:278576220453:targetgroup/hugo-tf-proxy-kube/632ae6e87a942be4",
            "arn_suffix": "targetgroup/hugo-tf-proxy-kube/632ae6e87a942be4",
            "connection_termination": false,
            "deregistration_delay": "300",
            "health_check": [
              {
                "enabled": true,
                "healthy_threshold": 3,
                "interval": 30,
                "matcher": "",
                "path": "",
                "port": "traffic-port",
                "protocol": "TCP",
                "timeout": 10,
                "unhealthy_threshold": 3
              }
            ],
            "id": "arn:aws:elasticloadbalancing:us-east-1:278576220453:targetgroup/hugo-tf-proxy-kube/632ae6e87a942be4",
            "lambda_multi_value_headers_enabled": false,
            "load_balancing_algorithm_type": null,
            "name": "hugo-tf-proxy-kube",
            "name_prefix": null,
            "port": 3026,
            "preserve_client_ip": "true",
            "protocol": "TCP",
            "protocol_version": null,
            "proxy_protocol_v2": false,
            "slow_start": 0,
            "stickiness": [
              {
                "cookie_duration": 0,
                "cookie_name": "",
                "enabled": false,
                "type": "source_ip"
              }
            ],
            "tags": {},
            "tags_all": {},
            "target_type": "instance",
            "vpc_id": "vpc-00052c0bb45d5dab8"
          },
          "sensitive_attributes": [],
          "private": "bnVsbA==",
          "dependencies": [
            "aws_vpc.teleport"
          ]
        }
      ]
    },
    {
      "mode": "managed",
      "type": "aws_lb_target_group",
      "name": "proxy_mongodb",
      "provider": "provider[\"registry.terraform.io/hashicorp/aws\"]",
      "instances": [
        {
          "schema_version": 0,
          "attributes": {
            "arn": "arn:aws:elasticloadbalancing:us-east-1:278576220453:targetgroup/hugo-tf-proxy-mongodb/0df20bab7f6c3990",
            "arn_suffix": "targetgroup/hugo-tf-proxy-mongodb/0df20bab7f6c3990",
            "connection_termination": false,
            "deregistration_delay": "300",
            "health_check": [
              {
                "enabled": true,
                "healthy_threshold": 3,
                "interval": 30,
                "matcher": "",
                "path": "",
                "port": "traffic-port",
                "protocol": "TCP",
                "timeout": 10,
                "unhealthy_threshold": 3
              }
            ],
            "id": "arn:aws:elasticloadbalancing:us-east-1:278576220453:targetgroup/hugo-tf-proxy-mongodb/0df20bab7f6c3990",
            "lambda_multi_value_headers_enabled": false,
            "load_balancing_algorithm_type": null,
            "name": "hugo-tf-proxy-mongodb",
            "name_prefix": null,
            "port": 27017,
            "preserve_client_ip": "true",
            "protocol": "TCP",
            "protocol_version": null,
            "proxy_protocol_v2": false,
            "slow_start": 0,
            "stickiness": [
              {
                "cookie_duration": 0,
                "cookie_name": "",
                "enabled": false,
                "type": "source_ip"
              }
            ],
            "tags": {},
            "tags_all": {},
            "target_type": "instance",
            "vpc_id": "vpc-00052c0bb45d5dab8"
          },
          "sensitive_attributes": [],
          "private": "bnVsbA==",
          "dependencies": [
            "aws_vpc.teleport"
          ]
        }
      ]
    },
    {
      "mode": "managed",
      "type": "aws_lb_target_group",
      "name": "proxy_mysql",
      "provider": "provider[\"registry.terraform.io/hashicorp/aws\"]",
      "instances": [
        {
          "schema_version": 0,
          "attributes": {
            "arn": "arn:aws:elasticloadbalancing:us-east-1:278576220453:targetgroup/hugo-tf-proxy-mysql/20fcf0960ca2c905",
            "arn_suffix": "targetgroup/hugo-tf-proxy-mysql/20fcf0960ca2c905",
            "connection_termination": false,
            "deregistration_delay": "300",
            "health_check": [
              {
                "enabled": true,
                "healthy_threshold": 3,
                "interval": 30,
                "matcher": "",
                "path": "",
                "port": "traffic-port",
                "protocol": "TCP",
                "timeout": 10,
                "unhealthy_threshold": 3
              }
            ],
            "id": "arn:aws:elasticloadbalancing:us-east-1:278576220453:targetgroup/hugo-tf-proxy-mysql/20fcf0960ca2c905",
            "lambda_multi_value_headers_enabled": false,
            "load_balancing_algorithm_type": null,
            "name": "hugo-tf-proxy-mysql",
            "name_prefix": null,
            "port": 3036,
            "preserve_client_ip": "true",
            "protocol": "TCP",
            "protocol_version": null,
            "proxy_protocol_v2": false,
            "slow_start": 0,
            "stickiness": [
              {
                "cookie_duration": 0,
                "cookie_name": "",
                "enabled": false,
                "type": "source_ip"
              }
            ],
            "tags": {},
            "tags_all": {},
            "target_type": "instance",
            "vpc_id": "vpc-00052c0bb45d5dab8"
          },
          "sensitive_attributes": [],
          "private": "bnVsbA==",
          "dependencies": [
            "aws_vpc.teleport"
          ]
        }
      ]
    },
    {
      "mode": "managed",
      "type": "aws_lb_target_group",
      "name": "proxy_postgres",
      "provider": "provider[\"registry.terraform.io/hashicorp/aws\"]",
      "instances": [
        {
          "schema_version": 0,
          "attributes": {
            "arn": "arn:aws:elasticloadbalancing:us-east-1:278576220453:targetgroup/hugo-tf-proxy-postgres/30c595ff28504a13",
            "arn_suffix": "targetgroup/hugo-tf-proxy-postgres/30c595ff28504a13",
            "connection_termination": false,
            "deregistration_delay": "300",
            "health_check": [
              {
                "enabled": true,
                "healthy_threshold": 3,
                "interval": 30,
                "matcher": "",
                "path": "",
                "port": "traffic-port",
                "protocol": "TCP",
                "timeout": 10,
                "unhealthy_threshold": 3
              }
            ],
            "id": "arn:aws:elasticloadbalancing:us-east-1:278576220453:targetgroup/hugo-tf-proxy-postgres/30c595ff28504a13",
            "lambda_multi_value_headers_enabled": false,
            "load_balancing_algorithm_type": null,
            "name": "hugo-tf-proxy-postgres",
            "name_prefix": null,
            "port": 5432,
            "preserve_client_ip": "true",
            "protocol": "TCP",
            "protocol_version": null,
            "proxy_protocol_v2": false,
            "slow_start": 0,
            "stickiness": [
              {
                "cookie_duration": 0,
                "cookie_name": "",
                "enabled": false,
                "type": "source_ip"
              }
            ],
            "tags": {},
            "tags_all": {},
            "target_type": "instance",
            "vpc_id": "vpc-00052c0bb45d5dab8"
          },
          "sensitive_attributes": [],
          "private": "bnVsbA==",
          "dependencies": [
            "aws_vpc.teleport"
          ]
        }
      ]
    },
    {
      "mode": "managed",
      "type": "aws_lb_target_group",
      "name": "proxy_proxy",
      "provider": "provider[\"registry.terraform.io/hashicorp/aws\"]",
      "instances": [
        {
          "schema_version": 0,
          "attributes": {
            "arn": "arn:aws:elasticloadbalancing:us-east-1:278576220453:targetgroup/hugo-tf-proxy-proxy/f0b5bf0d8f52d290",
            "arn_suffix": "targetgroup/hugo-tf-proxy-proxy/f0b5bf0d8f52d290",
            "connection_termination": false,
            "deregistration_delay": "300",
            "health_check": [
              {
                "enabled": true,
                "healthy_threshold": 3,
                "interval": 30,
                "matcher": "",
                "path": "",
                "port": "traffic-port",
                "protocol": "TCP",
                "timeout": 10,
                "unhealthy_threshold": 3
              }
            ],
            "id": "arn:aws:elasticloadbalancing:us-east-1:278576220453:targetgroup/hugo-tf-proxy-proxy/f0b5bf0d8f52d290",
            "lambda_multi_value_headers_enabled": false,
            "load_balancing_algorithm_type": null,
            "name": "hugo-tf-proxy-proxy",
            "name_prefix": null,
            "port": 3023,
            "preserve_client_ip": "true",
            "protocol": "TCP",
            "protocol_version": null,
            "proxy_protocol_v2": false,
            "slow_start": 0,
            "stickiness": [
              {
                "cookie_duration": 0,
                "cookie_name": "",
                "enabled": false,
                "type": "source_ip"
              }
            ],
            "tags": {},
            "tags_all": {},
            "target_type": "instance",
            "vpc_id": "vpc-00052c0bb45d5dab8"
          },
          "sensitive_attributes": [],
          "private": "bnVsbA==",
          "dependencies": [
            "aws_vpc.teleport"
          ]
        }
      ]
    },
    {
      "mode": "managed",
      "type": "aws_lb_target_group",
      "name": "proxy_web",
      "provider": "provider[\"registry.terraform.io/hashicorp/aws\"]",
      "instances": [
        {
          "index_key": 0,
          "schema_version": 0,
          "attributes": {
            "arn": "arn:aws:elasticloadbalancing:us-east-1:278576220453:targetgroup/hugo-tf-proxy-web/47dbd2cbbaaec021",
            "arn_suffix": "targetgroup/hugo-tf-proxy-web/47dbd2cbbaaec021",
            "connection_termination": false,
            "deregistration_delay": "300",
            "health_check": [
              {
                "enabled": true,
                "healthy_threshold": 3,
                "interval": 30,
                "matcher": "",
                "path": "",
                "port": "traffic-port",
                "protocol": "TCP",
                "timeout": 10,
                "unhealthy_threshold": 3
              }
            ],
            "id": "arn:aws:elasticloadbalancing:us-east-1:278576220453:targetgroup/hugo-tf-proxy-web/47dbd2cbbaaec021",
            "lambda_multi_value_headers_enabled": false,
            "load_balancing_algorithm_type": null,
            "name": "hugo-tf-proxy-web",
            "name_prefix": null,
            "port": 3080,
            "preserve_client_ip": "true",
            "protocol": "TCP",
            "protocol_version": null,
            "proxy_protocol_v2": false,
            "slow_start": 0,
            "stickiness": [
              {
                "cookie_duration": 0,
                "cookie_name": "",
                "enabled": false,
                "type": "source_ip"
              }
            ],
            "tags": {},
            "tags_all": {},
            "target_type": "instance",
            "vpc_id": "vpc-00052c0bb45d5dab8"
          },
          "sensitive_attributes": [],
          "private": "bnVsbA==",
          "dependencies": [
            "aws_vpc.teleport"
          ]
        }
      ]
    },
    {
      "mode": "managed",
      "type": "aws_nat_gateway",
      "name": "teleport",
      "provider": "provider[\"registry.terraform.io/hashicorp/aws\"]",
      "instances": [
        {
          "index_key": 0,
          "schema_version": 0,
          "attributes": {
            "allocation_id": "eipalloc-0dc5c0ae369920c2b",
            "connectivity_type": "public",
            "id": "nat-0b7724d307ffe5b36",
            "network_interface_id": "eni-00e225c94a62fc622",
            "private_ip": "172.31.2.84",
            "public_ip": "3.217.198.64",
            "subnet_id": "subnet-04bd33880510b1ce8",
            "tags": {
              "TeleportCluster": "hugo-tf"
            },
            "tags_all": {
              "TeleportCluster": "hugo-tf"
            }
          },
          "sensitive_attributes": [],
          "private": "bnVsbA==",
          "dependencies": [
            "aws_eip.nat",
            "aws_internet_gateway.teleport",
            "aws_subnet.public",
            "aws_vpc.teleport",
            "data.aws_availability_zones.available"
          ]
        },
        {
          "index_key": 1,
          "schema_version": 0,
          "attributes": {
            "allocation_id": "eipalloc-06d6a7b26f06b3407",
            "connectivity_type": "public",
            "id": "nat-0112395c8dc72c7c3",
            "network_interface_id": "eni-0e50296c28bf4ba4c",
            "private_ip": "172.31.3.50",
            "public_ip": "50.16.136.11",
            "subnet_id": "subnet-0d613cf4ef9e1c89c",
            "tags": {
              "TeleportCluster": "hugo-tf"
            },
            "tags_all": {
              "TeleportCluster": "hugo-tf"
            }
          },
          "sensitive_attributes": [],
          "private": "bnVsbA==",
          "dependencies": [
            "aws_eip.nat",
            "aws_internet_gateway.teleport",
            "aws_subnet.public",
            "aws_vpc.teleport",
            "data.aws_availability_zones.available"
          ]
        }
      ]
    },
    {
      "mode": "managed",
      "type": "aws_route",
      "name": "auth",
      "provider": "provider[\"registry.terraform.io/hashicorp/aws\"]",
      "instances": [
        {
          "index_key": 0,
          "schema_version": 0,
          "attributes": {
            "carrier_gateway_id": "",
            "core_network_arn": "",
            "destination_cidr_block": "0.0.0.0/0",
            "destination_ipv6_cidr_block": "",
            "destination_prefix_list_id": "",
            "egress_only_gateway_id": "",
            "gateway_id": "",
            "id": "r-rtb-0e634c1501869503a1080289494",
            "instance_id": "",
            "instance_owner_id": "",
            "local_gateway_id": "",
            "nat_gateway_id": "nat-0b7724d307ffe5b36",
            "network_interface_id": "",
            "origin": "CreateRoute",
            "route_table_id": "rtb-0e634c1501869503a",
            "state": "active",
            "timeouts": null,
            "transit_gateway_id": "",
            "vpc_endpoint_id": "",
            "vpc_peering_connection_id": ""
          },
          "sensitive_attributes": [],
          "private": "eyJlMmJmYjczMC1lY2FhLTExZTYtOGY4OC0zNDM2M2JjN2M0YzAiOnsiY3JlYXRlIjozMDAwMDAwMDAwMDAsImRlbGV0ZSI6MzAwMDAwMDAwMDAwLCJ1cGRhdGUiOjEyMDAwMDAwMDAwMH19",
          "dependencies": [
            "aws_eip.nat",
            "aws_internet_gateway.teleport",
            "aws_nat_gateway.teleport",
            "aws_route_table.auth",
            "aws_subnet.public",
            "aws_vpc.teleport",
            "data.aws_availability_zones.available"
          ]
        },
        {
          "index_key": 1,
          "schema_version": 0,
          "attributes": {
            "carrier_gateway_id": "",
            "core_network_arn": "",
            "destination_cidr_block": "0.0.0.0/0",
            "destination_ipv6_cidr_block": "",
            "destination_prefix_list_id": "",
            "egress_only_gateway_id": "",
            "gateway_id": "",
            "id": "r-rtb-0a9bd9fa3c939408e1080289494",
            "instance_id": "",
            "instance_owner_id": "",
            "local_gateway_id": "",
            "nat_gateway_id": "nat-0112395c8dc72c7c3",
            "network_interface_id": "",
            "origin": "CreateRoute",
            "route_table_id": "rtb-0a9bd9fa3c939408e",
            "state": "active",
            "timeouts": null,
            "transit_gateway_id": "",
            "vpc_endpoint_id": "",
            "vpc_peering_connection_id": ""
          },
          "sensitive_attributes": [],
          "private": "eyJlMmJmYjczMC1lY2FhLTExZTYtOGY4OC0zNDM2M2JjN2M0YzAiOnsiY3JlYXRlIjozMDAwMDAwMDAwMDAsImRlbGV0ZSI6MzAwMDAwMDAwMDAwLCJ1cGRhdGUiOjEyMDAwMDAwMDAwMH19",
          "dependencies": [
            "aws_eip.nat",
            "aws_internet_gateway.teleport",
            "aws_nat_gateway.teleport",
            "aws_route_table.auth",
            "aws_subnet.public",
            "aws_vpc.teleport",
            "data.aws_availability_zones.available"
          ]
        }
      ]
    },
    {
      "mode": "managed",
      "type": "aws_route",
      "name": "node",
      "provider": "provider[\"registry.terraform.io/hashicorp/aws\"]",
      "instances": [
        {
          "index_key": 0,
          "schema_version": 0,
          "attributes": {
            "carrier_gateway_id": "",
            "core_network_arn": "",
            "destination_cidr_block": "0.0.0.0/0",
            "destination_ipv6_cidr_block": "",
            "destination_prefix_list_id": "",
            "egress_only_gateway_id": "",
            "gateway_id": "",
            "id": "r-rtb-075fd5a0d93fa22d51080289494",
            "instance_id": "",
            "instance_owner_id": "",
            "local_gateway_id": "",
            "nat_gateway_id": "nat-0b7724d307ffe5b36",
            "network_interface_id": "",
            "origin": "CreateRoute",
            "route_table_id": "rtb-075fd5a0d93fa22d5",
            "state": "active",
            "timeouts": null,
            "transit_gateway_id": "",
            "vpc_endpoint_id": "",
            "vpc_peering_connection_id": ""
          },
          "sensitive_attributes": [],
          "private": "eyJlMmJmYjczMC1lY2FhLTExZTYtOGY4OC0zNDM2M2JjN2M0YzAiOnsiY3JlYXRlIjozMDAwMDAwMDAwMDAsImRlbGV0ZSI6MzAwMDAwMDAwMDAwLCJ1cGRhdGUiOjEyMDAwMDAwMDAwMH19",
          "dependencies": [
            "aws_eip.nat",
            "aws_internet_gateway.teleport",
            "aws_nat_gateway.teleport",
            "aws_route_table.node",
            "aws_subnet.public",
            "aws_vpc.teleport",
            "data.aws_availability_zones.available"
          ]
        },
        {
          "index_key": 1,
          "schema_version": 0,
          "attributes": {
            "carrier_gateway_id": "",
            "core_network_arn": "",
            "destination_cidr_block": "0.0.0.0/0",
            "destination_ipv6_cidr_block": "",
            "destination_prefix_list_id": "",
            "egress_only_gateway_id": "",
            "gateway_id": "",
            "id": "r-rtb-0aea98cfee822f2ef1080289494",
            "instance_id": "",
            "instance_owner_id": "",
            "local_gateway_id": "",
            "nat_gateway_id": "nat-0112395c8dc72c7c3",
            "network_interface_id": "",
            "origin": "CreateRoute",
            "route_table_id": "rtb-0aea98cfee822f2ef",
            "state": "active",
            "timeouts": null,
            "transit_gateway_id": "",
            "vpc_endpoint_id": "",
            "vpc_peering_connection_id": ""
          },
          "sensitive_attributes": [],
          "private": "eyJlMmJmYjczMC1lY2FhLTExZTYtOGY4OC0zNDM2M2JjN2M0YzAiOnsiY3JlYXRlIjozMDAwMDAwMDAwMDAsImRlbGV0ZSI6MzAwMDAwMDAwMDAwLCJ1cGRhdGUiOjEyMDAwMDAwMDAwMH19",
          "dependencies": [
            "aws_eip.nat",
            "aws_internet_gateway.teleport",
            "aws_nat_gateway.teleport",
            "aws_route_table.node",
            "aws_subnet.public",
            "aws_vpc.teleport",
            "data.aws_availability_zones.available"
          ]
        }
      ]
    },
    {
      "mode": "managed",
      "type": "aws_route",
      "name": "public_gateway",
      "provider": "provider[\"registry.terraform.io/hashicorp/aws\"]",
      "instances": [
        {
          "index_key": 0,
          "schema_version": 0,
          "attributes": {
            "carrier_gateway_id": "",
            "core_network_arn": "",
            "destination_cidr_block": "0.0.0.0/0",
            "destination_ipv6_cidr_block": "",
            "destination_prefix_list_id": "",
            "egress_only_gateway_id": "",
            "gateway_id": "igw-0d05ab72af7ce882d",
            "id": "r-rtb-08c1d4ecbe0ad7f8b1080289494",
            "instance_id": "",
            "instance_owner_id": "",
            "local_gateway_id": "",
            "nat_gateway_id": "",
            "network_interface_id": "",
            "origin": "CreateRoute",
            "route_table_id": "rtb-08c1d4ecbe0ad7f8b",
            "state": "active",
            "timeouts": null,
            "transit_gateway_id": "",
            "vpc_endpoint_id": "",
            "vpc_peering_connection_id": ""
          },
          "sensitive_attributes": [],
          "private": "eyJlMmJmYjczMC1lY2FhLTExZTYtOGY4OC0zNDM2M2JjN2M0YzAiOnsiY3JlYXRlIjozMDAwMDAwMDAwMDAsImRlbGV0ZSI6MzAwMDAwMDAwMDAwLCJ1cGRhdGUiOjEyMDAwMDAwMDAwMH19",
          "dependencies": [
            "aws_internet_gateway.teleport",
            "aws_route_table.public",
            "aws_vpc.teleport",
            "data.aws_availability_zones.available"
          ]
        },
        {
          "index_key": 1,
          "schema_version": 0,
          "attributes": {
            "carrier_gateway_id": "",
            "core_network_arn": "",
            "destination_cidr_block": "0.0.0.0/0",
            "destination_ipv6_cidr_block": "",
            "destination_prefix_list_id": "",
            "egress_only_gateway_id": "",
            "gateway_id": "igw-0d05ab72af7ce882d",
            "id": "r-rtb-01178aa27f308c9c51080289494",
            "instance_id": "",
            "instance_owner_id": "",
            "local_gateway_id": "",
            "nat_gateway_id": "",
            "network_interface_id": "",
            "origin": "CreateRoute",
            "route_table_id": "rtb-01178aa27f308c9c5",
            "state": "active",
            "timeouts": null,
            "transit_gateway_id": "",
            "vpc_endpoint_id": "",
            "vpc_peering_connection_id": ""
          },
          "sensitive_attributes": [],
          "private": "eyJlMmJmYjczMC1lY2FhLTExZTYtOGY4OC0zNDM2M2JjN2M0YzAiOnsiY3JlYXRlIjozMDAwMDAwMDAwMDAsImRlbGV0ZSI6MzAwMDAwMDAwMDAwLCJ1cGRhdGUiOjEyMDAwMDAwMDAwMH19",
          "dependencies": [
            "aws_internet_gateway.teleport",
            "aws_route_table.public",
            "aws_vpc.teleport",
            "data.aws_availability_zones.available"
          ]
        }
      ]
    },
    {
      "mode": "managed",
      "type": "aws_route53_record",
      "name": "proxy",
      "provider": "provider[\"registry.terraform.io/hashicorp/aws\"]",
      "instances": [
        {
          "index_key": 0,
          "schema_version": 2,
          "attributes": {
            "alias": [
              {
                "evaluate_target_health": true,
                "name": "hugo-tf-proxy-97bbde62b85cf2a1.elb.us-east-1.amazonaws.com",
                "zone_id": "Z26RNL4JYFTOTI"
              }
            ],
            "allow_overwrite": null,
            "failover_routing_policy": [],
            "fqdn": "hugo-tf.teleportdemo.net",
            "geolocation_routing_policy": [],
            "health_check_id": "",
            "id": "Z0159221358P96JYAUAU3_hugo-tf.teleportdemo.net_A",
            "latency_routing_policy": [],
            "multivalue_answer_routing_policy": null,
            "name": "hugo-tf.teleportdemo.net",
            "records": [],
            "set_identifier": "",
            "ttl": 0,
            "type": "A",
            "weighted_routing_policy": [],
            "zone_id": "Z0159221358P96JYAUAU3"
          },
          "sensitive_attributes": [],
          "private": "eyJzY2hlbWFfdmVyc2lvbiI6IjIifQ==",
          "dependencies": [
            "aws_lb.proxy",
            "aws_subnet.public",
            "aws_vpc.teleport",
            "data.aws_availability_zones.available",
            "data.aws_route53_zone.proxy"
          ]
        }
      ]
    },
    {
      "mode": "managed",
      "type": "aws_route53_record",
      "name": "proxy_wildcard",
      "provider": "provider[\"registry.terraform.io/hashicorp/aws\"]",
      "instances": [
        {
          "index_key": 0,
          "schema_version": 2,
          "attributes": {
            "alias": [
              {
                "evaluate_target_health": true,
                "name": "hugo-tf-proxy-97bbde62b85cf2a1.elb.us-east-1.amazonaws.com",
                "zone_id": "Z26RNL4JYFTOTI"
              }
            ],
            "allow_overwrite": null,
            "failover_routing_policy": [],
            "fqdn": "*.hugo-tf.teleportdemo.net",
            "geolocation_routing_policy": [],
            "health_check_id": "",
            "id": "Z0159221358P96JYAUAU3_*.hugo-tf.teleportdemo.net_A",
            "latency_routing_policy": [],
            "multivalue_answer_routing_policy": null,
            "name": "*.hugo-tf.teleportdemo.net",
            "records": [],
            "set_identifier": "",
            "ttl": 0,
            "type": "A",
            "weighted_routing_policy": [],
            "zone_id": "Z0159221358P96JYAUAU3"
          },
          "sensitive_attributes": [],
          "private": "eyJzY2hlbWFfdmVyc2lvbiI6IjIifQ==",
          "dependencies": [
            "aws_lb.proxy",
            "aws_subnet.public",
            "aws_vpc.teleport",
            "data.aws_availability_zones.available",
            "data.aws_route53_zone.proxy"
          ]
        }
      ]
    },
    {
      "mode": "managed",
      "type": "aws_route_table",
      "name": "auth",
      "provider": "provider[\"registry.terraform.io/hashicorp/aws\"]",
      "instances": [
        {
          "index_key": 0,
          "schema_version": 0,
          "attributes": {
            "arn": "arn:aws:ec2:us-east-1:278576220453:route-table/rtb-0e634c1501869503a",
            "id": "rtb-0e634c1501869503a",
            "owner_id": "278576220453",
            "propagating_vgws": [],
            "route": [
              {
                "carrier_gateway_id": "",
                "cidr_block": "0.0.0.0/0",
                "core_network_arn": "",
                "destination_prefix_list_id": "",
                "egress_only_gateway_id": "",
                "gateway_id": "",
                "instance_id": "",
                "ipv6_cidr_block": "",
                "local_gateway_id": "",
                "nat_gateway_id": "nat-0b7724d307ffe5b36",
                "network_interface_id": "",
                "transit_gateway_id": "",
                "vpc_endpoint_id": "",
                "vpc_peering_connection_id": ""
              }
            ],
            "tags": {
              "TeleportCluster": "hugo-tf"
            },
            "tags_all": {
              "TeleportCluster": "hugo-tf"
            },
            "timeouts": null,
            "vpc_id": "vpc-00052c0bb45d5dab8"
          },
          "sensitive_attributes": [],
          "private": "eyJlMmJmYjczMC1lY2FhLTExZTYtOGY4OC0zNDM2M2JjN2M0YzAiOnsiY3JlYXRlIjozMDAwMDAwMDAwMDAsImRlbGV0ZSI6MzAwMDAwMDAwMDAwLCJ1cGRhdGUiOjEyMDAwMDAwMDAwMH19",
          "dependencies": [
            "aws_vpc.teleport",
            "data.aws_availability_zones.available"
          ]
        },
        {
          "index_key": 1,
          "schema_version": 0,
          "attributes": {
            "arn": "arn:aws:ec2:us-east-1:278576220453:route-table/rtb-0a9bd9fa3c939408e",
            "id": "rtb-0a9bd9fa3c939408e",
            "owner_id": "278576220453",
            "propagating_vgws": [],
            "route": [
              {
                "carrier_gateway_id": "",
                "cidr_block": "0.0.0.0/0",
                "core_network_arn": "",
                "destination_prefix_list_id": "",
                "egress_only_gateway_id": "",
                "gateway_id": "",
                "instance_id": "",
                "ipv6_cidr_block": "",
                "local_gateway_id": "",
                "nat_gateway_id": "nat-0112395c8dc72c7c3",
                "network_interface_id": "",
                "transit_gateway_id": "",
                "vpc_endpoint_id": "",
                "vpc_peering_connection_id": ""
              }
            ],
            "tags": {
              "TeleportCluster": "hugo-tf"
            },
            "tags_all": {
              "TeleportCluster": "hugo-tf"
            },
            "timeouts": null,
            "vpc_id": "vpc-00052c0bb45d5dab8"
          },
          "sensitive_attributes": [],
          "private": "eyJlMmJmYjczMC1lY2FhLTExZTYtOGY4OC0zNDM2M2JjN2M0YzAiOnsiY3JlYXRlIjozMDAwMDAwMDAwMDAsImRlbGV0ZSI6MzAwMDAwMDAwMDAwLCJ1cGRhdGUiOjEyMDAwMDAwMDAwMH19",
          "dependencies": [
            "aws_vpc.teleport",
            "data.aws_availability_zones.available"
          ]
        }
      ]
    },
    {
      "mode": "managed",
      "type": "aws_route_table",
      "name": "node",
      "provider": "provider[\"registry.terraform.io/hashicorp/aws\"]",
      "instances": [
        {
          "index_key": 0,
          "schema_version": 0,
          "attributes": {
            "arn": "arn:aws:ec2:us-east-1:278576220453:route-table/rtb-075fd5a0d93fa22d5",
            "id": "rtb-075fd5a0d93fa22d5",
            "owner_id": "278576220453",
            "propagating_vgws": [],
            "route": [
              {
                "carrier_gateway_id": "",
                "cidr_block": "0.0.0.0/0",
                "core_network_arn": "",
                "destination_prefix_list_id": "",
                "egress_only_gateway_id": "",
                "gateway_id": "",
                "instance_id": "",
                "ipv6_cidr_block": "",
                "local_gateway_id": "",
                "nat_gateway_id": "nat-0b7724d307ffe5b36",
                "network_interface_id": "",
                "transit_gateway_id": "",
                "vpc_endpoint_id": "",
                "vpc_peering_connection_id": ""
              }
            ],
            "tags": {
              "TeleportCluster": "hugo-tf"
            },
            "tags_all": {
              "TeleportCluster": "hugo-tf"
            },
            "timeouts": null,
            "vpc_id": "vpc-00052c0bb45d5dab8"
          },
          "sensitive_attributes": [],
          "private": "eyJlMmJmYjczMC1lY2FhLTExZTYtOGY4OC0zNDM2M2JjN2M0YzAiOnsiY3JlYXRlIjozMDAwMDAwMDAwMDAsImRlbGV0ZSI6MzAwMDAwMDAwMDAwLCJ1cGRhdGUiOjEyMDAwMDAwMDAwMH19",
          "dependencies": [
            "aws_vpc.teleport",
            "data.aws_availability_zones.available"
          ]
        },
        {
          "index_key": 1,
          "schema_version": 0,
          "attributes": {
            "arn": "arn:aws:ec2:us-east-1:278576220453:route-table/rtb-0aea98cfee822f2ef",
            "id": "rtb-0aea98cfee822f2ef",
            "owner_id": "278576220453",
            "propagating_vgws": [],
            "route": [
              {
                "carrier_gateway_id": "",
                "cidr_block": "0.0.0.0/0",
                "core_network_arn": "",
                "destination_prefix_list_id": "",
                "egress_only_gateway_id": "",
                "gateway_id": "",
                "instance_id": "",
                "ipv6_cidr_block": "",
                "local_gateway_id": "",
                "nat_gateway_id": "nat-0112395c8dc72c7c3",
                "network_interface_id": "",
                "transit_gateway_id": "",
                "vpc_endpoint_id": "",
                "vpc_peering_connection_id": ""
              }
            ],
            "tags": {
              "TeleportCluster": "hugo-tf"
            },
            "tags_all": {
              "TeleportCluster": "hugo-tf"
            },
            "timeouts": null,
            "vpc_id": "vpc-00052c0bb45d5dab8"
          },
          "sensitive_attributes": [],
          "private": "eyJlMmJmYjczMC1lY2FhLTExZTYtOGY4OC0zNDM2M2JjN2M0YzAiOnsiY3JlYXRlIjozMDAwMDAwMDAwMDAsImRlbGV0ZSI6MzAwMDAwMDAwMDAwLCJ1cGRhdGUiOjEyMDAwMDAwMDAwMH19",
          "dependencies": [
            "aws_vpc.teleport",
            "data.aws_availability_zones.available"
          ]
        }
      ]
    },
    {
      "mode": "managed",
      "type": "aws_route_table",
      "name": "public",
      "provider": "provider[\"registry.terraform.io/hashicorp/aws\"]",
      "instances": [
        {
          "index_key": 0,
          "schema_version": 0,
          "attributes": {
            "arn": "arn:aws:ec2:us-east-1:278576220453:route-table/rtb-08c1d4ecbe0ad7f8b",
            "id": "rtb-08c1d4ecbe0ad7f8b",
            "owner_id": "278576220453",
            "propagating_vgws": [],
            "route": [
              {
                "carrier_gateway_id": "",
                "cidr_block": "0.0.0.0/0",
                "core_network_arn": "",
                "destination_prefix_list_id": "",
                "egress_only_gateway_id": "",
                "gateway_id": "igw-0d05ab72af7ce882d",
                "instance_id": "",
                "ipv6_cidr_block": "",
                "local_gateway_id": "",
                "nat_gateway_id": "",
                "network_interface_id": "",
                "transit_gateway_id": "",
                "vpc_endpoint_id": "",
                "vpc_peering_connection_id": ""
              }
            ],
            "tags": {
              "TeleportCluster": "hugo-tf"
            },
            "tags_all": {
              "TeleportCluster": "hugo-tf"
            },
            "timeouts": null,
            "vpc_id": "vpc-00052c0bb45d5dab8"
          },
          "sensitive_attributes": [],
          "private": "eyJlMmJmYjczMC1lY2FhLTExZTYtOGY4OC0zNDM2M2JjN2M0YzAiOnsiY3JlYXRlIjozMDAwMDAwMDAwMDAsImRlbGV0ZSI6MzAwMDAwMDAwMDAwLCJ1cGRhdGUiOjEyMDAwMDAwMDAwMH19",
          "dependencies": [
            "aws_vpc.teleport",
            "data.aws_availability_zones.available"
          ]
        },
        {
          "index_key": 1,
          "schema_version": 0,
          "attributes": {
            "arn": "arn:aws:ec2:us-east-1:278576220453:route-table/rtb-01178aa27f308c9c5",
            "id": "rtb-01178aa27f308c9c5",
            "owner_id": "278576220453",
            "propagating_vgws": [],
            "route": [
              {
                "carrier_gateway_id": "",
                "cidr_block": "0.0.0.0/0",
                "core_network_arn": "",
                "destination_prefix_list_id": "",
                "egress_only_gateway_id": "",
                "gateway_id": "igw-0d05ab72af7ce882d",
                "instance_id": "",
                "ipv6_cidr_block": "",
                "local_gateway_id": "",
                "nat_gateway_id": "",
                "network_interface_id": "",
                "transit_gateway_id": "",
                "vpc_endpoint_id": "",
                "vpc_peering_connection_id": ""
              }
            ],
            "tags": {
              "TeleportCluster": "hugo-tf"
            },
            "tags_all": {
              "TeleportCluster": "hugo-tf"
            },
            "timeouts": null,
            "vpc_id": "vpc-00052c0bb45d5dab8"
          },
          "sensitive_attributes": [],
          "private": "eyJlMmJmYjczMC1lY2FhLTExZTYtOGY4OC0zNDM2M2JjN2M0YzAiOnsiY3JlYXRlIjozMDAwMDAwMDAwMDAsImRlbGV0ZSI6MzAwMDAwMDAwMDAwLCJ1cGRhdGUiOjEyMDAwMDAwMDAwMH19",
          "dependencies": [
            "aws_vpc.teleport",
            "data.aws_availability_zones.available"
          ]
        }
      ]
    },
    {
      "mode": "managed",
      "type": "aws_route_table_association",
      "name": "auth",
      "provider": "provider[\"registry.terraform.io/hashicorp/aws\"]",
      "instances": [
        {
          "index_key": 0,
          "schema_version": 0,
          "attributes": {
            "gateway_id": "",
            "id": "rtbassoc-0a59e8f5d56625f8c",
            "route_table_id": "rtb-0e634c1501869503a",
            "subnet_id": "subnet-05c78a98c1b8f7ffd"
          },
          "sensitive_attributes": [],
          "private": "bnVsbA==",
          "dependencies": [
            "aws_route_table.auth",
            "aws_subnet.auth",
            "aws_vpc.teleport",
            "data.aws_availability_zones.available"
          ]
        },
        {
          "index_key": 1,
          "schema_version": 0,
          "attributes": {
            "gateway_id": "",
            "id": "rtbassoc-00a9aecbd0a5e3681",
            "route_table_id": "rtb-0a9bd9fa3c939408e",
            "subnet_id": "subnet-0bb22b0b59a28b247"
          },
          "sensitive_attributes": [],
          "private": "bnVsbA==",
          "dependencies": [
            "aws_route_table.auth",
            "aws_subnet.auth",
            "aws_vpc.teleport",
            "data.aws_availability_zones.available"
          ]
        }
      ]
    },
    {
      "mode": "managed",
      "type": "aws_route_table_association",
      "name": "node",
      "provider": "provider[\"registry.terraform.io/hashicorp/aws\"]",
      "instances": [
        {
          "index_key": 0,
          "schema_version": 0,
          "attributes": {
            "gateway_id": "",
            "id": "rtbassoc-06bfb0fa4a5a0076b",
            "route_table_id": "rtb-075fd5a0d93fa22d5",
            "subnet_id": "subnet-09ec0ce73066ae343"
          },
          "sensitive_attributes": [],
          "private": "bnVsbA==",
          "dependencies": [
            "aws_route_table.node",
            "aws_subnet.node",
            "aws_vpc.teleport",
            "data.aws_availability_zones.available"
          ]
        },
        {
          "index_key": 1,
          "schema_version": 0,
          "attributes": {
            "gateway_id": "",
            "id": "rtbassoc-00b65a2175e08963a",
            "route_table_id": "rtb-0aea98cfee822f2ef",
            "subnet_id": "subnet-08892d43c50f5ebae"
          },
          "sensitive_attributes": [],
          "private": "bnVsbA==",
          "dependencies": [
            "aws_route_table.node",
            "aws_subnet.node",
            "aws_vpc.teleport",
            "data.aws_availability_zones.available"
          ]
        }
      ]
    },
    {
      "mode": "managed",
      "type": "aws_route_table_association",
      "name": "public",
      "provider": "provider[\"registry.terraform.io/hashicorp/aws\"]",
      "instances": [
        {
          "index_key": 0,
          "schema_version": 0,
          "attributes": {
            "gateway_id": "",
            "id": "rtbassoc-0c4159c6af87a796d",
            "route_table_id": "rtb-08c1d4ecbe0ad7f8b",
            "subnet_id": "subnet-04bd33880510b1ce8"
          },
          "sensitive_attributes": [],
          "private": "bnVsbA==",
          "dependencies": [
            "aws_route_table.public",
            "aws_subnet.public",
            "aws_vpc.teleport",
            "data.aws_availability_zones.available"
          ]
        },
        {
          "index_key": 1,
          "schema_version": 0,
          "attributes": {
            "gateway_id": "",
            "id": "rtbassoc-01db189c8789ce509",
            "route_table_id": "rtb-01178aa27f308c9c5",
            "subnet_id": "subnet-0d613cf4ef9e1c89c"
          },
          "sensitive_attributes": [],
          "private": "bnVsbA==",
          "dependencies": [
            "aws_route_table.public",
            "aws_subnet.public",
            "aws_vpc.teleport",
            "data.aws_availability_zones.available"
          ]
        }
      ]
    },
    {
      "mode": "managed",
      "type": "aws_s3_bucket",
      "name": "certs",
      "provider": "provider[\"registry.terraform.io/hashicorp/aws\"]",
      "instances": [
        {
          "schema_version": 0,
          "attributes": {
            "acceleration_status": "",
            "acl": "private",
            "arn": "arn:aws:s3:::hugo-tf.teleportdemo.net",
            "bucket": "hugo-tf.teleportdemo.net",
            "bucket_domain_name": "hugo-tf.teleportdemo.net.s3.amazonaws.com",
            "bucket_prefix": null,
            "bucket_regional_domain_name": "hugo-tf.teleportdemo.net.s3.amazonaws.com",
            "cors_rule": [],
            "force_destroy": true,
            "grant": [
              {
                "id": "9f4c2b03496cfd815dd9cd14ca6403167e9ca150aa8803b21cb9fa2c58eb3e03",
                "permissions": [
                  "FULL_CONTROL"
                ],
                "type": "CanonicalUser",
                "uri": ""
              }
            ],
            "hosted_zone_id": "Z3AQBSTGFYJSTF",
            "id": "hugo-tf.teleportdemo.net",
            "lifecycle_rule": [],
            "logging": [],
            "object_lock_configuration": [],
            "object_lock_enabled": false,
            "policy": "",
            "region": "us-east-1",
            "replication_configuration": [],
            "request_payer": "BucketOwner",
            "server_side_encryption_configuration": [
              {
                "rule": [
                  {
                    "apply_server_side_encryption_by_default": [
                      {
                        "kms_master_key_id": "",
                        "sse_algorithm": "AES256"
                      }
                    ],
                    "bucket_key_enabled": false
                  }
                ]
              }
            ],
            "tags": {},
            "tags_all": {},
            "versioning": [
              {
                "enabled": false,
                "mfa_delete": false
              }
            ],
            "website": [],
            "website_domain": null,
            "website_endpoint": null
          },
          "sensitive_attributes": [],
          "private": "bnVsbA==",
          "create_before_destroy": true
        }
      ]
    },
    {
      "mode": "managed",
      "type": "aws_s3_bucket_object",
      "name": "grafana_teleport_dashboard",
      "provider": "provider[\"registry.terraform.io/hashicorp/aws\"]",
      "instances": [
        {
          "schema_version": 0,
          "attributes": {
            "acl": "private",
            "bucket": "hugo-tf.teleportdemo.net",
            "bucket_key_enabled": false,
            "cache_control": "",
            "content": null,
            "content_base64": null,
            "content_disposition": "",
            "content_encoding": "",
            "content_language": "",
            "content_type": "binary/octet-stream",
            "etag": "be4fb64d77e8391f2f6047adfd00a117",
            "force_destroy": false,
            "id": "health-dashboard.json",
            "key": "health-dashboard.json",
            "kms_key_id": null,
            "metadata": {},
            "object_lock_legal_hold_status": "",
            "object_lock_mode": "",
            "object_lock_retain_until_date": "",
            "server_side_encryption": "AES256",
            "source": "./assets/health-dashboard.json",
            "source_hash": null,
            "storage_class": "STANDARD",
            "tags": {},
            "tags_all": {},
            "version_id": "",
            "website_redirect": ""
          },
          "sensitive_attributes": [],
          "private": "bnVsbA==",
          "dependencies": [
            "aws_s3_bucket.certs"
          ]
        }
      ]
    },
    {
      "mode": "managed",
      "type": "aws_s3_bucket_object",
      "name": "grafana_teleport_nginx",
      "provider": "provider[\"registry.terraform.io/hashicorp/aws\"]",
      "instances": [
        {
          "index_key": 0,
          "schema_version": 0,
          "attributes": {
            "acl": "private",
            "bucket": "hugo-tf.teleportdemo.net",
            "bucket_key_enabled": false,
            "cache_control": "",
            "content": null,
            "content_base64": null,
            "content_disposition": "",
            "content_encoding": "",
            "content_language": "",
            "content_type": "binary/octet-stream",
            "etag": "d87bee11bc2ba4e2d6245099026e4bf7",
            "force_destroy": false,
            "id": "grafana-nginx.conf",
            "key": "grafana-nginx.conf",
            "kms_key_id": null,
            "metadata": {},
            "object_lock_legal_hold_status": "",
            "object_lock_mode": "",
            "object_lock_retain_until_date": "",
            "server_side_encryption": "AES256",
            "source": "./assets/grafana-nginx.conf",
            "source_hash": null,
            "storage_class": "STANDARD",
            "tags": {},
            "tags_all": {},
            "version_id": "",
            "website_redirect": ""
          },
          "sensitive_attributes": [],
          "private": "bnVsbA==",
          "dependencies": [
            "aws_s3_bucket.certs"
          ]
        }
      ]
    },
    {
      "mode": "managed",
      "type": "aws_security_group",
      "name": "auth",
      "provider": "provider[\"registry.terraform.io/hashicorp/aws\"]",
      "instances": [
        {
          "schema_version": 1,
          "attributes": {
            "arn": "arn:aws:ec2:us-east-1:278576220453:security-group/sg-0817b3b086c520266",
            "description": "Managed by Terraform",
            "egress": [
              {
                "cidr_blocks": [
                  "0.0.0.0/0"
                ],
                "description": "",
                "from_port": 0,
                "ipv6_cidr_blocks": [],
                "prefix_list_ids": [],
                "protocol": "-1",
                "security_groups": [],
                "self": false,
                "to_port": 0
              }
            ],
            "id": "sg-0817b3b086c520266",
            "ingress": [
              {
                "cidr_blocks": [
                  "172.31.2.0/24",
                  "172.31.3.0/24",
                  "172.31.4.0/22",
                  "172.31.8.0/22"
                ],
                "description": "",
                "from_port": 3025,
                "ipv6_cidr_blocks": [],
                "prefix_list_ids": [],
                "protocol": "tcp",
                "security_groups": [
                  "sg-090ea0772c1685b56"
                ],
                "self": false,
                "to_port": 3025
              },
              {
                "cidr_blocks": [],
                "description": "",
                "from_port": 0,
                "ipv6_cidr_blocks": [],
                "prefix_list_ids": [],
                "protocol": "-1",
                "security_groups": [],
                "self": true,
                "to_port": 0
              },
              {
                "cidr_blocks": [],
                "description": "",
                "from_port": 22,
                "ipv6_cidr_blocks": [],
                "prefix_list_ids": [],
                "protocol": "tcp",
                "security_groups": [
                  "sg-031cfaab7e2c3680e"
                ],
                "self": false,
                "to_port": 22
              }
            ],
            "name": "hugo-tf-auth",
            "name_prefix": "",
            "owner_id": "278576220453",
            "revoke_rules_on_delete": false,
            "tags": {
              "TeleportCluster": "hugo-tf"
            },
            "tags_all": {
              "TeleportCluster": "hugo-tf"
            },
            "timeouts": null,
            "vpc_id": "vpc-00052c0bb45d5dab8"
          },
          "sensitive_attributes": [],
          "private": "eyJlMmJmYjczMC1lY2FhLTExZTYtOGY4OC0zNDM2M2JjN2M0YzAiOnsiY3JlYXRlIjo2MDAwMDAwMDAwMDAsImRlbGV0ZSI6OTAwMDAwMDAwMDAwfSwic2NoZW1hX3ZlcnNpb24iOiIxIn0=",
          "dependencies": [
            "aws_vpc.teleport"
          ],
          "create_before_destroy": true
        }
      ]
    },
    {
      "mode": "managed",
      "type": "aws_security_group",
      "name": "bastion",
      "provider": "provider[\"registry.terraform.io/hashicorp/aws\"]",
      "instances": [
        {
          "schema_version": 1,
          "attributes": {
            "arn": "arn:aws:ec2:us-east-1:278576220453:security-group/sg-031cfaab7e2c3680e",
            "description": "Managed by Terraform",
            "egress": [
              {
                "cidr_blocks": [
                  "0.0.0.0/0"
                ],
                "description": "",
                "from_port": 0,
                "ipv6_cidr_blocks": [],
                "prefix_list_ids": [],
                "protocol": "-1",
                "security_groups": [],
                "self": false,
                "to_port": 0
              }
            ],
            "id": "sg-031cfaab7e2c3680e",
            "ingress": [
              {
                "cidr_blocks": [
                  "0.0.0.0/0"
                ],
                "description": "",
                "from_port": 22,
                "ipv6_cidr_blocks": [],
                "prefix_list_ids": [],
                "protocol": "tcp",
                "security_groups": [],
                "self": false,
                "to_port": 22
              }
            ],
            "name": "hugo-tf-bastion",
            "name_prefix": "",
            "owner_id": "278576220453",
            "revoke_rules_on_delete": false,
            "tags": {
              "TeleportCluster": "hugo-tf"
            },
            "tags_all": {
              "TeleportCluster": "hugo-tf"
            },
            "timeouts": null,
            "vpc_id": "vpc-00052c0bb45d5dab8"
          },
          "sensitive_attributes": [],
          "private": "eyJlMmJmYjczMC1lY2FhLTExZTYtOGY4OC0zNDM2M2JjN2M0YzAiOnsiY3JlYXRlIjo2MDAwMDAwMDAwMDAsImRlbGV0ZSI6OTAwMDAwMDAwMDAwfSwic2NoZW1hX3ZlcnNpb24iOiIxIn0=",
          "dependencies": [
            "aws_vpc.teleport"
          ]
        }
      ]
    },
    {
      "mode": "managed",
      "type": "aws_security_group",
      "name": "monitor",
      "provider": "provider[\"registry.terraform.io/hashicorp/aws\"]",
      "instances": [
        {
          "schema_version": 1,
          "attributes": {
            "arn": "arn:aws:ec2:us-east-1:278576220453:security-group/sg-0f1d2353f9d9fd59a",
            "description": "Managed by Terraform",
            "egress": [
              {
                "cidr_blocks": [
                  "0.0.0.0/0"
                ],
                "description": "",
                "from_port": 0,
                "ipv6_cidr_blocks": [],
                "prefix_list_ids": [],
                "protocol": "-1",
                "security_groups": [],
                "self": false,
                "to_port": 0
              }
            ],
            "id": "sg-0f1d2353f9d9fd59a",
            "ingress": [
              {
                "cidr_blocks": [
                  "0.0.0.0/0"
                ],
                "description": "",
                "from_port": 8443,
                "ipv6_cidr_blocks": [],
                "prefix_list_ids": [],
                "protocol": "tcp",
                "security_groups": [],
                "self": false,
                "to_port": 8443
              },
              {
                "cidr_blocks": [
                  "172.31.0.0/16"
                ],
                "description": "",
                "from_port": 8086,
                "ipv6_cidr_blocks": [],
                "prefix_list_ids": [],
                "protocol": "tcp",
                "security_groups": [],
                "self": false,
                "to_port": 8086
              },
              {
                "cidr_blocks": [],
                "description": "",
                "from_port": 22,
                "ipv6_cidr_blocks": [],
                "prefix_list_ids": [],
                "protocol": "tcp",
                "security_groups": [
                  "sg-031cfaab7e2c3680e"
                ],
                "self": false,
                "to_port": 22
              }
            ],
            "name": "hugo-tf-monitor",
            "name_prefix": "",
            "owner_id": "278576220453",
            "revoke_rules_on_delete": false,
            "tags": {
              "TeleportCluster": "hugo-tf"
            },
            "tags_all": {
              "TeleportCluster": "hugo-tf"
            },
            "timeouts": null,
            "vpc_id": "vpc-00052c0bb45d5dab8"
          },
          "sensitive_attributes": [],
          "private": "eyJlMmJmYjczMC1lY2FhLTExZTYtOGY4OC0zNDM2M2JjN2M0YzAiOnsiY3JlYXRlIjo2MDAwMDAwMDAwMDAsImRlbGV0ZSI6OTAwMDAwMDAwMDAwfSwic2NoZW1hX3ZlcnNpb24iOiIxIn0=",
          "dependencies": [
            "aws_vpc.teleport"
          ],
          "create_before_destroy": true
        }
      ]
    },
    {
      "mode": "managed",
      "type": "aws_security_group",
      "name": "node",
      "provider": "provider[\"registry.terraform.io/hashicorp/aws\"]",
      "instances": [
        {
          "schema_version": 1,
          "attributes": {
            "arn": "arn:aws:ec2:us-east-1:278576220453:security-group/sg-0a69b07ab163fc62b",
            "description": "Managed by Terraform",
            "egress": [
              {
                "cidr_blocks": [
                  "0.0.0.0/0"
                ],
                "description": "",
                "from_port": 0,
                "ipv6_cidr_blocks": [],
                "prefix_list_ids": [],
                "protocol": "-1",
                "security_groups": [],
                "self": false,
                "to_port": 0
              }
            ],
            "id": "sg-0a69b07ab163fc62b",
            "ingress": [
              {
                "cidr_blocks": [],
                "description": "",
                "from_port": 22,
                "ipv6_cidr_blocks": [],
                "prefix_list_ids": [],
                "protocol": "tcp",
                "security_groups": [
                  "sg-031cfaab7e2c3680e"
                ],
                "self": false,
                "to_port": 22
              },
              {
                "cidr_blocks": [],
                "description": "",
                "from_port": 3022,
                "ipv6_cidr_blocks": [],
                "prefix_list_ids": [],
                "protocol": "tcp",
                "security_groups": [
                  "sg-090ea0772c1685b56"
                ],
                "self": false,
                "to_port": 3022
              }
            ],
            "name": "hugo-tf-node",
            "name_prefix": "",
            "owner_id": "278576220453",
            "revoke_rules_on_delete": false,
            "tags": {
              "TeleportCluster": "hugo-tf"
            },
            "tags_all": {
              "TeleportCluster": "hugo-tf"
            },
            "timeouts": null,
            "vpc_id": "vpc-00052c0bb45d5dab8"
          },
          "sensitive_attributes": [],
          "private": "eyJlMmJmYjczMC1lY2FhLTExZTYtOGY4OC0zNDM2M2JjN2M0YzAiOnsiY3JlYXRlIjo2MDAwMDAwMDAwMDAsImRlbGV0ZSI6OTAwMDAwMDAwMDAwfSwic2NoZW1hX3ZlcnNpb24iOiIxIn0=",
          "dependencies": [
            "aws_vpc.teleport"
          ],
          "create_before_destroy": true
        }
      ]
    },
    {
      "mode": "managed",
      "type": "aws_security_group",
      "name": "proxy",
      "provider": "provider[\"registry.terraform.io/hashicorp/aws\"]",
      "instances": [
        {
          "schema_version": 1,
          "attributes": {
            "arn": "arn:aws:ec2:us-east-1:278576220453:security-group/sg-090ea0772c1685b56",
            "description": "Managed by Terraform",
            "egress": [
              {
                "cidr_blocks": [
                  "0.0.0.0/0"
                ],
                "description": "",
                "from_port": 0,
                "ipv6_cidr_blocks": [],
                "prefix_list_ids": [],
                "protocol": "-1",
                "security_groups": [],
                "self": false,
                "to_port": 0
              }
            ],
            "id": "sg-090ea0772c1685b56",
            "ingress": [
              {
                "cidr_blocks": [
                  "0.0.0.0/0"
                ],
                "description": "",
                "from_port": 27017,
                "ipv6_cidr_blocks": [],
                "prefix_list_ids": [],
                "protocol": "tcp",
                "security_groups": [],
                "self": false,
                "to_port": 27017
              },
              {
                "cidr_blocks": [
                  "0.0.0.0/0"
                ],
                "description": "",
                "from_port": 3023,
                "ipv6_cidr_blocks": [],
                "prefix_list_ids": [],
                "protocol": "tcp",
                "security_groups": [],
                "self": false,
                "to_port": 3023
              },
              {
                "cidr_blocks": [
                  "0.0.0.0/0"
                ],
                "description": "",
                "from_port": 3026,
                "ipv6_cidr_blocks": [],
                "prefix_list_ids": [],
                "protocol": "tcp",
                "security_groups": [],
                "self": false,
                "to_port": 3026
              },
              {
                "cidr_blocks": [
                  "0.0.0.0/0"
                ],
                "description": "",
                "from_port": 3036,
                "ipv6_cidr_blocks": [],
                "prefix_list_ids": [],
                "protocol": "tcp",
                "security_groups": [],
                "self": false,
                "to_port": 3036
              },
              {
                "cidr_blocks": [
                  "0.0.0.0/0"
                ],
                "description": "",
                "from_port": 3080,
                "ipv6_cidr_blocks": [],
                "prefix_list_ids": [],
                "protocol": "tcp",
                "security_groups": [],
                "self": false,
                "to_port": 3080
              },
              {
                "cidr_blocks": [
                  "0.0.0.0/0"
                ],
                "description": "",
                "from_port": 5432,
                "ipv6_cidr_blocks": [],
                "prefix_list_ids": [],
                "protocol": "tcp",
                "security_groups": [],
                "self": false,
                "to_port": 5432
              },
              {
                "cidr_blocks": [],
                "description": "",
                "from_port": 22,
                "ipv6_cidr_blocks": [],
                "prefix_list_ids": [],
                "protocol": "tcp",
                "security_groups": [
                  "sg-031cfaab7e2c3680e"
                ],
                "self": false,
                "to_port": 22
              }
            ],
            "name": "hugo-tf-proxy",
            "name_prefix": "",
            "owner_id": "278576220453",
            "revoke_rules_on_delete": false,
            "tags": {
              "TeleportCluster": "hugo-tf"
            },
            "tags_all": {
              "TeleportCluster": "hugo-tf"
            },
            "timeouts": null,
            "vpc_id": "vpc-00052c0bb45d5dab8"
          },
          "sensitive_attributes": [],
          "private": "eyJlMmJmYjczMC1lY2FhLTExZTYtOGY4OC0zNDM2M2JjN2M0YzAiOnsiY3JlYXRlIjo2MDAwMDAwMDAwMDAsImRlbGV0ZSI6OTAwMDAwMDAwMDAwfSwic2NoZW1hX3ZlcnNpb24iOiIxIn0=",
          "dependencies": [
            "aws_vpc.teleport"
          ],
          "create_before_destroy": true
        }
      ]
    },
    {
      "mode": "managed",
      "type": "aws_security_group_rule",
      "name": "auth_egress_allow_all_traffic",
      "provider": "provider[\"registry.terraform.io/hashicorp/aws\"]",
      "instances": [
        {
          "schema_version": 2,
          "attributes": {
            "cidr_blocks": [
              "0.0.0.0/0"
            ],
            "description": "",
            "from_port": 0,
            "id": "sgrule-1455600873",
            "ipv6_cidr_blocks": null,
            "prefix_list_ids": null,
            "protocol": "-1",
            "security_group_id": "sg-0817b3b086c520266",
            "self": false,
            "source_security_group_id": null,
            "timeouts": null,
            "to_port": 0,
            "type": "egress"
          },
          "sensitive_attributes": [],
          "private": "eyJlMmJmYjczMC1lY2FhLTExZTYtOGY4OC0zNDM2M2JjN2M0YzAiOnsiY3JlYXRlIjozMDAwMDAwMDAwMDB9LCJzY2hlbWFfdmVyc2lvbiI6IjIifQ==",
          "dependencies": [
            "aws_security_group.auth",
            "aws_vpc.teleport"
          ]
        }
      ]
    },
    {
      "mode": "managed",
      "type": "aws_security_group_rule",
      "name": "auth_ingress_allow_cidr_traffic",
      "provider": "provider[\"registry.terraform.io/hashicorp/aws\"]",
      "instances": [
        {
          "schema_version": 2,
          "attributes": {
            "cidr_blocks": [
              "172.31.2.0/24",
              "172.31.3.0/24"
            ],
            "description": "",
            "from_port": 3025,
            "id": "sgrule-4197494255",
            "ipv6_cidr_blocks": null,
            "prefix_list_ids": null,
            "protocol": "tcp",
            "security_group_id": "sg-0817b3b086c520266",
            "self": false,
            "source_security_group_id": null,
            "timeouts": null,
            "to_port": 3025,
            "type": "ingress"
          },
          "sensitive_attributes": [],
          "private": "eyJlMmJmYjczMC1lY2FhLTExZTYtOGY4OC0zNDM2M2JjN2M0YzAiOnsiY3JlYXRlIjozMDAwMDAwMDAwMDB9LCJzY2hlbWFfdmVyc2lvbiI6IjIifQ==",
          "dependencies": [
            "aws_security_group.auth",
            "aws_subnet.public",
            "aws_vpc.teleport",
            "data.aws_availability_zones.available"
          ]
        }
      ]
    },
    {
      "mode": "managed",
      "type": "aws_security_group_rule",
      "name": "auth_ingress_allow_internal_traffic",
      "provider": "provider[\"registry.terraform.io/hashicorp/aws\"]",
      "instances": [
        {
          "schema_version": 2,
          "attributes": {
            "cidr_blocks": null,
            "description": "",
            "from_port": 0,
            "id": "sgrule-3094671738",
            "ipv6_cidr_blocks": null,
            "prefix_list_ids": null,
            "protocol": "-1",
            "security_group_id": "sg-0817b3b086c520266",
            "self": true,
            "source_security_group_id": null,
            "timeouts": null,
            "to_port": 0,
            "type": "ingress"
          },
          "sensitive_attributes": [],
          "private": "eyJlMmJmYjczMC1lY2FhLTExZTYtOGY4OC0zNDM2M2JjN2M0YzAiOnsiY3JlYXRlIjozMDAwMDAwMDAwMDB9LCJzY2hlbWFfdmVyc2lvbiI6IjIifQ==",
          "dependencies": [
            "aws_security_group.auth",
            "aws_vpc.teleport"
          ]
        }
      ]
    },
    {
      "mode": "managed",
      "type": "aws_security_group_rule",
      "name": "auth_ingress_allow_node_cidr_traffic",
      "provider": "provider[\"registry.terraform.io/hashicorp/aws\"]",
      "instances": [
        {
          "schema_version": 2,
          "attributes": {
            "cidr_blocks": [
              "172.31.4.0/22",
              "172.31.8.0/22"
            ],
            "description": "",
            "from_port": 3025,
            "id": "sgrule-197210801",
            "ipv6_cidr_blocks": null,
            "prefix_list_ids": null,
            "protocol": "tcp",
            "security_group_id": "sg-0817b3b086c520266",
            "self": false,
            "source_security_group_id": null,
            "timeouts": null,
            "to_port": 3025,
            "type": "ingress"
          },
          "sensitive_attributes": [],
          "private": "eyJlMmJmYjczMC1lY2FhLTExZTYtOGY4OC0zNDM2M2JjN2M0YzAiOnsiY3JlYXRlIjozMDAwMDAwMDAwMDB9LCJzY2hlbWFfdmVyc2lvbiI6IjIifQ==",
          "dependencies": [
            "aws_security_group.auth",
            "aws_subnet.node",
            "aws_vpc.teleport",
            "data.aws_availability_zones.available"
          ]
        }
      ]
    },
    {
      "mode": "managed",
      "type": "aws_security_group_rule",
      "name": "auth_ingress_allow_public_traffic",
      "provider": "provider[\"registry.terraform.io/hashicorp/aws\"]",
      "instances": [
        {
          "schema_version": 2,
          "attributes": {
            "cidr_blocks": null,
            "description": "",
            "from_port": 3025,
            "id": "sgrule-3583271837",
            "ipv6_cidr_blocks": null,
            "prefix_list_ids": null,
            "protocol": "tcp",
            "security_group_id": "sg-0817b3b086c520266",
            "self": false,
            "source_security_group_id": "sg-090ea0772c1685b56",
            "timeouts": null,
            "to_port": 3025,
            "type": "ingress"
          },
          "sensitive_attributes": [],
          "private": "eyJlMmJmYjczMC1lY2FhLTExZTYtOGY4OC0zNDM2M2JjN2M0YzAiOnsiY3JlYXRlIjozMDAwMDAwMDAwMDB9LCJzY2hlbWFfdmVyc2lvbiI6IjIifQ==",
          "dependencies": [
            "aws_security_group.auth",
            "aws_security_group.proxy",
            "aws_vpc.teleport"
          ]
        }
      ]
    },
    {
      "mode": "managed",
      "type": "aws_security_group_rule",
      "name": "auth_ingress_allow_ssh",
      "provider": "provider[\"registry.terraform.io/hashicorp/aws\"]",
      "instances": [
        {
          "schema_version": 2,
          "attributes": {
            "cidr_blocks": null,
            "description": "",
            "from_port": 22,
            "id": "sgrule-1447748840",
            "ipv6_cidr_blocks": null,
            "prefix_list_ids": null,
            "protocol": "tcp",
            "security_group_id": "sg-0817b3b086c520266",
            "self": false,
            "source_security_group_id": "sg-031cfaab7e2c3680e",
            "timeouts": null,
            "to_port": 22,
            "type": "ingress"
          },
          "sensitive_attributes": [],
          "private": "eyJlMmJmYjczMC1lY2FhLTExZTYtOGY4OC0zNDM2M2JjN2M0YzAiOnsiY3JlYXRlIjozMDAwMDAwMDAwMDB9LCJzY2hlbWFfdmVyc2lvbiI6IjIifQ==",
          "dependencies": [
            "aws_security_group.auth",
            "aws_security_group.bastion",
            "aws_vpc.teleport"
          ]
        }
      ]
    },
    {
      "mode": "managed",
      "type": "aws_security_group_rule",
      "name": "bastion_ingress_allow_ssh",
      "provider": "provider[\"registry.terraform.io/hashicorp/aws\"]",
      "instances": [
        {
          "schema_version": 2,
          "attributes": {
            "cidr_blocks": [
              "0.0.0.0/0"
            ],
            "description": "",
            "from_port": 22,
            "id": "sgrule-2397661840",
            "ipv6_cidr_blocks": null,
            "prefix_list_ids": null,
            "protocol": "tcp",
            "security_group_id": "sg-031cfaab7e2c3680e",
            "self": false,
            "source_security_group_id": null,
            "timeouts": null,
            "to_port": 22,
            "type": "ingress"
          },
          "sensitive_attributes": [],
          "private": "eyJlMmJmYjczMC1lY2FhLTExZTYtOGY4OC0zNDM2M2JjN2M0YzAiOnsiY3JlYXRlIjozMDAwMDAwMDAwMDB9LCJzY2hlbWFfdmVyc2lvbiI6IjIifQ==",
          "dependencies": [
            "aws_security_group.bastion",
            "aws_vpc.teleport"
          ]
        }
      ]
    },
    {
      "mode": "managed",
      "type": "aws_security_group_rule",
      "name": "cluster_ingress_mongodb",
      "provider": "provider[\"registry.terraform.io/hashicorp/aws\"]",
      "instances": [
        {
          "schema_version": 2,
          "attributes": {
            "cidr_blocks": [
              "0.0.0.0/0"
            ],
            "description": "",
            "from_port": 27017,
            "id": "sgrule-1201066172",
            "ipv6_cidr_blocks": null,
            "prefix_list_ids": null,
            "protocol": "tcp",
            "security_group_id": "sg-090ea0772c1685b56",
            "self": false,
            "source_security_group_id": null,
            "timeouts": null,
            "to_port": 27017,
            "type": "ingress"
          },
          "sensitive_attributes": [],
          "private": "eyJlMmJmYjczMC1lY2FhLTExZTYtOGY4OC0zNDM2M2JjN2M0YzAiOnsiY3JlYXRlIjozMDAwMDAwMDAwMDB9LCJzY2hlbWFfdmVyc2lvbiI6IjIifQ==",
          "dependencies": [
            "aws_security_group.proxy",
            "aws_vpc.teleport"
          ]
        }
      ]
    },
    {
      "mode": "managed",
      "type": "aws_security_group_rule",
      "name": "monitor_collector_ingress_allow_vpc_cidr_traffic",
      "provider": "provider[\"registry.terraform.io/hashicorp/aws\"]",
      "instances": [
        {
          "schema_version": 2,
          "attributes": {
            "cidr_blocks": [
              "172.31.0.0/16"
            ],
            "description": "",
            "from_port": 8086,
            "id": "sgrule-313625411",
            "ipv6_cidr_blocks": null,
            "prefix_list_ids": null,
            "protocol": "tcp",
            "security_group_id": "sg-0f1d2353f9d9fd59a",
            "self": false,
            "source_security_group_id": null,
            "timeouts": null,
            "to_port": 8086,
            "type": "ingress"
          },
          "sensitive_attributes": [],
          "private": "eyJlMmJmYjczMC1lY2FhLTExZTYtOGY4OC0zNDM2M2JjN2M0YzAiOnsiY3JlYXRlIjozMDAwMDAwMDAwMDB9LCJzY2hlbWFfdmVyc2lvbiI6IjIifQ==",
          "dependencies": [
            "aws_security_group.monitor",
            "aws_vpc.teleport"
          ]
        }
      ]
    },
    {
      "mode": "managed",
      "type": "aws_security_group_rule",
      "name": "monitor_egress_allow_all_traffic",
      "provider": "provider[\"registry.terraform.io/hashicorp/aws\"]",
      "instances": [
        {
          "schema_version": 2,
          "attributes": {
            "cidr_blocks": [
              "0.0.0.0/0"
            ],
            "description": "",
            "from_port": 0,
            "id": "sgrule-1624135885",
            "ipv6_cidr_blocks": null,
            "prefix_list_ids": null,
            "protocol": "-1",
            "security_group_id": "sg-0f1d2353f9d9fd59a",
            "self": false,
            "source_security_group_id": null,
            "timeouts": null,
            "to_port": 0,
            "type": "egress"
          },
          "sensitive_attributes": [],
          "private": "eyJlMmJmYjczMC1lY2FhLTExZTYtOGY4OC0zNDM2M2JjN2M0YzAiOnsiY3JlYXRlIjozMDAwMDAwMDAwMDB9LCJzY2hlbWFfdmVyc2lvbiI6IjIifQ==",
          "dependencies": [
            "aws_security_group.monitor",
            "aws_vpc.teleport"
          ]
        }
      ]
    },
    {
      "mode": "managed",
      "type": "aws_security_group_rule",
      "name": "monitor_ingress_allow_ssh",
      "provider": "provider[\"registry.terraform.io/hashicorp/aws\"]",
      "instances": [
        {
          "schema_version": 2,
          "attributes": {
            "cidr_blocks": null,
            "description": "",
            "from_port": 22,
            "id": "sgrule-2435868724",
            "ipv6_cidr_blocks": null,
            "prefix_list_ids": null,
            "protocol": "tcp",
            "security_group_id": "sg-0f1d2353f9d9fd59a",
            "self": false,
            "source_security_group_id": "sg-031cfaab7e2c3680e",
            "timeouts": null,
            "to_port": 22,
            "type": "ingress"
          },
          "sensitive_attributes": [],
          "private": "eyJlMmJmYjczMC1lY2FhLTExZTYtOGY4OC0zNDM2M2JjN2M0YzAiOnsiY3JlYXRlIjozMDAwMDAwMDAwMDB9LCJzY2hlbWFfdmVyc2lvbiI6IjIifQ==",
          "dependencies": [
            "aws_security_group.bastion",
            "aws_security_group.monitor",
            "aws_vpc.teleport"
          ]
        }
      ]
    },
    {
      "mode": "managed",
      "type": "aws_security_group_rule",
      "name": "monitor_ingress_allow_web",
      "provider": "provider[\"registry.terraform.io/hashicorp/aws\"]",
      "instances": [
        {
          "index_key": 0,
          "schema_version": 2,
          "attributes": {
            "cidr_blocks": [
              "0.0.0.0/0"
            ],
            "description": "",
            "from_port": 8443,
            "id": "sgrule-2332131243",
            "ipv6_cidr_blocks": null,
            "prefix_list_ids": null,
            "protocol": "tcp",
            "security_group_id": "sg-0f1d2353f9d9fd59a",
            "self": false,
            "source_security_group_id": null,
            "timeouts": null,
            "to_port": 8443,
            "type": "ingress"
          },
          "sensitive_attributes": [],
          "private": "eyJlMmJmYjczMC1lY2FhLTExZTYtOGY4OC0zNDM2M2JjN2M0YzAiOnsiY3JlYXRlIjozMDAwMDAwMDAwMDB9LCJzY2hlbWFfdmVyc2lvbiI6IjIifQ==",
          "dependencies": [
            "aws_security_group.monitor",
            "aws_vpc.teleport"
          ]
        }
      ]
    },
    {
      "mode": "managed",
      "type": "aws_security_group_rule",
      "name": "node_egress_allow_all_traffic",
      "provider": "provider[\"registry.terraform.io/hashicorp/aws\"]",
      "instances": [
        {
          "schema_version": 2,
          "attributes": {
            "cidr_blocks": [
              "0.0.0.0/0"
            ],
            "description": "",
            "from_port": 0,
            "id": "sgrule-4003349654",
            "ipv6_cidr_blocks": null,
            "prefix_list_ids": null,
            "protocol": "-1",
            "security_group_id": "sg-0a69b07ab163fc62b",
            "self": false,
            "source_security_group_id": null,
            "timeouts": null,
            "to_port": 0,
            "type": "egress"
          },
          "sensitive_attributes": [],
          "private": "eyJlMmJmYjczMC1lY2FhLTExZTYtOGY4OC0zNDM2M2JjN2M0YzAiOnsiY3JlYXRlIjozMDAwMDAwMDAwMDB9LCJzY2hlbWFfdmVyc2lvbiI6IjIifQ==",
          "dependencies": [
            "aws_security_group.node",
            "aws_vpc.teleport"
          ]
        }
      ]
    },
    {
      "mode": "managed",
      "type": "aws_security_group_rule",
      "name": "node_ingress_allow_ssh_bastion",
      "provider": "provider[\"registry.terraform.io/hashicorp/aws\"]",
      "instances": [
        {
          "schema_version": 2,
          "attributes": {
            "cidr_blocks": null,
            "description": "",
            "from_port": 22,
            "id": "sgrule-3933326356",
            "ipv6_cidr_blocks": null,
            "prefix_list_ids": null,
            "protocol": "tcp",
            "security_group_id": "sg-0a69b07ab163fc62b",
            "self": false,
            "source_security_group_id": "sg-031cfaab7e2c3680e",
            "timeouts": null,
            "to_port": 22,
            "type": "ingress"
          },
          "sensitive_attributes": [],
          "private": "eyJlMmJmYjczMC1lY2FhLTExZTYtOGY4OC0zNDM2M2JjN2M0YzAiOnsiY3JlYXRlIjozMDAwMDAwMDAwMDB9LCJzY2hlbWFfdmVyc2lvbiI6IjIifQ==",
          "dependencies": [
            "aws_security_group.bastion",
            "aws_security_group.node",
            "aws_vpc.teleport"
          ]
        }
      ]
    },
    {
      "mode": "managed",
      "type": "aws_security_group_rule",
      "name": "node_ingress_allow_ssh_proxy",
      "provider": "provider[\"registry.terraform.io/hashicorp/aws\"]",
      "instances": [
        {
          "schema_version": 2,
          "attributes": {
            "cidr_blocks": null,
            "description": "",
            "from_port": 3022,
            "id": "sgrule-2019170184",
            "ipv6_cidr_blocks": null,
            "prefix_list_ids": null,
            "protocol": "tcp",
            "security_group_id": "sg-0a69b07ab163fc62b",
            "self": false,
            "source_security_group_id": "sg-090ea0772c1685b56",
            "timeouts": null,
            "to_port": 3022,
            "type": "ingress"
          },
          "sensitive_attributes": [],
          "private": "eyJlMmJmYjczMC1lY2FhLTExZTYtOGY4OC0zNDM2M2JjN2M0YzAiOnsiY3JlYXRlIjozMDAwMDAwMDAwMDB9LCJzY2hlbWFfdmVyc2lvbiI6IjIifQ==",
          "dependencies": [
            "aws_security_group.node",
            "aws_security_group.proxy",
            "aws_vpc.teleport"
          ]
        }
      ]
    },
    {
      "mode": "managed",
      "type": "aws_security_group_rule",
      "name": "proxy_egress_allow_all_traffic",
      "provider": "provider[\"registry.terraform.io/hashicorp/aws\"]",
      "instances": [
        {
          "schema_version": 2,
          "attributes": {
            "cidr_blocks": [
              "0.0.0.0/0"
            ],
            "description": "",
            "from_port": 0,
            "id": "sgrule-693669613",
            "ipv6_cidr_blocks": null,
            "prefix_list_ids": null,
            "protocol": "-1",
            "security_group_id": "sg-090ea0772c1685b56",
            "self": false,
            "source_security_group_id": null,
            "timeouts": null,
            "to_port": 0,
            "type": "egress"
          },
          "sensitive_attributes": [],
          "private": "eyJlMmJmYjczMC1lY2FhLTExZTYtOGY4OC0zNDM2M2JjN2M0YzAiOnsiY3JlYXRlIjozMDAwMDAwMDAwMDB9LCJzY2hlbWFfdmVyc2lvbiI6IjIifQ==",
          "dependencies": [
            "aws_security_group.proxy",
            "aws_vpc.teleport"
          ]
        }
      ]
    },
    {
      "mode": "managed",
      "type": "aws_security_group_rule",
      "name": "proxy_egress_bastion_all_traffic",
      "provider": "provider[\"registry.terraform.io/hashicorp/aws\"]",
      "instances": [
        {
          "schema_version": 2,
          "attributes": {
            "cidr_blocks": [
              "0.0.0.0/0"
            ],
            "description": "",
            "from_port": 0,
            "id": "sgrule-3999792075",
            "ipv6_cidr_blocks": null,
            "prefix_list_ids": null,
            "protocol": "-1",
            "security_group_id": "sg-031cfaab7e2c3680e",
            "self": false,
            "source_security_group_id": null,
            "timeouts": null,
            "to_port": 0,
            "type": "egress"
          },
          "sensitive_attributes": [],
          "private": "eyJlMmJmYjczMC1lY2FhLTExZTYtOGY4OC0zNDM2M2JjN2M0YzAiOnsiY3JlYXRlIjozMDAwMDAwMDAwMDB9LCJzY2hlbWFfdmVyc2lvbiI6IjIifQ==",
          "dependencies": [
            "aws_security_group.bastion",
            "aws_vpc.teleport"
          ]
        }
      ]
    },
    {
      "mode": "managed",
      "type": "aws_security_group_rule",
      "name": "proxy_ingress_allow_kube",
      "provider": "provider[\"registry.terraform.io/hashicorp/aws\"]",
      "instances": [
        {
          "schema_version": 2,
          "attributes": {
            "cidr_blocks": [
              "0.0.0.0/0"
            ],
            "description": "",
            "from_port": 3026,
            "id": "sgrule-3197853562",
            "ipv6_cidr_blocks": null,
            "prefix_list_ids": null,
            "protocol": "tcp",
            "security_group_id": "sg-090ea0772c1685b56",
            "self": false,
            "source_security_group_id": null,
            "timeouts": null,
            "to_port": 3026,
            "type": "ingress"
          },
          "sensitive_attributes": [],
          "private": "eyJlMmJmYjczMC1lY2FhLTExZTYtOGY4OC0zNDM2M2JjN2M0YzAiOnsiY3JlYXRlIjozMDAwMDAwMDAwMDB9LCJzY2hlbWFfdmVyc2lvbiI6IjIifQ==",
          "dependencies": [
            "aws_security_group.proxy",
            "aws_vpc.teleport"
          ]
        }
      ]
    },
    {
      "mode": "managed",
      "type": "aws_security_group_rule",
      "name": "proxy_ingress_allow_mysql",
      "provider": "provider[\"registry.terraform.io/hashicorp/aws\"]",
      "instances": [
        {
          "schema_version": 2,
          "attributes": {
            "cidr_blocks": [
              "0.0.0.0/0"
            ],
            "description": "",
            "from_port": 3036,
            "id": "sgrule-661662844",
            "ipv6_cidr_blocks": null,
            "prefix_list_ids": null,
            "protocol": "tcp",
            "security_group_id": "sg-090ea0772c1685b56",
            "self": false,
            "source_security_group_id": null,
            "timeouts": null,
            "to_port": 3036,
            "type": "ingress"
          },
          "sensitive_attributes": [],
          "private": "eyJlMmJmYjczMC1lY2FhLTExZTYtOGY4OC0zNDM2M2JjN2M0YzAiOnsiY3JlYXRlIjozMDAwMDAwMDAwMDB9LCJzY2hlbWFfdmVyc2lvbiI6IjIifQ==",
          "dependencies": [
            "aws_security_group.proxy",
            "aws_vpc.teleport"
          ]
        }
      ]
    },
    {
      "mode": "managed",
      "type": "aws_security_group_rule",
      "name": "proxy_ingress_allow_postgres",
      "provider": "provider[\"registry.terraform.io/hashicorp/aws\"]",
      "instances": [
        {
          "schema_version": 2,
          "attributes": {
            "cidr_blocks": [
              "0.0.0.0/0"
            ],
            "description": "",
            "from_port": 5432,
            "id": "sgrule-4245008272",
            "ipv6_cidr_blocks": null,
            "prefix_list_ids": null,
            "protocol": "tcp",
            "security_group_id": "sg-090ea0772c1685b56",
            "self": false,
            "source_security_group_id": null,
            "timeouts": null,
            "to_port": 5432,
            "type": "ingress"
          },
          "sensitive_attributes": [],
          "private": "eyJlMmJmYjczMC1lY2FhLTExZTYtOGY4OC0zNDM2M2JjN2M0YzAiOnsiY3JlYXRlIjozMDAwMDAwMDAwMDB9LCJzY2hlbWFfdmVyc2lvbiI6IjIifQ==",
          "dependencies": [
            "aws_security_group.proxy",
            "aws_vpc.teleport"
          ]
        }
      ]
    },
    {
      "mode": "managed",
      "type": "aws_security_group_rule",
      "name": "proxy_ingress_allow_proxy",
      "provider": "provider[\"registry.terraform.io/hashicorp/aws\"]",
      "instances": [
        {
          "schema_version": 2,
          "attributes": {
            "cidr_blocks": [
              "0.0.0.0/0"
            ],
            "description": "",
            "from_port": 3023,
            "id": "sgrule-1657872375",
            "ipv6_cidr_blocks": null,
            "prefix_list_ids": null,
            "protocol": "tcp",
            "security_group_id": "sg-090ea0772c1685b56",
            "self": false,
            "source_security_group_id": null,
            "timeouts": null,
            "to_port": 3023,
            "type": "ingress"
          },
          "sensitive_attributes": [],
          "private": "eyJlMmJmYjczMC1lY2FhLTExZTYtOGY4OC0zNDM2M2JjN2M0YzAiOnsiY3JlYXRlIjozMDAwMDAwMDAwMDB9LCJzY2hlbWFfdmVyc2lvbiI6IjIifQ==",
          "dependencies": [
            "aws_security_group.proxy",
            "aws_vpc.teleport"
          ]
        }
      ]
    },
    {
      "mode": "managed",
      "type": "aws_security_group_rule",
      "name": "proxy_ingress_allow_ssh",
      "provider": "provider[\"registry.terraform.io/hashicorp/aws\"]",
      "instances": [
        {
          "schema_version": 2,
          "attributes": {
            "cidr_blocks": null,
            "description": "",
            "from_port": 22,
            "id": "sgrule-1611651947",
            "ipv6_cidr_blocks": null,
            "prefix_list_ids": null,
            "protocol": "tcp",
            "security_group_id": "sg-090ea0772c1685b56",
            "self": false,
            "source_security_group_id": "sg-031cfaab7e2c3680e",
            "timeouts": null,
            "to_port": 22,
            "type": "ingress"
          },
          "sensitive_attributes": [],
          "private": "eyJlMmJmYjczMC1lY2FhLTExZTYtOGY4OC0zNDM2M2JjN2M0YzAiOnsiY3JlYXRlIjozMDAwMDAwMDAwMDB9LCJzY2hlbWFfdmVyc2lvbiI6IjIifQ==",
          "dependencies": [
            "aws_security_group.bastion",
            "aws_security_group.proxy",
            "aws_vpc.teleport"
          ]
        }
      ]
    },
    {
      "mode": "managed",
      "type": "aws_security_group_rule",
      "name": "proxy_ingress_allow_web",
      "provider": "provider[\"registry.terraform.io/hashicorp/aws\"]",
      "instances": [
        {
          "schema_version": 2,
          "attributes": {
            "cidr_blocks": [
              "0.0.0.0/0"
            ],
            "description": "",
            "from_port": 3080,
            "id": "sgrule-1662890056",
            "ipv6_cidr_blocks": null,
            "prefix_list_ids": null,
            "protocol": "tcp",
            "security_group_id": "sg-090ea0772c1685b56",
            "self": false,
            "source_security_group_id": null,
            "timeouts": null,
            "to_port": 3080,
            "type": "ingress"
          },
          "sensitive_attributes": [],
          "private": "eyJlMmJmYjczMC1lY2FhLTExZTYtOGY4OC0zNDM2M2JjN2M0YzAiOnsiY3JlYXRlIjozMDAwMDAwMDAwMDB9LCJzY2hlbWFfdmVyc2lvbiI6IjIifQ==",
          "dependencies": [
            "aws_security_group.proxy",
            "aws_vpc.teleport"
          ]
        }
      ]
    },
    {
      "mode": "managed",
      "type": "aws_ssm_parameter",
      "name": "grafana_pass",
      "provider": "provider[\"registry.terraform.io/hashicorp/aws\"]",
      "instances": [
        {
          "schema_version": 0,
          "attributes": {
            "allowed_pattern": "",
            "arn": "arn:aws:ssm:us-east-1:278576220453:parameter/teleport/hugo-tf/grafana_pass",
            "data_type": "text",
            "description": "",
            "id": "/teleport/hugo-tf/grafana_pass",
            "insecure_value": null,
            "key_id": "alias/aws/ssm",
            "name": "/teleport/hugo-tf/grafana_pass",
            "overwrite": true,
            "tags": {},
            "tags_all": {},
            "tier": "Standard",
            "type": "SecureString",
            "value": "eezei6aitoovooyieLu6",
            "version": 1
          },
          "sensitive_attributes": [],
          "private": "bnVsbA=="
        }
      ]
    },
    {
      "mode": "managed",
      "type": "aws_ssm_parameter",
      "name": "license",
      "provider": "provider[\"registry.terraform.io/hashicorp/aws\"]",
      "instances": [
        {
          "index_key": 0,
          "schema_version": 0,
          "attributes": {
            "allowed_pattern": "",
            "arn": "arn:aws:ssm:us-east-1:278576220453:parameter/teleport/hugo-tf/license",
            "data_type": "text",
            "description": "",
            "id": "/teleport/hugo-tf/license",
            "insecure_value": null,
            "key_id": "alias/aws/ssm",
            "name": "/teleport/hugo-tf/license",
            "overwrite": true,
            "tags": {},
            "tags_all": {},
            "tier": "Standard",
            "type": "SecureString",
            "value": "coucou\n",
            "version": 1
          },
          "sensitive_attributes": [],
          "private": "bnVsbA=="
        }
      ]
    },
    {
      "mode": "managed",
      "type": "aws_subnet",
      "name": "auth",
      "provider": "provider[\"registry.terraform.io/hashicorp/aws\"]",
      "instances": [
        {
          "index_key": 0,
          "schema_version": 1,
          "attributes": {
            "arn": "arn:aws:ec2:us-east-1:278576220453:subnet/subnet-05c78a98c1b8f7ffd",
            "assign_ipv6_address_on_creation": false,
            "availability_zone": "us-east-1a",
            "availability_zone_id": "use1-az1",
            "cidr_block": "172.31.0.0/24",
            "customer_owned_ipv4_pool": "",
            "enable_dns64": false,
            "enable_resource_name_dns_a_record_on_launch": false,
            "enable_resource_name_dns_aaaa_record_on_launch": false,
            "id": "subnet-05c78a98c1b8f7ffd",
            "ipv6_cidr_block": "",
            "ipv6_cidr_block_association_id": "",
            "ipv6_native": false,
            "map_customer_owned_ip_on_launch": false,
            "map_public_ip_on_launch": false,
            "outpost_arn": "",
            "owner_id": "278576220453",
            "private_dns_hostname_type_on_launch": "ip-name",
            "tags": {
              "TeleportCluster": "hugo-tf"
            },
            "tags_all": {
              "TeleportCluster": "hugo-tf"
            },
            "timeouts": null,
            "vpc_id": "vpc-00052c0bb45d5dab8"
          },
          "sensitive_attributes": [],
          "private": "eyJlMmJmYjczMC1lY2FhLTExZTYtOGY4OC0zNDM2M2JjN2M0YzAiOnsiY3JlYXRlIjo2MDAwMDAwMDAwMDAsImRlbGV0ZSI6MTIwMDAwMDAwMDAwMH0sInNjaGVtYV92ZXJzaW9uIjoiMSJ9",
          "dependencies": [
            "aws_vpc.teleport",
            "data.aws_availability_zones.available"
          ]
        },
        {
          "index_key": 1,
          "schema_version": 1,
          "attributes": {
            "arn": "arn:aws:ec2:us-east-1:278576220453:subnet/subnet-0bb22b0b59a28b247",
            "assign_ipv6_address_on_creation": false,
            "availability_zone": "us-east-1b",
            "availability_zone_id": "use1-az2",
            "cidr_block": "172.31.1.0/24",
            "customer_owned_ipv4_pool": "",
            "enable_dns64": false,
            "enable_resource_name_dns_a_record_on_launch": false,
            "enable_resource_name_dns_aaaa_record_on_launch": false,
            "id": "subnet-0bb22b0b59a28b247",
            "ipv6_cidr_block": "",
            "ipv6_cidr_block_association_id": "",
            "ipv6_native": false,
            "map_customer_owned_ip_on_launch": false,
            "map_public_ip_on_launch": false,
            "outpost_arn": "",
            "owner_id": "278576220453",
            "private_dns_hostname_type_on_launch": "ip-name",
            "tags": {
              "TeleportCluster": "hugo-tf"
            },
            "tags_all": {
              "TeleportCluster": "hugo-tf"
            },
            "timeouts": null,
            "vpc_id": "vpc-00052c0bb45d5dab8"
          },
          "sensitive_attributes": [],
          "private": "eyJlMmJmYjczMC1lY2FhLTExZTYtOGY4OC0zNDM2M2JjN2M0YzAiOnsiY3JlYXRlIjo2MDAwMDAwMDAwMDAsImRlbGV0ZSI6MTIwMDAwMDAwMDAwMH0sInNjaGVtYV92ZXJzaW9uIjoiMSJ9",
          "dependencies": [
            "aws_vpc.teleport",
            "data.aws_availability_zones.available"
          ]
        }
      ]
    },
    {
      "mode": "managed",
      "type": "aws_subnet",
      "name": "node",
      "provider": "provider[\"registry.terraform.io/hashicorp/aws\"]",
      "instances": [
        {
          "index_key": 0,
          "schema_version": 1,
          "attributes": {
            "arn": "arn:aws:ec2:us-east-1:278576220453:subnet/subnet-09ec0ce73066ae343",
            "assign_ipv6_address_on_creation": false,
            "availability_zone": "us-east-1a",
            "availability_zone_id": "use1-az1",
            "cidr_block": "172.31.4.0/22",
            "customer_owned_ipv4_pool": "",
            "enable_dns64": false,
            "enable_resource_name_dns_a_record_on_launch": false,
            "enable_resource_name_dns_aaaa_record_on_launch": false,
            "id": "subnet-09ec0ce73066ae343",
            "ipv6_cidr_block": "",
            "ipv6_cidr_block_association_id": "",
            "ipv6_native": false,
            "map_customer_owned_ip_on_launch": false,
            "map_public_ip_on_launch": false,
            "outpost_arn": "",
            "owner_id": "278576220453",
            "private_dns_hostname_type_on_launch": "ip-name",
            "tags": {
              "TeleportCluster": "hugo-tf"
            },
            "tags_all": {
              "TeleportCluster": "hugo-tf"
            },
            "timeouts": null,
            "vpc_id": "vpc-00052c0bb45d5dab8"
          },
          "sensitive_attributes": [],
          "private": "eyJlMmJmYjczMC1lY2FhLTExZTYtOGY4OC0zNDM2M2JjN2M0YzAiOnsiY3JlYXRlIjo2MDAwMDAwMDAwMDAsImRlbGV0ZSI6MTIwMDAwMDAwMDAwMH0sInNjaGVtYV92ZXJzaW9uIjoiMSJ9",
          "dependencies": [
            "aws_vpc.teleport",
            "data.aws_availability_zones.available"
          ]
        },
        {
          "index_key": 1,
          "schema_version": 1,
          "attributes": {
            "arn": "arn:aws:ec2:us-east-1:278576220453:subnet/subnet-08892d43c50f5ebae",
            "assign_ipv6_address_on_creation": false,
            "availability_zone": "us-east-1b",
            "availability_zone_id": "use1-az2",
            "cidr_block": "172.31.8.0/22",
            "customer_owned_ipv4_pool": "",
            "enable_dns64": false,
            "enable_resource_name_dns_a_record_on_launch": false,
            "enable_resource_name_dns_aaaa_record_on_launch": false,
            "id": "subnet-08892d43c50f5ebae",
            "ipv6_cidr_block": "",
            "ipv6_cidr_block_association_id": "",
            "ipv6_native": false,
            "map_customer_owned_ip_on_launch": false,
            "map_public_ip_on_launch": false,
            "outpost_arn": "",
            "owner_id": "278576220453",
            "private_dns_hostname_type_on_launch": "ip-name",
            "tags": {
              "TeleportCluster": "hugo-tf"
            },
            "tags_all": {
              "TeleportCluster": "hugo-tf"
            },
            "timeouts": null,
            "vpc_id": "vpc-00052c0bb45d5dab8"
          },
          "sensitive_attributes": [],
          "private": "eyJlMmJmYjczMC1lY2FhLTExZTYtOGY4OC0zNDM2M2JjN2M0YzAiOnsiY3JlYXRlIjo2MDAwMDAwMDAwMDAsImRlbGV0ZSI6MTIwMDAwMDAwMDAwMH0sInNjaGVtYV92ZXJzaW9uIjoiMSJ9",
          "dependencies": [
            "aws_vpc.teleport",
            "data.aws_availability_zones.available"
          ]
        }
      ]
    },
    {
      "mode": "managed",
      "type": "aws_subnet",
      "name": "public",
      "provider": "provider[\"registry.terraform.io/hashicorp/aws\"]",
      "instances": [
        {
          "index_key": 0,
          "schema_version": 1,
          "attributes": {
            "arn": "arn:aws:ec2:us-east-1:278576220453:subnet/subnet-04bd33880510b1ce8",
            "assign_ipv6_address_on_creation": false,
            "availability_zone": "us-east-1a",
            "availability_zone_id": "use1-az1",
            "cidr_block": "172.31.2.0/24",
            "customer_owned_ipv4_pool": "",
            "enable_dns64": false,
            "enable_resource_name_dns_a_record_on_launch": false,
            "enable_resource_name_dns_aaaa_record_on_launch": false,
            "id": "subnet-04bd33880510b1ce8",
            "ipv6_cidr_block": "",
            "ipv6_cidr_block_association_id": "",
            "ipv6_native": false,
            "map_customer_owned_ip_on_launch": false,
            "map_public_ip_on_launch": false,
            "outpost_arn": "",
            "owner_id": "278576220453",
            "private_dns_hostname_type_on_launch": "ip-name",
            "tags": {
              "TeleportCluster": "hugo-tf"
            },
            "tags_all": {
              "TeleportCluster": "hugo-tf"
            },
            "timeouts": null,
            "vpc_id": "vpc-00052c0bb45d5dab8"
          },
          "sensitive_attributes": [],
          "private": "eyJlMmJmYjczMC1lY2FhLTExZTYtOGY4OC0zNDM2M2JjN2M0YzAiOnsiY3JlYXRlIjo2MDAwMDAwMDAwMDAsImRlbGV0ZSI6MTIwMDAwMDAwMDAwMH0sInNjaGVtYV92ZXJzaW9uIjoiMSJ9",
          "dependencies": [
            "aws_vpc.teleport",
            "data.aws_availability_zones.available"
          ],
          "create_before_destroy": true
        },
        {
          "index_key": 1,
          "schema_version": 1,
          "attributes": {
            "arn": "arn:aws:ec2:us-east-1:278576220453:subnet/subnet-0d613cf4ef9e1c89c",
            "assign_ipv6_address_on_creation": false,
            "availability_zone": "us-east-1b",
            "availability_zone_id": "use1-az2",
            "cidr_block": "172.31.3.0/24",
            "customer_owned_ipv4_pool": "",
            "enable_dns64": false,
            "enable_resource_name_dns_a_record_on_launch": false,
            "enable_resource_name_dns_aaaa_record_on_launch": false,
            "id": "subnet-0d613cf4ef9e1c89c",
            "ipv6_cidr_block": "",
            "ipv6_cidr_block_association_id": "",
            "ipv6_native": false,
            "map_customer_owned_ip_on_launch": false,
            "map_public_ip_on_launch": false,
            "outpost_arn": "",
            "owner_id": "278576220453",
            "private_dns_hostname_type_on_launch": "ip-name",
            "tags": {
              "TeleportCluster": "hugo-tf"
            },
            "tags_all": {
              "TeleportCluster": "hugo-tf"
            },
            "timeouts": null,
            "vpc_id": "vpc-00052c0bb45d5dab8"
          },
          "sensitive_attributes": [],
          "private": "eyJlMmJmYjczMC1lY2FhLTExZTYtOGY4OC0zNDM2M2JjN2M0YzAiOnsiY3JlYXRlIjo2MDAwMDAwMDAwMDAsImRlbGV0ZSI6MTIwMDAwMDAwMDAwMH0sInNjaGVtYV92ZXJzaW9uIjoiMSJ9",
          "dependencies": [
            "aws_vpc.teleport",
            "data.aws_availability_zones.available"
          ],
          "create_before_destroy": true
        }
      ]
    },
    {
      "mode": "managed",
      "type": "aws_vpc",
      "name": "teleport",
      "provider": "provider[\"registry.terraform.io/hashicorp/aws\"]",
      "instances": [
        {
          "schema_version": 1,
          "attributes": {
            "arn": "arn:aws:ec2:us-east-1:278576220453:vpc/vpc-00052c0bb45d5dab8",
            "assign_generated_ipv6_cidr_block": false,
            "cidr_block": "172.31.0.0/16",
            "default_network_acl_id": "acl-0b26e956eaa3ae100",
            "default_route_table_id": "rtb-09ee529340dea7997",
            "default_security_group_id": "sg-0c163fda7049809e8",
            "dhcp_options_id": "dopt-7aaffe00",
            "enable_classiclink": false,
            "enable_classiclink_dns_support": false,
            "enable_dns_hostnames": true,
            "enable_dns_support": true,
            "id": "vpc-00052c0bb45d5dab8",
            "instance_tenancy": "default",
            "ipv4_ipam_pool_id": null,
            "ipv4_netmask_length": null,
            "ipv6_association_id": "",
            "ipv6_cidr_block": "",
            "ipv6_cidr_block_network_border_group": "",
            "ipv6_ipam_pool_id": "",
            "ipv6_netmask_length": 0,
            "main_route_table_id": "rtb-09ee529340dea7997",
            "owner_id": "278576220453",
            "tags": {
              "TeleportCluster": "hugo-tf"
            },
            "tags_all": {
              "TeleportCluster": "hugo-tf"
            }
          },
          "sensitive_attributes": [],
          "private": "eyJzY2hlbWFfdmVyc2lvbiI6IjEifQ==",
          "create_before_destroy": true
        }
      ]
    }
  ]
}
