# THIS IS AN AUTOGENERATED FILE. DO NOT EDIT THIS FILE DIRECTLY.
# yarn lockfile v1


"@playwright/test@^1.35.1":
  version "1.35.1"
  resolved "https://registry.yarnpkg.com/@playwright/test/-/test-1.35.1.tgz#a596b61e15b980716696f149cc7a2002f003580c"
  integrity sha512-b5YoFe6J9exsMYg0pQAobNDR85T1nLumUYgUTtKm4d21iX2L7WqKq9dW8NGJ+2vX0etZd+Y7UeuqsxDXm9+5ZA==
  dependencies:
    "@types/node" "*"
    playwright-core "1.35.1"
  optionalDependencies:
    fsevents "2.3.2"

"@types/node@*":
  version "20.3.2"
  resolved "https://registry.yarnpkg.com/@types/node/-/node-20.3.2.tgz#fa6a90f2600e052a03c18b8cb3fd83dd4e599898"
  integrity sha512-vOBLVQeCQfIcF/2Y7eKFTqrMnizK5lRNQ7ykML/5RuwVXVWxYkgwS7xbt4B6fKCUPgbSL5FSsjHQpaGQP/dQmw==

fsevents@2.3.2:
  version "2.3.2"
  resolved "https://registry.yarnpkg.com/fsevents/-/fsevents-2.3.2.tgz#8a526f78b8fdf4623b709e0b975c52c24c02fd1a"
  integrity sha512-xiqMQR4xAeHTuB9uWm+fFRcIOgKBMiOBP+eXiyT7jsgVCq1bkVygt00oASowB7EdtpOHaaPgKt812P9ab+DDKA==

playwright-core@1.35.1:
  version "1.35.1"
  resolved "https://registry.yarnpkg.com/playwright-core/-/playwright-core-1.35.1.tgz#52c1e6ffaa6a8c29de1a5bdf8cce0ce290ffb81d"
  integrity sha512-pNXb6CQ7OqmGDRspEjlxE49w+4YtR6a3X6mT1hZXeJHWmsEz7SunmvZeiG/+y1yyMZdHnnn73WKYdtV1er0Xyg==

typescript@^5.1.6:
  version "5.1.6"
  resolved "https://registry.yarnpkg.com/typescript/-/typescript-5.1.6.tgz#02f8ac202b6dad2c0dd5e0913745b47a37998274"
  integrity sha512-zaWCozRZ6DLEWAWFrVDz1H6FVXzUSfTy5FUMWsQlU8Ym5JP9eO4xkTIROFCQvhQf61z6O/G6ugw3SgAnvvm+HA==
