// !$*UTF8*$!
{
	archiveVersion = 1;
	classes = {
	};
	objectVersion = 77;
	objects = {

/* Begin PBXBuildFile section */
		B2D0C4D62D80795C00C78620 /* Connect in Frameworks */ = {isa = PBXBuildFile; productRef = B2D0C4D52D80795C00C78620 /* Connect */; };
		B2D0C4D82D80795C00C78620 /* ConnectNIO in Frameworks */ = {isa = PBXBuildFile; productRef = B2D0C4D72D80795C00C78620 /* ConnectNIO */; };
		B2D0C4FC2D817EBF00C78620 /* tsh in Resources */ = {isa = PBXBuildFile; fileRef = B2D0C4FB2D817EBF00C78620 /* tsh */; };
/* End PBXBuildFile section */

/* Begin PBXContainerItemProxy section */
		B2D0C3042D803AA200C78620 /* PBXContainerItemProxy */ = {
			isa = PBXContainerItemProxy;
			containerPortal = B2D0C2EA2D803AA100C78620 /* Project object */;
			proxyType = 1;
			remoteGlobalIDString = B2D0C2F12D803AA100C78620;
			remoteInfo = TeleportMenuBar;
		};
		B2D0C30E2D803AA200C78620 /* PBXContainerItemProxy */ = {
			isa = PBXContainerItemProxy;
			containerPortal = B2D0C2EA2D803AA100C78620 /* Project object */;
			proxyType = 1;
			remoteGlobalIDString = B2D0C2F12D803AA100C78620;
			remoteInfo = TeleportMenuBar;
		};
/* End PBXContainerItemProxy section */

/* Begin PBXFileReference section */
		B2D0C2F22D803AA100C78620 /* TeleportMenuBar.app */ = {isa = PBXFileReference; explicitFileType = wrapper.application; includeInIndex = 0; path = TeleportMenuBar.app; sourceTree = BUILT_PRODUCTS_DIR; };
		B2D0C3032D803AA200C78620 /* TeleportMenuBarTests.xctest */ = {isa = PBXFileReference; explicitFileType = wrapper.cfbundle; includeInIndex = 0; path = TeleportMenuBarTests.xctest; sourceTree = BUILT_PRODUCTS_DIR; };
		B2D0C30D2D803AA200C78620 /* TeleportMenuBarUITests.xctest */ = {isa = PBXFileReference; explicitFileType = wrapper.cfbundle; includeInIndex = 0; path = TeleportMenuBarUITests.xctest; sourceTree = BUILT_PRODUCTS_DIR; };
		B2D0C4FB2D817EBF00C78620 /* tsh */ = {isa = PBXFileReference; lastKnownFileType = "compiled.mach-o.executable"; name = tsh; path = ../build/tsh; sourceTree = "<group>"; };
/* End PBXFileReference section */

/* Begin PBXFileSystemSynchronizedRootGroup section */
		B2D0C2F42D803AA100C78620 /* TeleportMenuBar */ = {
			isa = PBXFileSystemSynchronizedRootGroup;
			path = TeleportMenuBar;
			sourceTree = "<group>";
		};
		B2D0C3062D803AA200C78620 /* TeleportMenuBarTests */ = {
			isa = PBXFileSystemSynchronizedRootGroup;
			path = TeleportMenuBarTests;
			sourceTree = "<group>";
		};
		B2D0C3102D803AA200C78620 /* TeleportMenuBarUITests */ = {
			isa = PBXFileSystemSynchronizedRootGroup;
			path = TeleportMenuBarUITests;
			sourceTree = "<group>";
		};
/* End PBXFileSystemSynchronizedRootGroup section */

/* Begin PBXFrameworksBuildPhase section */
		B2D0C2EF2D803AA100C78620 /* Frameworks */ = {
			isa = PBXFrameworksBuildPhase;
			buildActionMask = 2147483647;
			files = (
				B2D0C4D82D80795C00C78620 /* ConnectNIO in Frameworks */,
				B2D0C4D62D80795C00C78620 /* Connect in Frameworks */,
			);
			runOnlyForDeploymentPostprocessing = 0;
		};
		B2D0C3002D803AA200C78620 /* Frameworks */ = {
			isa = PBXFrameworksBuildPhase;
			buildActionMask = 2147483647;
			files = (
			);
			runOnlyForDeploymentPostprocessing = 0;
		};
		B2D0C30A2D803AA200C78620 /* Frameworks */ = {
			isa = PBXFrameworksBuildPhase;
			buildActionMask = 2147483647;
			files = (
			);
			runOnlyForDeploymentPostprocessing = 0;
		};
/* End PBXFrameworksBuildPhase section */

/* Begin PBXGroup section */
		B2D0C2E92D803AA100C78620 = {
			isa = PBXGroup;
			children = (
				B2D0C4FB2D817EBF00C78620 /* tsh */,
				B2D0C2F42D803AA100C78620 /* TeleportMenuBar */,
				B2D0C3062D803AA200C78620 /* TeleportMenuBarTests */,
				B2D0C3102D803AA200C78620 /* TeleportMenuBarUITests */,
				B2D0C2F32D803AA100C78620 /* Products */,
			);
			sourceTree = "<group>";
		};
		B2D0C2F32D803AA100C78620 /* Products */ = {
			isa = PBXGroup;
			children = (
				B2D0C2F22D803AA100C78620 /* TeleportMenuBar.app */,
				B2D0C3032D803AA200C78620 /* TeleportMenuBarTests.xctest */,
				B2D0C30D2D803AA200C78620 /* TeleportMenuBarUITests.xctest */,
			);
			name = Products;
			sourceTree = "<group>";
		};
/* End PBXGroup section */

/* Begin PBXNativeTarget section */
		B2D0C2F12D803AA100C78620 /* TeleportMenuBar */ = {
			isa = PBXNativeTarget;
			buildConfigurationList = B2D0C3172D803AA200C78620 /* Build configuration list for PBXNativeTarget "TeleportMenuBar" */;
			buildPhases = (
				B2D0C2EE2D803AA100C78620 /* Sources */,
				B2D0C2EF2D803AA100C78620 /* Frameworks */,
				B2D0C2F02D803AA100C78620 /* Resources */,
			);
			buildRules = (
			);
			dependencies = (
			);
			fileSystemSynchronizedGroups = (
				B2D0C2F42D803AA100C78620 /* TeleportMenuBar */,
			);
			name = TeleportMenuBar;
			packageProductDependencies = (
				B2D0C4D52D80795C00C78620 /* Connect */,
				B2D0C4D72D80795C00C78620 /* ConnectNIO */,
			);
			productName = TeleportMenuBar;
			productReference = B2D0C2F22D803AA100C78620 /* TeleportMenuBar.app */;
			productType = "com.apple.product-type.application";
		};
		B2D0C3022D803AA200C78620 /* TeleportMenuBarTests */ = {
			isa = PBXNativeTarget;
			buildConfigurationList = B2D0C31A2D803AA200C78620 /* Build configuration list for PBXNativeTarget "TeleportMenuBarTests" */;
			buildPhases = (
				B2D0C2FF2D803AA200C78620 /* Sources */,
				B2D0C3002D803AA200C78620 /* Frameworks */,
				B2D0C3012D803AA200C78620 /* Resources */,
			);
			buildRules = (
			);
			dependencies = (
				B2D0C3052D803AA200C78620 /* PBXTargetDependency */,
			);
			fileSystemSynchronizedGroups = (
				B2D0C3062D803AA200C78620 /* TeleportMenuBarTests */,
			);
			name = TeleportMenuBarTests;
			packageProductDependencies = (
			);
			productName = TeleportMenuBarTests;
			productReference = B2D0C3032D803AA200C78620 /* TeleportMenuBarTests.xctest */;
			productType = "com.apple.product-type.bundle.unit-test";
		};
		B2D0C30C2D803AA200C78620 /* TeleportMenuBarUITests */ = {
			isa = PBXNativeTarget;
			buildConfigurationList = B2D0C31D2D803AA200C78620 /* Build configuration list for PBXNativeTarget "TeleportMenuBarUITests" */;
			buildPhases = (
				B2D0C3092D803AA200C78620 /* Sources */,
				B2D0C30A2D803AA200C78620 /* Frameworks */,
				B2D0C30B2D803AA200C78620 /* Resources */,
			);
			buildRules = (
			);
			dependencies = (
				B2D0C30F2D803AA200C78620 /* PBXTargetDependency */,
			);
			fileSystemSynchronizedGroups = (
				B2D0C3102D803AA200C78620 /* TeleportMenuBarUITests */,
			);
			name = TeleportMenuBarUITests;
			packageProductDependencies = (
			);
			productName = TeleportMenuBarUITests;
			productReference = B2D0C30D2D803AA200C78620 /* TeleportMenuBarUITests.xctest */;
			productType = "com.apple.product-type.bundle.ui-testing";
		};
/* End PBXNativeTarget section */

/* Begin PBXProject section */
		B2D0C2EA2D803AA100C78620 /* Project object */ = {
			isa = PBXProject;
			attributes = {
				BuildIndependentTargetsInParallel = 1;
				LastSwiftUpdateCheck = 1620;
				LastUpgradeCheck = 1620;
				TargetAttributes = {
					B2D0C2F12D803AA100C78620 = {
						CreatedOnToolsVersion = 16.2;
					};
					B2D0C3022D803AA200C78620 = {
						CreatedOnToolsVersion = 16.2;
						TestTargetID = B2D0C2F12D803AA100C78620;
					};
					B2D0C30C2D803AA200C78620 = {
						CreatedOnToolsVersion = 16.2;
						TestTargetID = B2D0C2F12D803AA100C78620;
					};
				};
			};
			buildConfigurationList = B2D0C2ED2D803AA100C78620 /* Build configuration list for PBXProject "TeleportMenuBar" */;
			developmentRegion = en;
			hasScannedForEncodings = 0;
			knownRegions = (
				en,
				Base,
			);
			mainGroup = B2D0C2E92D803AA100C78620;
			minimizedProjectReferenceProxies = 1;
			packageReferences = (
				B2D0C4D42D80795C00C78620 /* XCRemoteSwiftPackageReference "connect-swift" */,
			);
			preferredProjectObjectVersion = 77;
			productRefGroup = B2D0C2F32D803AA100C78620 /* Products */;
			projectDirPath = "";
			projectRoot = "";
			targets = (
				B2D0C2F12D803AA100C78620 /* TeleportMenuBar */,
				B2D0C3022D803AA200C78620 /* TeleportMenuBarTests */,
				B2D0C30C2D803AA200C78620 /* TeleportMenuBarUITests */,
			);
		};
/* End PBXProject section */

/* Begin PBXResourcesBuildPhase section */
		B2D0C2F02D803AA100C78620 /* Resources */ = {
			isa = PBXResourcesBuildPhase;
			buildActionMask = 2147483647;
			files = (
				B2D0C4FC2D817EBF00C78620 /* tsh in Resources */,
			);
			runOnlyForDeploymentPostprocessing = 0;
		};
		B2D0C3012D803AA200C78620 /* Resources */ = {
			isa = PBXResourcesBuildPhase;
			buildActionMask = 2147483647;
			files = (
			);
			runOnlyForDeploymentPostprocessing = 0;
		};
		B2D0C30B2D803AA200C78620 /* Resources */ = {
			isa = PBXResourcesBuildPhase;
			buildActionMask = 2147483647;
			files = (
			);
			runOnlyForDeploymentPostprocessing = 0;
		};
/* End PBXResourcesBuildPhase section */

/* Begin PBXSourcesBuildPhase section */
		B2D0C2EE2D803AA100C78620 /* Sources */ = {
			isa = PBXSourcesBuildPhase;
			buildActionMask = 2147483647;
			files = (
			);
			runOnlyForDeploymentPostprocessing = 0;
		};
		B2D0C2FF2D803AA200C78620 /* Sources */ = {
			isa = PBXSourcesBuildPhase;
			buildActionMask = 2147483647;
			files = (
			);
			runOnlyForDeploymentPostprocessing = 0;
		};
		B2D0C3092D803AA200C78620 /* Sources */ = {
			isa = PBXSourcesBuildPhase;
			buildActionMask = 2147483647;
			files = (
			);
			runOnlyForDeploymentPostprocessing = 0;
		};
/* End PBXSourcesBuildPhase section */

/* Begin PBXTargetDependency section */
		B2D0C3052D803AA200C78620 /* PBXTargetDependency */ = {
			isa = PBXTargetDependency;
			target = B2D0C2F12D803AA100C78620 /* TeleportMenuBar */;
			targetProxy = B2D0C3042D803AA200C78620 /* PBXContainerItemProxy */;
		};
		B2D0C30F2D803AA200C78620 /* PBXTargetDependency */ = {
			isa = PBXTargetDependency;
			target = B2D0C2F12D803AA100C78620 /* TeleportMenuBar */;
			targetProxy = B2D0C30E2D803AA200C78620 /* PBXContainerItemProxy */;
		};
/* End PBXTargetDependency section */

/* Begin XCBuildConfiguration section */
		B2D0C3152D803AA200C78620 /* Debug */ = {
			isa = XCBuildConfiguration;
			buildSettings = {
				ALWAYS_SEARCH_USER_PATHS = NO;
				ASSETCATALOG_COMPILER_GENERATE_SWIFT_ASSET_SYMBOL_EXTENSIONS = YES;
				CLANG_ANALYZER_NONNULL = YES;
				CLANG_ANALYZER_NUMBER_OBJECT_CONVERSION = YES_AGGRESSIVE;
				CLANG_CXX_LANGUAGE_STANDARD = "gnu++20";
				CLANG_ENABLE_MODULES = YES;
				CLANG_ENABLE_OBJC_ARC = YES;
				CLANG_ENABLE_OBJC_WEAK = YES;
				CLANG_WARN_BLOCK_CAPTURE_AUTORELEASING = YES;
				CLANG_WARN_BOOL_CONVERSION = YES;
				CLANG_WARN_COMMA = YES;
				CLANG_WARN_CONSTANT_CONVERSION = YES;
				CLANG_WARN_DEPRECATED_OBJC_IMPLEMENTATIONS = YES;
				CLANG_WARN_DIRECT_OBJC_ISA_USAGE = YES_ERROR;
				CLANG_WARN_DOCUMENTATION_COMMENTS = YES;
				CLANG_WARN_EMPTY_BODY = YES;
				CLANG_WARN_ENUM_CONVERSION = YES;
				CLANG_WARN_INFINITE_RECURSION = YES;
				CLANG_WARN_INT_CONVERSION = YES;
				CLANG_WARN_NON_LITERAL_NULL_CONVERSION = YES;
				CLANG_WARN_OBJC_IMPLICIT_RETAIN_SELF = YES;
				CLANG_WARN_OBJC_LITERAL_CONVERSION = YES;
				CLANG_WARN_OBJC_ROOT_CLASS = YES_ERROR;
				CLANG_WARN_QUOTED_INCLUDE_IN_FRAMEWORK_HEADER = YES;
				CLANG_WARN_RANGE_LOOP_ANALYSIS = YES;
				CLANG_WARN_STRICT_PROTOTYPES = YES;
				CLANG_WARN_SUSPICIOUS_MOVE = YES;
				CLANG_WARN_UNGUARDED_AVAILABILITY = YES_AGGRESSIVE;
				CLANG_WARN_UNREACHABLE_CODE = YES;
				CLANG_WARN__DUPLICATE_METHOD_MATCH = YES;
				COPY_PHASE_STRIP = NO;
				DEBUG_INFORMATION_FORMAT = dwarf;
				ENABLE_STRICT_OBJC_MSGSEND = YES;
				ENABLE_TESTABILITY = YES;
				ENABLE_USER_SCRIPT_SANDBOXING = YES;
				GCC_C_LANGUAGE_STANDARD = gnu17;
				GCC_DYNAMIC_NO_PIC = NO;
				GCC_NO_COMMON_BLOCKS = YES;
				GCC_OPTIMIZATION_LEVEL = 0;
				GCC_PREPROCESSOR_DEFINITIONS = (
					"DEBUG=1",
					"$(inherited)",
				);
				GCC_WARN_64_TO_32_BIT_CONVERSION = YES;
				GCC_WARN_ABOUT_RETURN_TYPE = YES_ERROR;
				GCC_WARN_UNDECLARED_SELECTOR = YES;
				GCC_WARN_UNINITIALIZED_AUTOS = YES_AGGRESSIVE;
				GCC_WARN_UNUSED_FUNCTION = YES;
				GCC_WARN_UNUSED_VARIABLE = YES;
				LOCALIZATION_PREFERS_STRING_CATALOGS = YES;
				MACOSX_DEPLOYMENT_TARGET = 15.0;
				MTL_ENABLE_DEBUG_INFO = INCLUDE_SOURCE;
				MTL_FAST_MATH = YES;
				ONLY_ACTIVE_ARCH = YES;
				SDKROOT = macosx;
				SWIFT_ACTIVE_COMPILATION_CONDITIONS = "DEBUG $(inherited)";
				SWIFT_OPTIMIZATION_LEVEL = "-Onone";
				SWIFT_VERSION = "";
			};
			name = Debug;
		};
		B2D0C3162D803AA200C78620 /* Release */ = {
			isa = XCBuildConfiguration;
			buildSettings = {
				ALWAYS_SEARCH_USER_PATHS = NO;
				ASSETCATALOG_COMPILER_GENERATE_SWIFT_ASSET_SYMBOL_EXTENSIONS = YES;
				CLANG_ANALYZER_NONNULL = YES;
				CLANG_ANALYZER_NUMBER_OBJECT_CONVERSION = YES_AGGRESSIVE;
				CLANG_CXX_LANGUAGE_STANDARD = "gnu++20";
				CLANG_ENABLE_MODULES = YES;
				CLANG_ENABLE_OBJC_ARC = YES;
				CLANG_ENABLE_OBJC_WEAK = YES;
				CLANG_WARN_BLOCK_CAPTURE_AUTORELEASING = YES;
				CLANG_WARN_BOOL_CONVERSION = YES;
				CLANG_WARN_COMMA = YES;
				CLANG_WARN_CONSTANT_CONVERSION = YES;
				CLANG_WARN_DEPRECATED_OBJC_IMPLEMENTATIONS = YES;
				CLANG_WARN_DIRECT_OBJC_ISA_USAGE = YES_ERROR;
				CLANG_WARN_DOCUMENTATION_COMMENTS = YES;
				CLANG_WARN_EMPTY_BODY = YES;
				CLANG_WARN_ENUM_CONVERSION = YES;
				CLANG_WARN_INFINITE_RECURSION = YES;
				CLANG_WARN_INT_CONVERSION = YES;
				CLANG_WARN_NON_LITERAL_NULL_CONVERSION = YES;
				CLANG_WARN_OBJC_IMPLICIT_RETAIN_SELF = YES;
				CLANG_WARN_OBJC_LITERAL_CONVERSION = YES;
				CLANG_WARN_OBJC_ROOT_CLASS = YES_ERROR;
				CLANG_WARN_QUOTED_INCLUDE_IN_FRAMEWORK_HEADER = YES;
				CLANG_WARN_RANGE_LOOP_ANALYSIS = YES;
				CLANG_WARN_STRICT_PROTOTYPES = YES;
				CLANG_WARN_SUSPICIOUS_MOVE = YES;
				CLANG_WARN_UNGUARDED_AVAILABILITY = YES_AGGRESSIVE;
				CLANG_WARN_UNREACHABLE_CODE = YES;
				CLANG_WARN__DUPLICATE_METHOD_MATCH = YES;
				COPY_PHASE_STRIP = NO;
				DEBUG_INFORMATION_FORMAT = "dwarf-with-dsym";
				ENABLE_NS_ASSERTIONS = NO;
				ENABLE_STRICT_OBJC_MSGSEND = YES;
				ENABLE_USER_SCRIPT_SANDBOXING = YES;
				GCC_C_LANGUAGE_STANDARD = gnu17;
				GCC_NO_COMMON_BLOCKS = YES;
				GCC_WARN_64_TO_32_BIT_CONVERSION = YES;
				GCC_WARN_ABOUT_RETURN_TYPE = YES_ERROR;
				GCC_WARN_UNDECLARED_SELECTOR = YES;
				GCC_WARN_UNINITIALIZED_AUTOS = YES_AGGRESSIVE;
				GCC_WARN_UNUSED_FUNCTION = YES;
				GCC_WARN_UNUSED_VARIABLE = YES;
				LOCALIZATION_PREFERS_STRING_CATALOGS = YES;
				MACOSX_DEPLOYMENT_TARGET = 15.0;
				MTL_ENABLE_DEBUG_INFO = NO;
				MTL_FAST_MATH = YES;
				SDKROOT = macosx;
				SWIFT_COMPILATION_MODE = wholemodule;
				SWIFT_VERSION = "";
			};
			name = Release;
		};
		B2D0C3182D803AA200C78620 /* Debug */ = {
			isa = XCBuildConfiguration;
			buildSettings = {
				ASSETCATALOG_COMPILER_APPICON_NAME = AppIcon;
				ASSETCATALOG_COMPILER_GLOBAL_ACCENT_COLOR_NAME = AccentColor;
				CODE_SIGN_ENTITLEMENTS = TeleportMenuBar/TeleportMenuBarDebug.entitlements;
				CODE_SIGN_STYLE = Automatic;
				COMBINE_HIDPI_IMAGES = YES;
				CURRENT_PROJECT_VERSION = 1;
				DEVELOPMENT_ASSET_PATHS = "\"TeleportMenuBar/Preview Content\"";
				ENABLE_PREVIEWS = YES;
				GENERATE_INFOPLIST_FILE = YES;
				INFOPLIST_KEY_NSHumanReadableCopyright = "";
				LD_RUNPATH_SEARCH_PATHS = (
					"$(inherited)",
					"@executable_path/../Frameworks",
				);
				MACOSX_DEPLOYMENT_TARGET = 13.5;
				MARKETING_VERSION = 1.0;
				PRODUCT_BUNDLE_IDENTIFIER = com.goteleport.TeleportMenuBar;
				PRODUCT_NAME = "$(TARGET_NAME)";
				SWIFT_EMIT_LOC_STRINGS = YES;
				SWIFT_VERSION = 5.0;
			};
			name = Debug;
		};
		B2D0C3192D803AA200C78620 /* Release */ = {
			isa = XCBuildConfiguration;
			buildSettings = {
				ASSETCATALOG_COMPILER_APPICON_NAME = AppIcon;
				ASSETCATALOG_COMPILER_GLOBAL_ACCENT_COLOR_NAME = AccentColor;
				CODE_SIGN_ENTITLEMENTS = TeleportMenuBar/TeleportMenuBar.entitlements;
				CODE_SIGN_STYLE = Automatic;
				COMBINE_HIDPI_IMAGES = YES;
				CURRENT_PROJECT_VERSION = 1;
				DEVELOPMENT_ASSET_PATHS = "\"TeleportMenuBar/Preview Content\"";
				ENABLE_PREVIEWS = YES;
				GENERATE_INFOPLIST_FILE = YES;
				INFOPLIST_KEY_NSHumanReadableCopyright = "";
				LD_RUNPATH_SEARCH_PATHS = (
					"$(inherited)",
					"@executable_path/../Frameworks",
				);
				MACOSX_DEPLOYMENT_TARGET = 13.5;
				MARKETING_VERSION = 1.0;
				PRODUCT_BUNDLE_IDENTIFIER = com.goteleport.TeleportMenuBar;
				PRODUCT_NAME = "$(TARGET_NAME)";
				SWIFT_EMIT_LOC_STRINGS = YES;
				SWIFT_VERSION = 5.0;
			};
			name = Release;
		};
		B2D0C31B2D803AA200C78620 /* Debug */ = {
			isa = XCBuildConfiguration;
			buildSettings = {
				BUNDLE_LOADER = "$(TEST_HOST)";
				CODE_SIGN_STYLE = Automatic;
				CURRENT_PROJECT_VERSION = 1;
				GENERATE_INFOPLIST_FILE = YES;
				MACOSX_DEPLOYMENT_TARGET = 15.2;
				MARKETING_VERSION = 1.0;
				PRODUCT_BUNDLE_IDENTIFIER = com.goteleport.TeleportMenuBarTests;
				PRODUCT_NAME = "$(TARGET_NAME)";
				SWIFT_EMIT_LOC_STRINGS = NO;
				SWIFT_VERSION = 5.0;
				TEST_HOST = "$(BUILT_PRODUCTS_DIR)/TeleportMenuBar.app/$(BUNDLE_EXECUTABLE_FOLDER_PATH)/TeleportMenuBar";
			};
			name = Debug;
		};
		B2D0C31C2D803AA200C78620 /* Release */ = {
			isa = XCBuildConfiguration;
			buildSettings = {
				BUNDLE_LOADER = "$(TEST_HOST)";
				CODE_SIGN_STYLE = Automatic;
				CURRENT_PROJECT_VERSION = 1;
				GENERATE_INFOPLIST_FILE = YES;
				MACOSX_DEPLOYMENT_TARGET = 15.2;
				MARKETING_VERSION = 1.0;
				PRODUCT_BUNDLE_IDENTIFIER = com.goteleport.TeleportMenuBarTests;
				PRODUCT_NAME = "$(TARGET_NAME)";
				SWIFT_EMIT_LOC_STRINGS = NO;
				SWIFT_VERSION = 5.0;
				TEST_HOST = "$(BUILT_PRODUCTS_DIR)/TeleportMenuBar.app/$(BUNDLE_EXECUTABLE_FOLDER_PATH)/TeleportMenuBar";
			};
			name = Release;
		};
		B2D0C31E2D803AA200C78620 /* Debug */ = {
			isa = XCBuildConfiguration;
			buildSettings = {
				CODE_SIGN_STYLE = Automatic;
				CURRENT_PROJECT_VERSION = 1;
				GENERATE_INFOPLIST_FILE = YES;
				MARKETING_VERSION = 1.0;
				PRODUCT_BUNDLE_IDENTIFIER = com.goteleport.TeleportMenuBarUITests;
				PRODUCT_NAME = "$(TARGET_NAME)";
				SWIFT_EMIT_LOC_STRINGS = NO;
				SWIFT_VERSION = 5.0;
				TEST_TARGET_NAME = TeleportMenuBar;
			};
			name = Debug;
		};
		B2D0C31F2D803AA200C78620 /* Release */ = {
			isa = XCBuildConfiguration;
			buildSettings = {
				CODE_SIGN_STYLE = Automatic;
				CURRENT_PROJECT_VERSION = 1;
				GENERATE_INFOPLIST_FILE = YES;
				MARKETING_VERSION = 1.0;
				PRODUCT_BUNDLE_IDENTIFIER = com.goteleport.TeleportMenuBarUITests;
				PRODUCT_NAME = "$(TARGET_NAME)";
				SWIFT_EMIT_LOC_STRINGS = NO;
				SWIFT_VERSION = 5.0;
				TEST_TARGET_NAME = TeleportMenuBar;
			};
			name = Release;
		};
/* End XCBuildConfiguration section */

/* Begin XCConfigurationList section */
		B2D0C2ED2D803AA100C78620 /* Build configuration list for PBXProject "TeleportMenuBar" */ = {
			isa = XCConfigurationList;
			buildConfigurations = (
				B2D0C3152D803AA200C78620 /* Debug */,
				B2D0C3162D803AA200C78620 /* Release */,
			);
			defaultConfigurationIsVisible = 0;
			defaultConfigurationName = Release;
		};
		B2D0C3172D803AA200C78620 /* Build configuration list for PBXNativeTarget "TeleportMenuBar" */ = {
			isa = XCConfigurationList;
			buildConfigurations = (
				B2D0C3182D803AA200C78620 /* Debug */,
				B2D0C3192D803AA200C78620 /* Release */,
			);
			defaultConfigurationIsVisible = 0;
			defaultConfigurationName = Release;
		};
		B2D0C31A2D803AA200C78620 /* Build configuration list for PBXNativeTarget "TeleportMenuBarTests" */ = {
			isa = XCConfigurationList;
			buildConfigurations = (
				B2D0C31B2D803AA200C78620 /* Debug */,
				B2D0C31C2D803AA200C78620 /* Release */,
			);
			defaultConfigurationIsVisible = 0;
			defaultConfigurationName = Release;
		};
		B2D0C31D2D803AA200C78620 /* Build configuration list for PBXNativeTarget "TeleportMenuBarUITests" */ = {
			isa = XCConfigurationList;
			buildConfigurations = (
				B2D0C31E2D803AA200C78620 /* Debug */,
				B2D0C31F2D803AA200C78620 /* Release */,
			);
			defaultConfigurationIsVisible = 0;
			defaultConfigurationName = Release;
		};
/* End XCConfigurationList section */

/* Begin XCRemoteSwiftPackageReference section */
		B2D0C4D42D80795C00C78620 /* XCRemoteSwiftPackageReference "connect-swift" */ = {
			isa = XCRemoteSwiftPackageReference;
			repositoryURL = "https://github.com/connectrpc/connect-swift";
			requirement = {
				kind = exactVersion;
				version = 1.0.0;
			};
		};
/* End XCRemoteSwiftPackageReference section */

/* Begin XCSwiftPackageProductDependency section */
		B2D0C4D52D80795C00C78620 /* Connect */ = {
			isa = XCSwiftPackageProductDependency;
			package = B2D0C4D42D80795C00C78620 /* XCRemoteSwiftPackageReference "connect-swift" */;
			productName = Connect;
		};
		B2D0C4D72D80795C00C78620 /* ConnectNIO */ = {
			isa = XCSwiftPackageProductDependency;
			package = B2D0C4D42D80795C00C78620 /* XCRemoteSwiftPackageReference "connect-swift" */;
			productName = ConnectNIO;
		};
/* End XCSwiftPackageProductDependency section */
	};
	rootObject = B2D0C2EA2D803AA100C78620 /* Project object */;
}
