github.com/alecthomas/units v0.0.0-20211218093645-b94a6e3cc137 h1:s6gZFSlWYmbqAuRjVTiNNhvNRfY2Wxp9nhfyel4rklc=
github.com/alecthomas/units v0.0.0-20211218093645-b94a6e3cc137/go.mod h1:OMCwj8VM1Kc9e19TLln2VL61YJF0x1XFtfdL4JdbSyE=
github.com/aws/aws-sdk-go-v2 v1.33.0 h1:Evgm4DI9imD81V0WwD+TN4DCwjUMdc94TrduMLbgZJs=
github.com/aws/aws-sdk-go-v2 v1.33.0/go.mod h1:P5WJBrYqqbWVaOxgH0X/FYYD47/nooaPOZPlQdmiN2U=
github.com/aws/aws-sdk-go-v2/config v1.29.1 h1:JZhGawAyZ/EuJeBtbQYnaoftczcb2drR2Iq36Wgz4sQ=
github.com/aws/aws-sdk-go-v2/config v1.29.1/go.mod h1:7bR2YD5euaxBhzt2y/oDkt3uNRb6tjFp98GlTFueRwk=
github.com/aws/aws-sdk-go-v2/credentials v1.17.54 h1:4UmqeOqJPvdvASZWrKlhzpRahAulBfyTJQUaYy4+hEI=
github.com/aws/aws-sdk-go-v2/credentials v1.17.54/go.mod h1:RTdfo0P0hbbTxIhmQrOsC/PquBZGabEPnCaxxKRPSnI=
github.com/aws/aws-sdk-go-v2/feature/ec2/imds v1.16.24 h1:5grmdTdMsovn9kPZPI23Hhvp0ZyNm5cRO+IZFIYiAfw=
github.com/aws/aws-sdk-go-v2/feature/ec2/imds v1.16.24/go.mod h1:zqi7TVKTswH3Ozq28PkmBmgzG1tona7mo9G2IJg4Cis=
github.com/aws/aws-sdk-go-v2/internal/configsources v1.3.28 h1:igORFSiH3bfq4lxKFkTSYDhJEUCYo6C8VKiWJjYwQuQ=
github.com/aws/aws-sdk-go-v2/internal/configsources v1.3.28/go.mod h1:3So8EA/aAYm36L7XIvCVwLa0s5N0P7o2b1oqnx/2R4g=
github.com/aws/aws-sdk-go-v2/internal/endpoints/v2 v2.6.28 h1:1mOW9zAUMhTSrMDssEHS/ajx8JcAj/IcftzcmNlmVLI=
github.com/aws/aws-sdk-go-v2/internal/endpoints/v2 v2.6.28/go.mod h1:kGlXVIWDfvt2Ox5zEaNglmq0hXPHgQFNMix33Tw22jA=
github.com/aws/aws-sdk-go-v2/internal/ini v1.8.1 h1:VaRN3TlFdd6KxX1x3ILT5ynH6HvKgqdiXoTxAF4HQcQ=
github.com/aws/aws-sdk-go-v2/internal/ini v1.8.1/go.mod h1:FbtygfRFze9usAadmnGJNc8KsP346kEe+y2/oyhGAGc=
github.com/aws/aws-sdk-go-v2/service/ec2 v1.200.0 h1:3hH6o7Z2WeE1twvz44Aitn6Qz8DZN3Dh5IB4Eh2xq7s=
github.com/aws/aws-sdk-go-v2/service/ec2 v1.200.0/go.mod h1:I76S7jN0nfsYTBtuTgTsJtK2Q8yJVDgrLr5eLN64wMA=
github.com/aws/aws-sdk-go-v2/service/internal/accept-encoding v1.12.1 h1:iXtILhvDxB6kPvEXgsDhGaZCSC6LQET5ZHSdJozeI0Y=
github.com/aws/aws-sdk-go-v2/service/internal/accept-encoding v1.12.1/go.mod h1:9nu0fVANtYiAePIBh2/pFUSwtJ402hLnp854CNoDOeE=
github.com/aws/aws-sdk-go-v2/service/internal/presigned-url v1.12.9 h1:TQmKDyETFGiXVhZfQ/I0cCFziqqX58pi4tKJGYGFSz0=
github.com/aws/aws-sdk-go-v2/service/internal/presigned-url v1.12.9/go.mod h1:HVLPK2iHQBUx7HfZeOQSEu3v2ubZaAY2YPbAm5/WUyY=
github.com/aws/aws-sdk-go-v2/service/sso v1.24.11 h1:kuIyu4fTT38Kj7YCC7ouNbVZSSpqkZ+LzIfhCr6Dg+I=
github.com/aws/aws-sdk-go-v2/service/sso v1.24.11/go.mod h1:Ro744S4fKiCCuZECXgOi760TiYylUM8ZBf6OGiZzJtY=
github.com/aws/aws-sdk-go-v2/service/ssooidc v1.28.10 h1:l+dgv/64iVlQ3WsBbnn+JSbkj01jIi+SM0wYsj3y/hY=
github.com/aws/aws-sdk-go-v2/service/ssooidc v1.28.10/go.mod h1:Fzsj6lZEb8AkTE5S68OhcbBqeWPsR8RnGuKPr8Todl8=
github.com/aws/aws-sdk-go-v2/service/sts v1.33.9 h1:BRVDbewN6VZcwr+FBOszDKvYeXY1kJ+GGMCcpghlw0U=
github.com/aws/aws-sdk-go-v2/service/sts v1.33.9/go.mod h1:f6vjfZER1M17Fokn0IzssOTMT2N8ZSq+7jnNF0tArvw=
github.com/aws/smithy-go v1.22.1 h1:/HPHZQ0g7f4eUeK6HKglFz8uwVfZKgoI25rb/J+dnro=
github.com/aws/smithy-go v1.22.1/go.mod h1:irrKGvNn1InZwb2d7fkIRNucdfwR8R+Ts3wxYa/cJHg=
github.com/davecgh/go-spew v1.1.0/go.mod h1:J7Y8YcW2NihsgmVo/mv3lAwl/skON4iLHjSsI+c5H38=
github.com/davecgh/go-spew v1.1.1 h1:vj9j/u1bqnvCEfJOwUhtlOARqs3+rkHYY13jYWTU97c=
github.com/davecgh/go-spew v1.1.1/go.mod h1:J7Y8YcW2NihsgmVo/mv3lAwl/skON4iLHjSsI+c5H38=
github.com/gravitational/kingpin/v2 v2.1.11-0.20230515143221-4ec6b70ecd33 h1:VFER/+0TfRypJhc9XeuggTtEZzhhe75DSVqMv/avHEU=
github.com/gravitational/kingpin/v2 v2.1.11-0.20230515143221-4ec6b70ecd33/go.mod h1:0gyi0zQnjuFk8xrkNKamJoyUo382HRL7ATRpFZCw6tE=
github.com/pmezard/go-difflib v1.0.0 h1:4DBwDE0NGyQoBHbLQYPwSUPoCMWR5BEzIk/f1lZbAQM=
github.com/pmezard/go-difflib v1.0.0/go.mod h1:iKH77koFhYxTK1pcRnkKkqfTogsbg7gZNVY4sRDYZ/4=
github.com/stretchr/objx v0.1.0/go.mod h1:HFkY916IF+rwdDfMAkV7OtwuqBVzrE8GR6GFx+wExME=
github.com/stretchr/testify v1.4.0/go.mod h1:j7eGeouHqKxXV5pUuKE4zz7dFj8WfuZ+81PSLYec5m4=
github.com/stretchr/testify v1.8.2 h1:+h33VjcLVPDHtOdpUCuF+7gSuG3yGIftsP1YvFihtJ8=
github.com/stretchr/testify v1.8.2/go.mod h1:w2LPCIKwWwSfY2zedu0+kehJoqGctiVI29o6fzry7u4=
github.com/xhit/go-str2duration/v2 v2.1.0 h1:lxklc02Drh6ynqX+DdPyp5pCKLUQpRT8bp8Ydu2Bstc=
github.com/xhit/go-str2duration/v2 v2.1.0/go.mod h1:ohY8p+0f07DiV6Em5LKB0s2YpLtXVyJfNt1+BlmyAsU=
gopkg.in/check.v1 v0.0.0-20161208181325-20d25e280405/go.mod h1:Co6ibVJAznAaIkqp8huTwlJQCZ016jof/cbN4VW5Yz0=
gopkg.in/yaml.v2 v2.2.2/go.mod h1:hI93XBmqTisBFMUTm0b8Fm+jr3Dg1NNxqwp+5A1VGuI=
gopkg.in/yaml.v3 v3.0.1 h1:fxVm/GzAzEWqLHuvctI91KS9hhNmmWOoWu0XTYJS7CA=
gopkg.in/yaml.v3 v3.0.1/go.mod h1:K4uyk7z7BCEPqu6E+C64Yfv1cQ7kz7rIZviUmN+EgEM=
