# Generated by buf. DO NOT EDIT.
version: v1
deps:
  - remote: buf.build
    owner: gogo
    repository: protobuf
    commit: 4df00b267f944190a229ce3695781e99
    digest: shake256:de60e0534d11dfd7a1817909618e847e15d4ab6f5cc6d71154a9735af651c7bda2232b33f3fb6a4daf23f64a3fe80270e99d42d77c551bb9a69ab5dc48ec2e04
  - remote: buf.build
    owner: googleapis
    repository: googleapis
    commit: d1263fe26f8e430a967dc22a4d0cad18
    digest: shake256:203d3ce0c9ee172ecdf2bab909c2df02159f8d44823124545b39ef3a61e5b1aebe80e12a467d9684d804582e472ae34a729d71e08a09b830d69cc18608cd6745
